{
    "version": 3,
    "terraform_version": "0.11.8",
    "serial": 16,
    "lineage": "9bb09a06-7ee7-3279-3b1e-7ceda18ff006",
    "modules": [
        {
            "path": [
                "root"
            ],
            "outputs": {
                "address": {
                    "sensitive": false,
                    "type": "string",
                    "value": "35.241.130.246"
                },
                "gcp_cluster_endpoint": {
                    "sensitive": false,
                    "type": "string",
                    "value": "35.205.84.81"
                },
                "gcp_cluster_name": {
                    "sensitive": false,
                    "type": "string",
                    "value": "kafka-labo"
                },
                "gcp_ssh_command": {
                    "sensitive": false,
                    "type": "string",
                    "value": "ssh admin@35.205.84.81"
                },
                "region": {
                    "sensitive": false,
                    "type": "string",
                    "value": "europe-west1"
                },
                "zone": {
                    "sensitive": false,
                    "type": "string",
                    "value": "europe-west1-b"
                }
            },
            "resources": {
                "data.google_container_engine_versions.kube_version": {
                    "type": "google_container_engine_versions",
                    "depends_on": [],
                    "primary": {
                        "id": "2018-10-01 08:27:38.006235 +0000 UTC",
                        "attributes": {
                            "default_cluster_version": "1.9.7-gke.6",
                            "id": "2018-10-01 08:27:38.006235 +0000 UTC",
                            "latest_master_version": "1.10.7-gke.2",
                            "latest_node_version": "1.10.7-gke.2",
                            "valid_master_versions.#": "4",
                            "valid_master_versions.0": "1.10.7-gke.2",
                            "valid_master_versions.1": "1.10.6-gke.4",
                            "valid_master_versions.2": "1.10.6-gke.2",
                            "valid_master_versions.3": "1.9.7-gke.6",
                            "valid_node_versions.#": "36",
                            "valid_node_versions.0": "1.10.7-gke.2",
                            "valid_node_versions.1": "1.10.7-gke.1",
                            "valid_node_versions.10": "1.10.4-gke.3",
                            "valid_node_versions.11": "1.10.4-gke.2",
                            "valid_node_versions.12": "1.10.4-gke.0",
                            "valid_node_versions.13": "1.10.2-gke.4",
                            "valid_node_versions.14": "1.10.2-gke.3",
                            "valid_node_versions.15": "1.10.2-gke.1",
                            "valid_node_versions.16": "1.9.7-gke.6",
                            "valid_node_versions.17": "1.9.7-gke.5",
                            "valid_node_versions.18": "1.9.7-gke.4",
                            "valid_node_versions.19": "1.9.7-gke.3",
                            "valid_node_versions.2": "1.10.6-gke.4",
                            "valid_node_versions.20": "1.9.7-gke.1",
                            "valid_node_versions.21": "1.9.7-gke.0",
                            "valid_node_versions.22": "1.9.6-gke.2",
                            "valid_node_versions.23": "1.9.6-gke.1",
                            "valid_node_versions.24": "1.9.3-gke.0",
                            "valid_node_versions.25": "1.8.12-gke.3",
                            "valid_node_versions.26": "1.8.12-gke.2",
                            "valid_node_versions.27": "1.8.12-gke.1",
                            "valid_node_versions.28": "1.8.12-gke.0",
                            "valid_node_versions.29": "1.8.10-gke.2",
                            "valid_node_versions.3": "1.10.6-gke.3",
                            "valid_node_versions.30": "1.8.10-gke.0",
                            "valid_node_versions.31": "1.8.9-gke.1",
                            "valid_node_versions.32": "1.8.8-gke.0",
                            "valid_node_versions.33": "1.7.15-gke.0",
                            "valid_node_versions.34": "1.7.12-gke.2",
                            "valid_node_versions.35": "1.6.13-gke.1",
                            "valid_node_versions.4": "1.10.6-gke.2",
                            "valid_node_versions.5": "1.10.6-gke.1",
                            "valid_node_versions.6": "1.10.5-gke.4",
                            "valid_node_versions.7": "1.10.5-gke.3",
                            "valid_node_versions.8": "1.10.5-gke.2",
                            "valid_node_versions.9": "1.10.5-gke.0",
                            "zone": "europe-west1-b"
                        },
                        "meta": {},
                        "tainted": false
                    },
                    "deposed": [],
                    "provider": "provider.google"
                },
                "google_compute_address.vault": {
                    "type": "google_compute_address",
                    "depends_on": [
                        "google_project_service.service"
                    ],
                    "primary": {
                        "id": "kube-kafka-labo/europe-west1/vault-lb",
                        "attributes": {
                            "address": "35.241.130.246",
                            "address_type": "EXTERNAL",
                            "creation_timestamp": "2018-09-30T12:48:41.971-07:00",
                            "description": "",
                            "id": "kube-kafka-labo/europe-west1/vault-lb",
                            "label_fingerprint": "42WmSpB8rSM=",
                            "labels.%": "0",
                            "name": "vault-lb",
                            "network_tier": "PREMIUM",
                            "project": "kube-kafka-labo",
                            "region": "europe-west1",
                            "self_link": "https://www.googleapis.com/compute/v1/projects/kube-kafka-labo/regions/europe-west1/addresses/vault-lb",
                            "subnetwork": "",
                            "users.#": "0"
                        },
                        "meta": {
                            "e2bfb730-ecaa-11e6-8f88-34363bc7c4c0": {
                                "create": 240000000000,
                                "delete": 240000000000,
                                "update": 240000000000
                            }
                        },
                        "tainted": false
                    },
                    "deposed": [],
                    "provider": "provider.google"
                },
                "google_container_cluster.gcp_kubernetes": {
                    "type": "google_container_cluster",
                    "depends_on": [
                        "data.google_container_engine_versions.kube_version"
                    ],
                    "primary": {
                        "id": "kafka-labo",
                        "attributes": {
                            "additional_zones.#": "0",
                            "addons_config.#": "1",
                            "addons_config.0.horizontal_pod_autoscaling.#": "0",
                            "addons_config.0.http_load_balancing.#": "1",
                            "addons_config.0.http_load_balancing.0.disabled": "true",
                            "addons_config.0.kubernetes_dashboard.#": "1",
                            "addons_config.0.kubernetes_dashboard.0.disabled": "false",
                            "addons_config.0.network_policy_config.#": "1",
                            "addons_config.0.network_policy_config.0.disabled": "true",
                            "cluster_ipv4_cidr": "10.40.0.0/14",
                            "description": "",
                            "enable_binary_authorization": "false",
                            "enable_kubernetes_alpha": "false",
                            "enable_legacy_abac": "false",
                            "endpoint": "35.205.84.81",
                            "id": "kafka-labo",
                            "initial_node_count": "3",
                            "instance_group_urls.#": "1",
                            "instance_group_urls.0": "https://www.googleapis.com/compute/v1/projects/kube-kafka-labo/zones/europe-west1-b/instanceGroups/gke-kafka-labo-default-pool-634f9930-grp",
                            "ip_allocation_policy.#": "0",
                            "logging_service": "logging.googleapis.com",
                            "maintenance_policy.#": "0",
                            "master_auth.#": "1",
                            "master_auth.0.client_certificate": "LS0tLS1CRUdJTiBDRVJUSUZJQ0FURS0tLS0tCk1JSUMyakNDQWNLZ0F3SUJBZ0lRU3poRUNlTzFpdDZYNnY5cXpUZ3dlVEFOQmdrcWhraUc5dzBCQVFzRkFEQXYKTVMwd0t3WURWUVFERXlRMVlXUmhOV1V5TUMxa1lqa3hMVFExWm1JdE9XSTFZaTB3TTJWaE56a3pOV0ZpWlRBdwpIaGNOTVRnd09URTVNVE15TXpNNFdoY05Nak13T1RFNE1UTXlNek00V2pBUk1ROHdEUVlEVlFRREV3WmpiR2xsCmJuUXdnZ0VpTUEwR0NTcUdTSWIzRFFFQkFRVUFBNElCRHdBd2dnRUtBb0lCQVFEamhBWEVKaU1vUnh6K3UxL1kKVy8zMUV6MVB6UmZJVUNzMXNCTnd0VnBMWUhPT3NOM3A0UG5iYndUUE8xOWYyMWlBWW9RTHpHUGd5eTVORnExTAoxRzdEaERQaGZXQjdDQ0cyK0o3WkJYb25LaW5Sb0pPbEM0ODVYOGNtR200TVQycHJQNEM0Z3BLUGVaWWZGRlloCjZyejBhQlVwbVdNaGh5YXBvUlN6N0VKREZBSlM4ZmswYW5yTFpoWFJIUElhQ2FKUkUvOG9HRE1JK3JPZTdxZmoKeklKMisyT0ZKWHNsRWsySFBMWjczZ21UcW8zbHoyMzBubzI0QjNXcEY0WjVOeXdoMmxGQ3dDa2dMMUhxME01RApXcnVxemQ3aXl4SGZSNGR3WDgwaFBJdGdDT1dmMko5ZUxSMGpGekpJaUt0VzR3VUlIUTZzNTRyUmFKQ29aZDJyCkFvYVpBZ01CQUFHakVEQU9NQXdHQTFVZEV3RUIvd1FDTUFBd0RRWUpLb1pJaHZjTkFRRUxCUUFEZ2dFQkFLckwKUVk4UjNnVzVGU0V3anJSVlF6UDNkY3RUZXBCR1N2ZjBPc0RISWdGSTkxTmlDY1NoKzVpdTIvM2Y4TXZtUDlUcwoxUG9aa3U1SHZXTHVqamhpdThTakd0TktUSjJpanlFZWFUT3RIcmllQUwxVVQ3eVlhUXFvNkFhR2c1UExSSURZCjhFdW1XNUtMQzQySTVCRjErQVVDVE8wZ3hjTjFjTk4rSmZxUlVHSlJTVnpUVzMzSHBCbjA3YTJ1cVZ6bU9sVHEKZEhLMG43V0doZzdYbEp0bUR6Vk95YkZidHJlV2ltQXdOY0lQQzhVdWhlZlJFNjdYV3U3K3E5cFQyMmZudGptMgphUWRqVXpmUWJFQ0QwOVYxYUpZMUgyVEVhWHdHdlROcDRMbnYrZk9qK1FBNzh3cUI2YzZiMnpwR2ZMVnhoSWt2CjVwRzkzc0NvdUxaQlNMb0l4ak09Ci0tLS0tRU5EIENFUlRJRklDQVRFLS0tLS0K",
                            "master_auth.0.client_certificate_config.#": "0",
                            "master_auth.0.client_key": "LS0tLS1CRUdJTiBSU0EgUFJJVkFURSBLRVktLS0tLQpNSUlFcEFJQkFBS0NBUUVBNDRRRnhDWWpLRWNjL3J0ZjJGdjk5Uk05VDgwWHlGQXJOYkFUY0xWYVMyQnpqckRkCjZlRDUyMjhFenp0Zlg5dFlnR0tFQzh4ajRNc3VUUmF0UzlSdXc0UXo0WDFnZXdnaHR2aWUyUVY2SnlvcDBhQ1QKcFF1UE9WL0hKaHB1REU5cWF6K0F1SUtTajNtV0h4UldJZXE4OUdnVktabGpJWWNtcWFFVXMreENReFFDVXZINQpOR3A2eTJZVjBSenlHZ21pVVJQL0tCZ3pDUHF6bnU2bjQ4eUNkdnRqaFNWN0pSSk5oenkyZTk0Sms2cU41Yzl0CjlKNk51QWQxcVJlR2VUY3NJZHBSUXNBcElDOVI2dERPUTFxN3FzM2U0c3NSMzBlSGNGL05JVHlMWUFqbG45aWYKWGkwZEl4Y3lTSWlyVnVNRkNCME9yT2VLMFdpUXFHWGRxd0tHbVFJREFRQUJBb0lCQUJkSU10amNPRHZPYnlxbwpIUXBFZTZ3QklJU1NqY3o3V3ppZXdKYUhrR3BuUDl3SndHUEhHSHA2bFdqcGYveU1zelZNSDR3ZmlkYitvOG5TCnVNQXFTSDFzZ1d5aFNtYThzY3FLRGFOU3VxbllXRGd4OFBueVFXRlRLa3Q5WithTmwrdktyMDd5V2JJaDlKbFEKbVBIV2xpaUNvQ3ZHSFExWXliMlJGTS9HclE4MUF3dnhvTHJxUG8zcWRLRmtqRHRrTTRzOCtJaFVHZlN0b0tLQgo0a1c0cEpzWWRvUGdQSUFCaWVSRHFSalBxVHlPZWdkQXZpT3M0RHQ3d3huamNqd1hreURUMFM2aytUMFErckprCmRFOXR6ZEgrSmw0Q3RiZHlKN090QnpicG4vZjV3Yzk4R2Y0bUJVaHhaSDhPNjJZM2xYS1NpT0Q5MnRLZUl6SmUKdzN0amh3TUNnWUVBK3JBd1AzR3Q0MEVCWHJXYlBiV0dKNElMVjhlVGZJMVNxRWdXNDRGTC9BT1Z2NVdHSTVIOApzc1hrTU16YnMrZnhIbzBiak9STG44QjNLT1dWRGl4QnFmSkhBUS9BYjRDVnRvRnk3enpoL1FFdys2RFAreHpDCmt5aUhOdG1pbjhpTW5LY1MvL0RONTFseWo3Sy9zV0tOTjVybWFxU0ZHRDRSay9pYmdqSGx5bzhDZ1lFQTZGWWoKbDMvdjBlRlpRdzB2ZFYrRC8xenY5eUEyY3hSdnRhMGhOK09WYVc1V0xUQjNpSlA2M25Ydlp1c0xNRSt2QjZUSgp2SmYzb0RkWll1WE9LUDg2cXV0RTFOa2QvL2tIVFpwZnFGUlJwYS9SSVovaGZHZmRyZUVGYkpSQnNMN3lWd0tDCldIbWt4L01JcXJ5WERKTzk1QmhETTRBOFNHQ21KTVJVRmxhQ1VGY0NnWUVBN0pEWlp2V0s1NXFQaFdXUmN1RmIKRU90YWN1S0dIcEpxZngxUVpDNittcnB6VlJEd1BaN2xQWHNiaEtXOWFuK2xmWFFobklwUGh4aWtHamJVdTBRdQpUd2F2MUtPZHNGdENiTENwMm5PMHV3R2x6TDhMcFdlVmdqTkxyZ29ndWZJU0p6NU80ckhHVE55UERHWGRHYkxyCm1wNlZjK3QvSWNwbzRoOUgrTXZIa3FjQ2dZRUFsSjFzL042d1I3OXUrbzMzbW91emdtZ3ZjeE5lNFBQa2xRQ2UKckFKZXMyY0pwclJHOGMwK2ZvaFB6N1J2bnNLSndranRaajZLL2lnSmZGSmxNaUk0bzlZRVhHWlpZMEFuSk1PbgpocVFRNmZ2eHVTRnMrY2Z5cStPeE5ZZ01FUVBEUGxiemk2YWIrZTZDejd2OG51WHVaSFlFbm0vYm42eDYraSsvClhkNk9VdGNDZ1lCSzErZE9vVWx1Nzk2UWNrWkVuNlg1RUdzUVBVeVcvR1g1dzVyRzNndVI1YzVpc2p3dWFWdmIKeVQvRnExd3F1RlVraWh6WVFLVE0zWnhhblhLWlF6V1VrWHFnTFg2Zkc4V0cwblFqdDJEaXE4eVppYWh0SWNOUQphbS9ucExvWXUyVWFRb3JRdVVPSmZsUU9oZUZTUkdHYmprNzBhZElXdGMxYkUyalpxbktkUXc9PQotLS0tLUVORCBSU0EgUFJJVkFURSBLRVktLS0tLQo=",
                            "master_auth.0.cluster_ca_certificate": "LS0tLS1CRUdJTiBDRVJUSUZJQ0FURS0tLS0tCk1JSURDekNDQWZPZ0F3SUJBZ0lRQm9nTXdFdWcvc3FRWnhINXVUOWc3ekFOQmdrcWhraUc5dzBCQVFzRkFEQXYKTVMwd0t3WURWUVFERXlRMVlXUmhOV1V5TUMxa1lqa3hMVFExWm1JdE9XSTFZaTB3TTJWaE56a3pOV0ZpWlRBdwpIaGNOTVRnd09URTVNVEl5TXpNNFdoY05Nak13T1RFNE1UTXlNek00V2pBdk1TMHdLd1lEVlFRREV5UTFZV1JoCk5XVXlNQzFrWWpreExUUTFabUl0T1dJMVlpMHdNMlZoTnprek5XRmlaVEF3Z2dFaU1BMEdDU3FHU0liM0RRRUIKQVFVQUE0SUJEd0F3Z2dFS0FvSUJBUURyZmxGY0Z3YUNwZVYvd2ZhR3JMZ1E1VG9IQWJSWWNhNzVQTTB2ZkdXdApaanB4NlhaK3ZsZEl1dGdPMzVoU3RLN3ZwMys0UHRTY1NPNDM1VlVrSmEwSU1URjlhYUJmeEE2YW5YSktKZEw5Ckl4TWZZbFRrbWthRWd5UHkzV1NuVjVFbHhjenlsMHlwcDFYWVlJUVJGV3NJTzk5TnZrcXVIOSs4M0hJUS9FWU8KVXhmYXJvek1WcTg0ZTRnWVU3Q0lKbTR2U00yVTVUVDlOMWtTNEVpSnlkTkhKbmZwSk9kQlpETmlmeVFNQUJyeApRYzd6YzNacFE0ODkrak9GYStKMXZBZVBEdjBTbTM3WGdmeWthN3dEZFNvcGVxMzhUNWJRRm9ZWEJrNFJ4bCs2CnhCYS9sZHZBMXBJcHdDNXg5bmJPWERqWmRhaWUrTExobjUyYmJXeXFIM3BkQWdNQkFBR2pJekFoTUE0R0ExVWQKRHdFQi93UUVBd0lDQkRBUEJnTlZIUk1CQWY4RUJUQURBUUgvTUEwR0NTcUdTSWIzRFFFQkN3VUFBNElCQVFBQQpkWldBQm1zOHhQdTdXMmpGQ3BuOUh1YXVDVHlOMXMraEZFRVNaN0pYdG5IOWJCL1RJV0ZjQ2wrU21yOHJxcWlzCmdJcGxmbS9Zd0NtQk4rMGxkZmw1TEZFL0JnNmtxTTdzNGVFL2ZCa0NyQnVkYWJLUG5Yb1IzbmRJTjlib2Y3MTgKTGRLZUFaaUNGeEh6VWZtaVk5aGRQSWc3VzNzTFVqcHF3TmRSTXExd1BMT1BGaDNJQ0dPQ3FwcHdDNHpGZ1c3awptNCtuVEV0Ync1S2dJeitMeGZtYStxVFd4Yjk0ekI4M1Bld1h0REswTGJQbzBtNXQxQkJKYjhqWkxOVWhvWGczClgvcThCS04yWjdOSDRZWlVXdmxicVhDWkVyRUwxOVYvekpiaGFya1FRdWtTNFJWWE54bVdCNnBvcWpLSkYxYUEKNUVHWFdZQm9ubXhlQ1FtekxaRm8KLS0tLS1FTkQgQ0VSVElGSUNBVEUtLS0tLQo=",
                            "master_auth.0.password": "passwordpassword}",
                            "master_auth.0.username": "admin",
                            "master_authorized_networks_config.#": "0",
                            "master_ipv4_cidr_block": "",
                            "master_version": "1.10.7-gke.1",
                            "monitoring_service": "monitoring.googleapis.com",
                            "name": "kafka-labo",
                            "network": "projects/kube-kafka-labo/global/networks/default",
                            "network_policy.#": "1",
                            "network_policy.0.enabled": "false",
                            "network_policy.0.provider": "PROVIDER_UNSPECIFIED",
                            "node_config.#": "1",
                            "node_config.0.disk_size_gb": "10",
                            "node_config.0.disk_type": "pd-standard",
                            "node_config.0.guest_accelerator.#": "0",
                            "node_config.0.image_type": "COS",
                            "node_config.0.labels.%": "1",
                            "node_config.0.labels.this-is-for": "kafka-cluster",
                            "node_config.0.local_ssd_count": "2",
                            "node_config.0.machine_type": "n1-standard-1",
                            "node_config.0.metadata.%": "0",
                            "node_config.0.min_cpu_platform": "",
                            "node_config.0.oauth_scopes.#": "4",
                            "node_config.0.oauth_scopes.1277378754": "https://www.googleapis.com/auth/monitoring",
                            "node_config.0.oauth_scopes.1632638332": "https://www.googleapis.com/auth/devstorage.read_only",
                            "node_config.0.oauth_scopes.172152165": "https://www.googleapis.com/auth/logging.write",
                            "node_config.0.oauth_scopes.299962681": "https://www.googleapis.com/auth/compute",
                            "node_config.0.preemptible": "false",
                            "node_config.0.service_account": "default",
                            "node_config.0.tags.#": "2",
                            "node_config.0.tags.0": "kafka",
                            "node_config.0.tags.1": "labo",
                            "node_config.0.taint.#": "0",
                            "node_config.0.workload_metadata_config.#": "0",
                            "node_pool.#": "1",
                            "node_pool.0.autoscaling.#": "0",
                            "node_pool.0.initial_node_count": "3",
                            "node_pool.0.instance_group_urls.#": "1",
                            "node_pool.0.instance_group_urls.0": "https://www.googleapis.com/compute/v1/projects/kube-kafka-labo/zones/europe-west1-b/instanceGroupManagers/gke-kafka-labo-default-pool-634f9930-grp",
                            "node_pool.0.management.#": "1",
                            "node_pool.0.management.0.auto_repair": "false",
                            "node_pool.0.management.0.auto_upgrade": "false",
                            "node_pool.0.max_pods_per_node": "0",
                            "node_pool.0.name": "default-pool",
                            "node_pool.0.name_prefix": "",
                            "node_pool.0.node_config.#": "1",
                            "node_pool.0.node_config.0.disk_size_gb": "10",
                            "node_pool.0.node_config.0.disk_type": "pd-standard",
                            "node_pool.0.node_config.0.guest_accelerator.#": "0",
                            "node_pool.0.node_config.0.image_type": "COS",
                            "node_pool.0.node_config.0.labels.%": "1",
                            "node_pool.0.node_config.0.labels.this-is-for": "kafka-cluster",
                            "node_pool.0.node_config.0.local_ssd_count": "2",
                            "node_pool.0.node_config.0.machine_type": "n1-standard-1",
                            "node_pool.0.node_config.0.metadata.%": "0",
                            "node_pool.0.node_config.0.min_cpu_platform": "",
                            "node_pool.0.node_config.0.oauth_scopes.#": "4",
                            "node_pool.0.node_config.0.oauth_scopes.1277378754": "https://www.googleapis.com/auth/monitoring",
                            "node_pool.0.node_config.0.oauth_scopes.1632638332": "https://www.googleapis.com/auth/devstorage.read_only",
                            "node_pool.0.node_config.0.oauth_scopes.172152165": "https://www.googleapis.com/auth/logging.write",
                            "node_pool.0.node_config.0.oauth_scopes.299962681": "https://www.googleapis.com/auth/compute",
                            "node_pool.0.node_config.0.preemptible": "false",
                            "node_pool.0.node_config.0.service_account": "default",
                            "node_pool.0.node_config.0.tags.#": "2",
                            "node_pool.0.node_config.0.tags.0": "kafka",
                            "node_pool.0.node_config.0.tags.1": "labo",
                            "node_pool.0.node_config.0.taint.#": "0",
                            "node_pool.0.node_config.0.workload_metadata_config.#": "0",
                            "node_pool.0.node_count": "3",
                            "node_pool.0.version": "1.10.7-gke.1",
                            "node_version": "1.10.7-gke.1",
                            "pod_security_policy_config.#": "0",
                            "private_cluster": "false",
                            "project": "kube-kafka-labo",
                            "resource_labels.%": "0",
                            "subnetwork": "projects/kube-kafka-labo/regions/europe-west1/subnetworks/default",
                            "zone": "europe-west1-b"
                        },
                        "meta": {
                            "e2bfb730-ecaa-11e6-8f88-34363bc7c4c0": {
                                "create": 1800000000000,
                                "delete": 1800000000000,
                                "update": 600000000000
                            },
                            "schema_version": "1"
                        },
                        "tainted": false
                    },
                    "deposed": [],
                    "provider": "provider.google"
                },
                "google_kms_crypto_key.vault-init": {
                    "type": "google_kms_crypto_key",
                    "depends_on": [
                        "google_kms_key_ring.vault"
                    ],
                    "primary": {
                        "id": "projects/kube-kafka-labo/locations/europe-west1/keyRings/vault/cryptoKeys/vault-init",
                        "attributes": {
                            "id": "projects/kube-kafka-labo/locations/europe-west1/keyRings/vault/cryptoKeys/vault-init",
                            "key_ring": "kube-kafka-labo/europe-west1/vault",
                            "name": "vault-init",
                            "rotation_period": "604800s",
                            "self_link": "projects/kube-kafka-labo/locations/europe-west1/keyRings/vault/cryptoKeys/vault-init"
                        },
                        "meta": {},
                        "tainted": false
                    },
                    "deposed": [],
                    "provider": "provider.google"
                },
                "google_kms_crypto_key_iam_member.vault-init": {
                    "type": "google_kms_crypto_key_iam_member",
                    "depends_on": [
                        "google_kms_crypto_key.vault-init",
                        "google_service_account.vault-server"
                    ],
                    "primary": {
                        "id": "projects/kube-kafka-labo/locations/europe-west1/keyRings/vault/cryptoKeys/vault-init/roles/cloudkms.cryptoKeyEncrypterDecrypter/serviceAccount:vault-server@kube-kafka-labo.iam.gserviceaccount.com",
                        "attributes": {
                            "crypto_key_id": "projects/kube-kafka-labo/locations/europe-west1/keyRings/vault/cryptoKeys/vault-init",
                            "etag": "BwV3HA3KXeo=",
                            "id": "projects/kube-kafka-labo/locations/europe-west1/keyRings/vault/cryptoKeys/vault-init/roles/cloudkms.cryptoKeyEncrypterDecrypter/serviceAccount:vault-server@kube-kafka-labo.iam.gserviceaccount.com",
                            "member": "serviceAccount:vault-server@kube-kafka-labo.iam.gserviceaccount.com",
                            "role": "roles/cloudkms.cryptoKeyEncrypterDecrypter"
                        },
                        "meta": {},
                        "tainted": false
                    },
                    "deposed": [],
                    "provider": "provider.google"
                },
                "google_kms_key_ring.vault": {
                    "type": "google_kms_key_ring",
                    "depends_on": [
                        "google_project_service.service"
                    ],
                    "primary": {
                        "id": "projects/kube-kafka-labo/locations/europe-west1/keyRings/vault",
                        "attributes": {
                            "id": "projects/kube-kafka-labo/locations/europe-west1/keyRings/vault",
                            "location": "europe-west1",
                            "name": "vault",
                            "project": "kube-kafka-labo",
                            "self_link": "projects/kube-kafka-labo/locations/europe-west1/keyRings/vault"
                        },
                        "meta": {},
                        "tainted": false
                    },
                    "deposed": [],
                    "provider": "provider.google"
                },
                "google_project_iam_member.service-account.0": {
                    "type": "google_project_iam_member",
                    "depends_on": [
                        "google_service_account.vault-server"
                    ],
                    "primary": {
                        "id": "kube-kafka-labo/roles/resourcemanager.projectIamAdmin/serviceAccount:vault-server@kube-kafka-labo.iam.gserviceaccount.com",
                        "attributes": {
                            "etag": "BwV3Jo+JQ0I=",
                            "id": "kube-kafka-labo/roles/resourcemanager.projectIamAdmin/serviceAccount:vault-server@kube-kafka-labo.iam.gserviceaccount.com",
                            "member": "serviceAccount:vault-server@kube-kafka-labo.iam.gserviceaccount.com",
                            "role": "roles/resourcemanager.projectIamAdmin"
                        },
                        "meta": {},
                        "tainted": false
                    },
                    "deposed": [],
                    "provider": "provider.google"
                },
                "google_project_iam_member.service-account.1": {
                    "type": "google_project_iam_member",
                    "depends_on": [
                        "google_service_account.vault-server"
                    ],
                    "primary": {
                        "id": "kube-kafka-labo/roles/iam.serviceAccountAdmin/serviceAccount:vault-server@kube-kafka-labo.iam.gserviceaccount.com",
                        "attributes": {
                            "etag": "BwV3Jo+JQ0I=",
                            "id": "kube-kafka-labo/roles/iam.serviceAccountAdmin/serviceAccount:vault-server@kube-kafka-labo.iam.gserviceaccount.com",
                            "member": "serviceAccount:vault-server@kube-kafka-labo.iam.gserviceaccount.com",
                            "role": "roles/iam.serviceAccountAdmin"
                        },
                        "meta": {},
                        "tainted": false
                    },
                    "deposed": [],
                    "provider": "provider.google"
                },
                "google_project_iam_member.service-account.2": {
                    "type": "google_project_iam_member",
                    "depends_on": [
                        "google_service_account.vault-server"
                    ],
                    "primary": {
                        "id": "kube-kafka-labo/roles/iam.serviceAccountKeyAdmin/serviceAccount:vault-server@kube-kafka-labo.iam.gserviceaccount.com",
                        "attributes": {
                            "etag": "BwV3Jo+JQ0I=",
                            "id": "kube-kafka-labo/roles/iam.serviceAccountKeyAdmin/serviceAccount:vault-server@kube-kafka-labo.iam.gserviceaccount.com",
                            "member": "serviceAccount:vault-server@kube-kafka-labo.iam.gserviceaccount.com",
                            "role": "roles/iam.serviceAccountKeyAdmin"
                        },
                        "meta": {},
                        "tainted": false
                    },
                    "deposed": [],
                    "provider": "provider.google"
                },
                "google_project_iam_member.service-account.3": {
                    "type": "google_project_iam_member",
                    "depends_on": [
                        "google_service_account.vault-server"
                    ],
                    "primary": {
                        "id": "kube-kafka-labo/roles/iam.serviceAccountTokenCreator/serviceAccount:vault-server@kube-kafka-labo.iam.gserviceaccount.com",
                        "attributes": {
                            "etag": "BwV3Jo+JQ0I=",
                            "id": "kube-kafka-labo/roles/iam.serviceAccountTokenCreator/serviceAccount:vault-server@kube-kafka-labo.iam.gserviceaccount.com",
                            "member": "serviceAccount:vault-server@kube-kafka-labo.iam.gserviceaccount.com",
                            "role": "roles/iam.serviceAccountTokenCreator"
                        },
                        "meta": {},
                        "tainted": false
                    },
                    "deposed": [],
                    "provider": "provider.google"
                },
                "google_project_iam_member.service-account.4": {
                    "type": "google_project_iam_member",
                    "depends_on": [
                        "google_service_account.vault-server"
                    ],
                    "primary": {
                        "id": "kube-kafka-labo/roles/iam.serviceAccountUser/serviceAccount:vault-server@kube-kafka-labo.iam.gserviceaccount.com",
                        "attributes": {
                            "etag": "BwV3Jo+JQ0I=",
                            "id": "kube-kafka-labo/roles/iam.serviceAccountUser/serviceAccount:vault-server@kube-kafka-labo.iam.gserviceaccount.com",
                            "member": "serviceAccount:vault-server@kube-kafka-labo.iam.gserviceaccount.com",
                            "role": "roles/iam.serviceAccountUser"
                        },
                        "meta": {},
                        "tainted": false
                    },
                    "deposed": [],
                    "provider": "provider.google"
                },
                "google_project_iam_member.service-account.5": {
                    "type": "google_project_iam_member",
                    "depends_on": [
                        "google_service_account.vault-server"
                    ],
                    "primary": {
                        "id": "kube-kafka-labo/roles/viewer/serviceAccount:vault-server@kube-kafka-labo.iam.gserviceaccount.com",
                        "attributes": {
                            "etag": "BwV3Jo+JQ0I=",
                            "id": "kube-kafka-labo/roles/viewer/serviceAccount:vault-server@kube-kafka-labo.iam.gserviceaccount.com",
                            "member": "serviceAccount:vault-server@kube-kafka-labo.iam.gserviceaccount.com",
                            "role": "roles/viewer"
                        },
                        "meta": {},
                        "tainted": false
                    },
                    "deposed": [],
                    "provider": "provider.google"
                },
                "google_project_service.service.0": {
                    "type": "google_project_service",
                    "depends_on": [],
                    "primary": {
                        "id": "kube-kafka-labo/cloudkms.googleapis.com",
                        "attributes": {
                            "disable_on_destroy": "false",
                            "id": "kube-kafka-labo/cloudkms.googleapis.com",
                            "project": "kube-kafka-labo",
                            "service": "cloudkms.googleapis.com"
                        },
                        "meta": {},
                        "tainted": false
                    },
                    "deposed": [],
                    "provider": "provider.google"
                },
                "google_project_service.service.1": {
                    "type": "google_project_service",
                    "depends_on": [],
                    "primary": {
                        "id": "kube-kafka-labo/cloudresourcemanager.googleapis.com",
                        "attributes": {
                            "disable_on_destroy": "false",
                            "id": "kube-kafka-labo/cloudresourcemanager.googleapis.com",
                            "project": "kube-kafka-labo",
                            "service": "cloudresourcemanager.googleapis.com"
                        },
                        "meta": {},
                        "tainted": false
                    },
                    "deposed": [],
                    "provider": "provider.google"
                },
                "google_project_service.service.2": {
                    "type": "google_project_service",
                    "depends_on": [],
                    "primary": {
                        "id": "kube-kafka-labo/container.googleapis.com",
                        "attributes": {
                            "disable_on_destroy": "false",
                            "id": "kube-kafka-labo/container.googleapis.com",
                            "project": "kube-kafka-labo",
                            "service": "container.googleapis.com"
                        },
                        "meta": {},
                        "tainted": false
                    },
                    "deposed": [],
                    "provider": "provider.google"
                },
                "google_project_service.service.3": {
                    "type": "google_project_service",
                    "depends_on": [],
                    "primary": {
                        "id": "kube-kafka-labo/iam.googleapis.com",
                        "attributes": {
                            "disable_on_destroy": "false",
                            "id": "kube-kafka-labo/iam.googleapis.com",
                            "project": "kube-kafka-labo",
                            "service": "iam.googleapis.com"
                        },
                        "meta": {},
                        "tainted": false
                    },
                    "deposed": [],
                    "provider": "provider.google"
                },
                "google_service_account.vault-server": {
                    "type": "google_service_account",
                    "depends_on": [],
                    "primary": {
                        "id": "projects/kube-kafka-labo/serviceAccounts/vault-server@kube-kafka-labo.iam.gserviceaccount.com",
                        "attributes": {
                            "account_id": "vault-server",
                            "display_name": "Vault Server",
                            "email": "vault-server@kube-kafka-labo.iam.gserviceaccount.com",
                            "id": "projects/kube-kafka-labo/serviceAccounts/vault-server@kube-kafka-labo.iam.gserviceaccount.com",
                            "name": "projects/kube-kafka-labo/serviceAccounts/vault-server@kube-kafka-labo.iam.gserviceaccount.com",
                            "project": "kube-kafka-labo",
                            "unique_id": "110823128078168980611"
                        },
                        "meta": {},
                        "tainted": false
                    },
                    "deposed": [],
                    "provider": "provider.google"
                },
                "google_service_account_key.vault": {
                    "type": "google_service_account_key",
                    "depends_on": [
                        "google_service_account.vault-server"
                    ],
                    "primary": {
                        "id": "projects/kube-kafka-labo/serviceAccounts/vault-server@kube-kafka-labo.iam.gserviceaccount.com/keys/5126769eb955facc33b1177d1416a486658a4632",
                        "attributes": {
                            "id": "projects/kube-kafka-labo/serviceAccounts/vault-server@kube-kafka-labo.iam.gserviceaccount.com/keys/5126769eb955facc33b1177d1416a486658a4632",
                            "key_algorithm": "KEY_ALG_RSA_2048",
                            "name": "projects/kube-kafka-labo/serviceAccounts/vault-server@kube-kafka-labo.iam.gserviceaccount.com/keys/5126769eb955facc33b1177d1416a486658a4632",
                            "private_key": "ewogICJ0eXBlIjogInNlcnZpY2VfYWNjb3VudCIsCiAgInByb2plY3RfaWQiOiAia3ViZS1rYWZrYS1sYWJvIiwKICAicHJpdmF0ZV9rZXlfaWQiOiAiNTEyNjc2OWViOTU1ZmFjYzMzYjExNzdkMTQxNmE0ODY2NThhNDYzMiIsCiAgInByaXZhdGVfa2V5IjogIi0tLS0tQkVHSU4gUFJJVkFURSBLRVktLS0tLVxuTUlJRXZnSUJBREFOQmdrcWhraUc5dzBCQVFFRkFBU0NCS2d3Z2dTa0FnRUFBb0lCQVFDM3R3ejlDNlFOSFRNZlxuTldyOTljRUZpdDJORHE3bDlHNG5jR1Azc2RjNG9PZXpNNTUwWnZaU0pQY0FvdFlIZENRUVFyRTllRWtWcElBUVxuaWtDT3JVaTU2Q1BOTHJ4ay82Yk9CdFJYMEpsYlQvQTZrcThYTGRVY3FvazlXNytnZFFzQVFZVFNpMTNwcnZIY1xuY253SkZzNHIzZm8xQU1MYmYrRllXK0VmcDNlZVhQVDdhaVNPbStVdGpoT3VNUVh4N1I1eXYyMTFvTGtGamJsSlxuMVNDZzYwalJyQVY5QUdJbytlVEJtZHJuNWdHN1dCNVY3dlplT1ZhK1Z0RERDVEYyLzliKytVWVZVa1lxUXRZZFxuUmpNZ0kyb3JmdnViNXU4TEliTUxrKzFmWm5IRWQ2WDROOXdGaUZ1MUp5elRmZUpQRGxlV1UzaVVOaVNCbE1xZ1xua1FkMDFjRFpBZ01CQUFFQ2dnRUFDbVlJakt3amdZQ0ZHNytjeWpvbVRrZUJhZElLY1Vhb0U0Qm5rQ1lYVGdQQlxuaWFHaTF1amJDV1JCUE41NnFkcFhqam9RS1RBTlJ2WFVMOXQ3Y3ZmNDlWamY2ZVc2MFNhdFROMFRHTk5jVXRCUVxuQXlpNVUyRUxQbitpbS8vODlUcWF3RTExRkt2QnlZL1c3Y2puSDJhVWplUVhIUGZwajU0SjVjUHhscWFXZlRhaVxuQlZZeFdCR01telV2b1BFTEo4bGhXU2NKYzRvRk4vdFZyQ2FHZHdVRjZ6ZDUvZWVoV0IzT0tnLzBkLzR1YTNLb1xuTUxJdVdWQ2lLZE9DMzRreXY0RVN0ckJJU1BvdTdmL01iRlBEZzZ0UEJwL3NMNGwzbmlZc0VobytkSTZweFRNS1xuTWxoaGxMZ25laFhtSWhhdlAwT1FweFE5T1FvNHZBTHlhdmFSMFRza3dRS0JnUUQxRGtpc0dhN2E5eU5LL2E2NlxuK3h2eGJ4azFNMWoydU9GMXowblYyU2QvakxqT3l0N2cvNnpJeU1kQVJFQmZic1kwTlVUSTNYcTVZSGpVcEI4NVxuNFAvT01tK09LQnFNTkZxalFIbHN5bHVValFHa0x5MGZDTHF4MFp4UnllbVJEemhPbnFLWVVOeVdhZUNyQ25BbFxuL2ZwWGJHYjhwb2xUWnJ2SEswTWtyZGZrRVFLQmdRQy82M1d2N0tKMTJvSHFERWgwUHJtaUtPeDNnTTZnQ084WFxuVCtHTWxJWXlmdjhSdjRMQ2Y2ak9qTFVId0RVbWhHVTRRbUxROVVYR3RTZStzbU04Y2lrbWhtd0xqUjdqZFd6cVxuQXZ3eWFabHBFVjBYYXp0RXMxMFdIank0SWxWRzJ2RHFqM25mTHM1VkI0eDRWT0p4SWJiZjdOc0pxT2lQOFFPUVxuZExmd0hFSTRTUUtCZ0FKV1JZa21vWTFEQ0JvaCt6V2JTWFB1L0UyT2xNMmRpOERrM2k1azZNU0ZvZ21PMDd0UFxubE9WQlRPMG0rWG92ZzBKaU02cTZ1ZjNrbHFKb2drZTZCcFovMHFLSGJXRmk2bTVlSWdwUWo3a0Y4enNPbkI2TVxucGNNbVhaaEdGYTBsZVFMKzdrd0hrV0w1MVlPc0VNKzc4VlErRzJsVGFVSGJXL1VWUzRtaEFzc1JBb0dCQUxZNlxueU9CbWZFd1RVay85b2I1ZTRMeU14eHNoZnhDTjZ4ZmpqWEtDaEhubUJDUENDRkxPREdjelM2RTBiRU5LYXlIa1xuUnhmS0RKc0UzOXcrWGVQRE1qZVdZM2tFWWxQdjU1NjdmdVFQU005dTRVbWZWQU9EbTl1b2tsYjBvcXhJcjRESlxuQXh0YndpY1NwOXFLSHdqMHprUUpEbUk1czdrWlRCMFo5cDFTOTcyaEFvR0JBTjlMSXBSRGo1NTdwNUN1aEhub1xuTGNqY1plY0ZrY1p6TDRmVWloVlBmWlVYT0pHNXRSdnVvWnZkNThsd1dQaStQK0FzZDJJY1FEcjdmL1p0YVljclxuZmkxQWNkZ1g2a0l0VE54R0hFcWpEMDlKQlVxT0pQVDV2RWlOUlRWWVJVM05DcysrNEsyU1R1QXo2UFZDYkpNMVxuMlNpNXRnU2czUENpczFscWlzL2NPS1F2XG4tLS0tLUVORCBQUklWQVRFIEtFWS0tLS0tXG4iLAogICJjbGllbnRfZW1haWwiOiAidmF1bHQtc2VydmVyQGt1YmUta2Fma2EtbGFiby5pYW0uZ3NlcnZpY2VhY2NvdW50LmNvbSIsCiAgImNsaWVudF9pZCI6ICIxMTA4MjMxMjgwNzgxNjg5ODA2MTEiLAogICJhdXRoX3VyaSI6ICJodHRwczovL2FjY291bnRzLmdvb2dsZS5jb20vby9vYXV0aDIvYXV0aCIsCiAgInRva2VuX3VyaSI6ICJodHRwczovL29hdXRoMi5nb29nbGVhcGlzLmNvbS90b2tlbiIsCiAgImF1dGhfcHJvdmlkZXJfeDUwOV9jZXJ0X3VybCI6ICJodHRwczovL3d3dy5nb29nbGVhcGlzLmNvbS9vYXV0aDIvdjEvY2VydHMiLAogICJjbGllbnRfeDUwOV9jZXJ0X3VybCI6ICJodHRwczovL3d3dy5nb29nbGVhcGlzLmNvbS9yb2JvdC92MS9tZXRhZGF0YS94NTA5L3ZhdWx0LXNlcnZlciU0MGt1YmUta2Fma2EtbGFiby5pYW0uZ3NlcnZpY2VhY2NvdW50LmNvbSIKfQo=",
                            "private_key_type": "TYPE_GOOGLE_CREDENTIALS_FILE",
                            "public_key": "LS0tLS1CRUdJTiBDRVJUSUZJQ0FURS0tLS0tCk1JSUMrakNDQWVLZ0F3SUJBZ0lJVGpQRXRSSEF5cmd3RFFZSktvWklodmNOQVFFRkJRQXdJREVlTUJ3R0ExVUUKQXhNVk1URXdPREl6TVRJNE1EYzRNVFk0T1Rnd05qRXhNQjRYRFRFNE1Ea3pNREU1TlRBME5Gb1hEVEk0TURreQpOekU1TlRBME5Gb3dJREVlTUJ3R0ExVUVBeE1WTVRFd09ESXpNVEk0TURjNE1UWTRPVGd3TmpFeE1JSUJJakFOCkJna3Foa2lHOXcwQkFRRUZBQU9DQVE4QU1JSUJDZ0tDQVFFQXQ3Y00vUXVrRFIwekh6VnEvZlhCQllyZGpRNnUKNWZSdUozQmo5N0hYT0tEbnN6T2VkR2IyVWlUM0FLTFdCM1FrRUVLeFBYaEpGYVNBRUlwQWpxMUl1ZWdqelM2OApaUCttemdiVVY5Q1pXMC93T3BLdkZ5M1ZIS3FKUFZ1L29IVUxBRUdFMG90ZDZhN3gzSEo4Q1JiT0s5MzZOUURDCjIzL2hXRnZoSDZkM25sejArMm9ranB2bExZNFRyakVGOGUwZWNyOXRkYUM1QlkyNVNkVWdvT3RJMGF3RmZRQmkKS1Bua3dabmE1K1lCdTFnZVZlNzJYamxXdmxiUXd3a3hkdi9XL3ZsR0ZWSkdLa0xXSFVZeklDTnFLMzc3bStidgpDeUd6QzVQdFgyWnh4SGVsK0RmY0JZaGJ0U2NzMDMzaVR3NVhsbE40bERZa2daVEtvSkVIZE5YQTJRSURBUUFCCm96Z3dOakFNQmdOVkhSTUJBZjhFQWpBQU1BNEdBMVVkRHdFQi93UUVBd0lIZ0RBV0JnTlZIU1VCQWY4RUREQUsKQmdnckJnRUZCUWNEQWpBTkJna3Foa2lHOXcwQkFRVUZBQU9DQVFFQWRKQ0MzdkRDT3dTL292S1FnZ2xRSmdOcQpjWUM2NEZROG91OC9aNElra0RDQzVNQWgyWlhhRm5lZnlwM0xrWFI1UUpIWUV4ZnJXdk5UL1JjUnVpYTdYS1paCnV4US9JUHZ2WWo1alBjTEFJQ1hDVkJNMzdhdEJmdmRlT052d2ZhZzlraUNvZ09SWldqdnZLRGZtR3VmblVtbGYKcjBPb2tSemlMNWptOGJaNFJjRWp3OE9mOGFyUiswdm85ZDJtQ0JHbDRlOFNrSzk1R1BPSFlhRDdZaG9CUUQxQgpVcExwNFQ2OVdyemFFOHFvOWNWa1pwK2Y0Q1Q4dGRpNDBqazM3WjJYMi9lc2VnQkE2bXhuOTNvV3pTdXJEQzk5CmtSUnc3OXBUM0NZVjc3OUp4NEJHbVBEVjEwMlVqQUJwZkJ6Szl4SWRRem9VRk5mdHp1SGN5NGhRWGJtaUNRPT0KLS0tLS1FTkQgQ0VSVElGSUNBVEUtLS0tLQo=",
                            "public_key_type": "TYPE_X509_PEM_FILE",
                            "service_account_id": "projects/kube-kafka-labo/serviceAccounts/vault-server@kube-kafka-labo.iam.gserviceaccount.com",
                            "valid_after": "2018-09-30T19:50:44Z",
                            "valid_before": "2028-09-27T19:50:44Z"
                        },
                        "meta": {},
                        "tainted": false
                    },
                    "deposed": [],
                    "provider": "provider.google"
                },
                "google_storage_bucket.vault": {
                    "type": "google_storage_bucket",
                    "depends_on": [
                        "google_project_service.service"
                    ],
                    "primary": {
                        "id": "kube-kafka-labo-vault-storage",
                        "attributes": {
                            "cors.#": "0",
                            "encryption.#": "0",
                            "force_destroy": "true",
                            "id": "kube-kafka-labo-vault-storage",
                            "labels.%": "0",
                            "lifecycle_rule.#": "1",
                            "lifecycle_rule.0.action.#": "1",
                            "lifecycle_rule.0.action.4029382586.storage_class": "",
                            "lifecycle_rule.0.action.4029382586.type": "Delete",
                            "lifecycle_rule.0.condition.#": "1",
                            "lifecycle_rule.0.condition.4247275504.age": "0",
                            "lifecycle_rule.0.condition.4247275504.created_before": "",
                            "lifecycle_rule.0.condition.4247275504.is_live": "false",
                            "lifecycle_rule.0.condition.4247275504.matches_storage_class.#": "0",
                            "lifecycle_rule.0.condition.4247275504.num_newer_versions": "3",
                            "location": "US",
                            "logging.#": "0",
                            "name": "kube-kafka-labo-vault-storage",
                            "project": "kube-kafka-labo",
                            "self_link": "https://www.googleapis.com/storage/v1/b/kube-kafka-labo-vault-storage",
                            "storage_class": "MULTI_REGIONAL",
                            "url": "gs://kube-kafka-labo-vault-storage",
                            "versioning.#": "1",
                            "versioning.0.enabled": "true"
                        },
                        "meta": {},
                        "tainted": false
                    },
                    "deposed": [],
                    "provider": "provider.google"
                },
                "google_storage_bucket_iam_member.vault-server.0": {
                    "type": "google_storage_bucket_iam_member",
                    "depends_on": [
                        "google_service_account.vault-server",
                        "google_storage_bucket.vault"
                    ],
                    "primary": {
                        "id": "kube-kafka-labo-vault-storage/roles/storage.legacyBucketReader/serviceAccount:vault-server@kube-kafka-labo.iam.gserviceaccount.com",
                        "attributes": {
                            "bucket": "kube-kafka-labo-vault-storage",
                            "etag": "CAI=",
                            "id": "kube-kafka-labo-vault-storage/roles/storage.legacyBucketReader/serviceAccount:vault-server@kube-kafka-labo.iam.gserviceaccount.com",
                            "member": "serviceAccount:vault-server@kube-kafka-labo.iam.gserviceaccount.com",
                            "role": "roles/storage.legacyBucketReader"
                        },
                        "meta": {},
                        "tainted": false
                    },
                    "deposed": [],
                    "provider": "provider.google"
                },
                "google_storage_bucket_iam_member.vault-server.1": {
                    "type": "google_storage_bucket_iam_member",
                    "depends_on": [
                        "google_service_account.vault-server",
                        "google_storage_bucket.vault"
                    ],
                    "primary": {
                        "id": "kube-kafka-labo-vault-storage/roles/storage.objectAdmin/serviceAccount:vault-server@kube-kafka-labo.iam.gserviceaccount.com",
                        "attributes": {
                            "bucket": "kube-kafka-labo-vault-storage",
                            "etag": "CAM=",
                            "id": "kube-kafka-labo-vault-storage/roles/storage.objectAdmin/serviceAccount:vault-server@kube-kafka-labo.iam.gserviceaccount.com",
                            "member": "serviceAccount:vault-server@kube-kafka-labo.iam.gserviceaccount.com",
                            "role": "roles/storage.objectAdmin"
                        },
                        "meta": {},
                        "tainted": false
                    },
                    "deposed": [],
                    "provider": "provider.google"
                },
                "tls_cert_request.vault": {
                    "type": "tls_cert_request",
                    "depends_on": [
                        "google_compute_address.vault",
                        "tls_private_key.vault"
                    ],
                    "primary": {
                        "id": "b5ea260cf7c12aebd248a15918e24176471d57ba",
                        "attributes": {
                            "cert_request_pem": "-----BEGIN CERTIFICATE REQUEST-----\nMIIC3TCCAcUCAQAwMDEYMBYGA1UEChMPSGFzaGlDb3JwIFZhdWx0MRQwEgYDVQQD\nEwt2YXVsdC5sb2NhbDCCASIwDQYJKoZIhvcNAQEBBQADggEPADCCAQoCggEBALPl\nUUPPK10rE1LoyLkhP61PWd2ShTSQ6ZXIBsV9u8FVhnGcUEziRGYmn3GTeGmhhaL4\n1Uk3VK6gh7rm8QINj0lzT6dQUrP0j2YmU/f1OyrAmGdo/aKjmLJR58rJConGsvYM\nvz5BHyc4IbWIqQyo6SlVsS70Z3qytEMIwcOKvxESD6O8Vs+bUlAskGfcanaTXCgF\nNNMiHDVjGn1Ak9IPEGw+0dvrlL49EN/CEuFDwJPFkE4ee2+mmI8bzNWY/QN63qca\nWoOQsKPJpPgrmnkSnqHYI9DIgvInqxfcyGVcaPdDtJV/HLTTQbu1tTHqUlZtQfiO\nBvHkQx7/p9fGq9dToEsCAwEAAaBoMGYGCSqGSIb3DQEJDjFZMFcwVQYDVR0RBE4w\nTIIFdmF1bHSCC3ZhdWx0LmxvY2Fsgh92YXVsdC5kZWZhdWx0LnN2Yy5jbHVzdGVy\nLmxvY2Fsgglsb2NhbGhvc3SHBH8AAAGHBCPxgvYwDQYJKoZIhvcNAQELBQADggEB\nAAZNEzMjicN88N1crWfTKncUbJD2pUS6aAvHN3NOF+uruWSv9zb/rKoIhMtrvFVh\nZLdCBshVlOsFz2NaUCkE1PubR3joZdadtbrNZhO8H3pyK7dWRiKKmEGrsy2hz60g\nDaEafnx4XQVhEmc/9Gk3Uar+cODi77gfYRrXyuf0/kd7EQncLPtIWX1iV+yTy/wt\n1caCHZTvucs8YvnoHTn8jlweUCyyOjWpCcwU+tMA8axPuHdDzjGygCwY1Qcvqqr/\n9yRXdFfI/TKC2q1qxfLe0fvP/TcmT3G/+QtaepOnAliI0xxBFQVI3MHKXtMHrIMS\nbvWomOWsLPhByX1k6t02MM8=\n-----END CERTIFICATE REQUEST-----\n",
                            "dns_names.#": "4",
                            "dns_names.0": "vault",
                            "dns_names.1": "vault.local",
                            "dns_names.2": "vault.default.svc.cluster.local",
                            "dns_names.3": "localhost",
                            "id": "b5ea260cf7c12aebd248a15918e24176471d57ba",
                            "ip_addresses.#": "2",
                            "ip_addresses.0": "127.0.0.1",
                            "ip_addresses.1": "35.241.130.246",
                            "key_algorithm": "RSA",
                            "private_key_pem": "0d534838e2ae98e24fcc33386cb6740e5fc993ec",
                            "subject.#": "1",
                            "subject.0.common_name": "vault.local",
                            "subject.0.country": "",
                            "subject.0.locality": "",
                            "subject.0.organization": "HashiCorp Vault",
                            "subject.0.organizational_unit": "",
                            "subject.0.postal_code": "",
                            "subject.0.province": "",
                            "subject.0.serial_number": "",
                            "subject.0.street_address.#": "0"
                        },
                        "meta": {},
                        "tainted": false
                    },
                    "deposed": [],
                    "provider": "provider.tls"
                },
                "tls_locally_signed_cert.vault": {
                    "type": "tls_locally_signed_cert",
                    "depends_on": [
                        "tls_cert_request.vault",
                        "tls_private_key.vault-ca",
                        "tls_self_signed_cert.vault-ca"
                    ],
                    "primary": {
                        "id": "165650846492441538520656294979816626383",
                        "attributes": {
                            "allowed_uses.#": "5",
                            "allowed_uses.0": "cert_signing",
                            "allowed_uses.1": "client_auth",
                            "allowed_uses.2": "digital_signature",
                            "allowed_uses.3": "key_encipherment",
                            "allowed_uses.4": "server_auth",
                            "ca_cert_pem": "98b0bbe90a9b05de4e23fe7802e9d1019882c64d",
                            "ca_key_algorithm": "RSA",
                            "ca_private_key_pem": "68465b3e3ff2fb9d935e18f0b58883a075ca7fa3",
                            "cert_pem": "-----BEGIN CERTIFICATE-----\nMIIDpjCCAo6gAwIBAgIQfJ8xS285WQHQdFLMLDeYzzANBgkqhkiG9w0BAQsFADAz\nMRgwFgYDVQQKEw9IYXNoaUNvcnAgVmF1bHQxFzAVBgNVBAMTDnZhdWx0LWNhLmxv\nY2FsMB4XDTE4MDkzMDIwMDE1MVoXDTE5MDkzMDIwMDE1MVowMDEYMBYGA1UEChMP\nSGFzaGlDb3JwIFZhdWx0MRQwEgYDVQQDEwt2YXVsdC5sb2NhbDCCASIwDQYJKoZI\nhvcNAQEBBQADggEPADCCAQoCggEBALPlUUPPK10rE1LoyLkhP61PWd2ShTSQ6ZXI\nBsV9u8FVhnGcUEziRGYmn3GTeGmhhaL41Uk3VK6gh7rm8QINj0lzT6dQUrP0j2Ym\nU/f1OyrAmGdo/aKjmLJR58rJConGsvYMvz5BHyc4IbWIqQyo6SlVsS70Z3qytEMI\nwcOKvxESD6O8Vs+bUlAskGfcanaTXCgFNNMiHDVjGn1Ak9IPEGw+0dvrlL49EN/C\nEuFDwJPFkE4ee2+mmI8bzNWY/QN63qcaWoOQsKPJpPgrmnkSnqHYI9DIgvInqxfc\nyGVcaPdDtJV/HLTTQbu1tTHqUlZtQfiOBvHkQx7/p9fGq9dToEsCAwEAAaOBuDCB\ntTAOBgNVHQ8BAf8EBAMCAqQwHQYDVR0lBBYwFAYIKwYBBQUHAwIGCCsGAQUFBwMB\nMAwGA1UdEwEB/wQCMAAwHwYDVR0jBBgwFoAUujtAIQ4f5ttl1ZGDLAZGZjkjh7kw\nVQYDVR0RBE4wTIIFdmF1bHSCC3ZhdWx0LmxvY2Fsgh92YXVsdC5kZWZhdWx0LnN2\nYy5jbHVzdGVyLmxvY2Fsgglsb2NhbGhvc3SHBH8AAAGHBCPxgvYwDQYJKoZIhvcN\nAQELBQADggEBABUGOJP2PqP6rBIMk07/ah7FJ1XtFpxCe1NqwcR7UOeFvmIfzTJ/\n3jEd/4ZTDHnWJArPUiYZA21RijeUca0yhGiyaBfu0vLcrTqdX4ZBYOmp+DfrqDHQ\nzs/berFmzuqsEfA30beUNNSbd2PHk5az8ccHpzcmwfp0faFrg6I016etGQYhOkPD\n/B9bfJR4Kbui25Ax5WKsg84wQynRqu/O1rWrtr8tz5QuPZdww/B0qI5ndH9eHD8p\nXh/MeQ0FrT/1aEIcAROZn2ACcTk/LMCg3UgEz9lvqVgcm60vZtHv6059fIyvgcgV\nYNRxFTrVDH4cVVCUUEbOOHVaht1WjVhCMjM=\n-----END CERTIFICATE-----\n",
                            "cert_request_pem": "d17ebf82eca639291f4652a3554aa210d5177d60",
                            "early_renewal_hours": "0",
                            "id": "165650846492441538520656294979816626383",
                            "validity_end_time": "2019-09-30T22:01:51.3870615+02:00",
                            "validity_period_hours": "8760",
                            "validity_start_time": "2018-09-30T22:01:51.3870615+02:00"
                        },
                        "meta": {},
                        "tainted": false
                    },
                    "deposed": [],
                    "provider": "provider.tls"
                },
                "tls_private_key.vault": {
                    "type": "tls_private_key",
                    "depends_on": [],
                    "primary": {
                        "id": "aaf2602c7a83f1f53691d563395f6972f557fae5",
                        "attributes": {
                            "algorithm": "RSA",
                            "ecdsa_curve": "P224",
                            "id": "aaf2602c7a83f1f53691d563395f6972f557fae5",
                            "private_key_pem": "-----BEGIN RSA PRIVATE KEY-----\nMIIEpAIBAAKCAQEAs+VRQ88rXSsTUujIuSE/rU9Z3ZKFNJDplcgGxX27wVWGcZxQ\nTOJEZiafcZN4aaGFovjVSTdUrqCHuubxAg2PSXNPp1BSs/SPZiZT9/U7KsCYZ2j9\noqOYslHnyskKicay9gy/PkEfJzghtYipDKjpKVWxLvRnerK0QwjBw4q/ERIPo7xW\nz5tSUCyQZ9xqdpNcKAU00yIcNWMafUCT0g8QbD7R2+uUvj0Q38IS4UPAk8WQTh57\nb6aYjxvM1Zj9A3repxpag5Cwo8mk+CuaeRKeodgj0MiC8ierF9zIZVxo90O0lX8c\ntNNBu7W1MepSVm1B+I4G8eRDHv+n18ar11OgSwIDAQABAoIBAHnJAeXlB1dQhQl4\n3AIwlxouAQl2WsVGYUvsGWFziDsPOjAJgXc7KtD4zrImAruIBJ9a05F4atS5iomm\nNHyOT3WLId6ECykWpEmkIu5XT1HXBpXjRunm1MXLmx72UTMKmDboVEPB9GQppPBv\nbvpKE2bPQ18lSDSRbGWBNSO69zSHIWimTxADNTS2VhqhUsEH79xVM45UJtcnx3zu\nMwgJgnt7hZn6kGjVfOCGfRoiIgCIGQ0SoD0ENznwwZYPXrPAfnrA+HsemDVIM/Yu\ns8wvCkTpMYEyCOCNggmtTFkcnkiuPi8WgihVWiZUXM5arrBmwoe1maYlb04wCMcY\n2oLs+ekCgYEA5Vsa9+WDt3eY7/UZXA9CRc5sRbTPDRCOA9y7NBlyR3pmXVhBbXBf\ny8xxDvPngJ6ZIyDCQYvxub63NjCqVJy9KbsF4sotcxgCt/2a4EURIGZOelvySSYS\nQNew5IZvPnjMcKqcNEgtMQfpEMAk/tBe6WCsbe1fEWje1cOmixt9/H8CgYEAyMtM\n9lj/Mj82FWy/QGeiyT+8VAWovlUeToGDt9cNWBsGwOmnulWaQhG11PYMd21bgECD\nT4j2yrXT48eHnhhmXq54ca032n4AZlmB/CfQjIOEOWHj/5vMMIyPK2ZZjGSOJ+hj\nw2qLorckn5T3HyAUS56XT93KjDGfanKbQ1l8pjUCgYEA4Xil02vLCBLHw6XU716E\nzTE32XL9VR+gLQXS903IvaIDfeJkN50QX740qvl17Uh8zT7IGT3lPa/SVrCS0ilg\nAOU9zQzqj0ncaloi5jSfuJU6sykuz2Bg82PXH2FVfTmt6VifxPnri1b2dSQfem0H\n0S/bcxm2qtvIrKbxU7GMMisCgYEAr2kK3tp4dcjK0oShvv3KM80+FJitBTkOtL5n\n9x4jRii2CakVIa7Oh5E5K8WWtm4OVUgGbmDUV9noNUCFtRLTuzrndUdBV9pjNwZS\ni5msklQCGq7tosrT4kWofN14tTDTDwHwxTI6sfcUQ2S7TbGUiUsOHHNBEp/3B+L+\nyCNQxVECgYB67otT3tU0qtedkMqGnTW5aDmopHIB6mRcnLNoiWt1QBJsXPPBhLNK\nC4ia0DfaTxc6wB7bpH+99JDaCNBA0tQoyjaxCF8vyBiqtKZDKV3T6NeEJaaw3nDD\nu123IU98fF7EhxJTeloKtN7u9PfuSY0GlumTqMx7FXAKpt1r/5wHEg==\n-----END RSA PRIVATE KEY-----\n",
                            "public_key_fingerprint_md5": "13:c4:fe:14:c5:5d:de:91:ab:0c:ec:82:9a:33:2e:09",
                            "public_key_openssh": "ssh-rsa AAAAB3NzaC1yc2EAAAADAQABAAABAQCz5VFDzytdKxNS6Mi5IT+tT1ndkoU0kOmVyAbFfbvBVYZxnFBM4kRmJp9xk3hpoYWi+NVJN1SuoIe65vECDY9Jc0+nUFKz9I9mJlP39TsqwJhnaP2io5iyUefKyQqJxrL2DL8+QR8nOCG1iKkMqOkpVbEu9Gd6srRDCMHDir8REg+jvFbPm1JQLJBn3Gp2k1woBTTTIhw1Yxp9QJPSDxBsPtHb65S+PRDfwhLhQ8CTxZBOHntvppiPG8zVmP0Det6nGlqDkLCjyaT4K5p5Ep6h2CPQyILyJ6sX3MhlXGj3Q7SVfxy000G7tbUx6lJWbUH4jgbx5EMe/6fXxqvXU6BL\n",
                            "public_key_pem": "-----BEGIN PUBLIC KEY-----\nMIIBIjANBgkqhkiG9w0BAQEFAAOCAQ8AMIIBCgKCAQEAs+VRQ88rXSsTUujIuSE/\nrU9Z3ZKFNJDplcgGxX27wVWGcZxQTOJEZiafcZN4aaGFovjVSTdUrqCHuubxAg2P\nSXNPp1BSs/SPZiZT9/U7KsCYZ2j9oqOYslHnyskKicay9gy/PkEfJzghtYipDKjp\nKVWxLvRnerK0QwjBw4q/ERIPo7xWz5tSUCyQZ9xqdpNcKAU00yIcNWMafUCT0g8Q\nbD7R2+uUvj0Q38IS4UPAk8WQTh57b6aYjxvM1Zj9A3repxpag5Cwo8mk+CuaeRKe\nodgj0MiC8ierF9zIZVxo90O0lX8ctNNBu7W1MepSVm1B+I4G8eRDHv+n18ar11Og\nSwIDAQAB\n-----END PUBLIC KEY-----\n",
                            "rsa_bits": "2048"
                        },
                        "meta": {},
                        "tainted": false
                    },
                    "deposed": [],
                    "provider": "provider.tls"
                },
                "tls_private_key.vault-ca": {
                    "type": "tls_private_key",
                    "depends_on": [],
                    "primary": {
                        "id": "f48bc0272436ccd7b123d6fe17c847ecc5a65eb0",
                        "attributes": {
                            "algorithm": "RSA",
                            "ecdsa_curve": "P224",
                            "id": "f48bc0272436ccd7b123d6fe17c847ecc5a65eb0",
                            "private_key_pem": "-----BEGIN RSA PRIVATE KEY-----\nMIIEpAIBAAKCAQEAoaqLsXkMosYFMLREnRIFO35mFbPYVFdkxsr/CF+OlA2X6U0C\nHLEMr9vMCLD9rYyyDO0gq0VOBYMzA+pFxmwqGXLjY5i3TRpoKxuqSYSnge6W7xpG\nUmWQ5+5E/Yk1ojj07vqcyXLdonRttArbkzD/s49ScDREYkm640ZJbJLItyy1Lnfr\nhXoSdQotU4y7zBDrv2qe8kI8MJkrz08s73Ggfxt3GT+etkKmxfRhSB/TnC8weq6T\nBHruZpEQHvCgYDdj79gwjZN2byCmb74FVR+Q6sGp1ZyNHzSYDxXLTFa7IrwRIJNH\nqJN9JwJCn2fm3aib+ToE9HAKHwqmTe2GbJZELwIDAQABAoIBAQCc4rNjy9PuVnqM\n9DOtteIsBRKuNvRVjOX4YOCz0H+9v59PQXMuQsbMFmHfgVr8w4+6KZhNfRklElg8\nkWmbEDaesbZnXblscpbqVpOfesNPvSjt6jKaHYRM/xYmcLQCtIFFNSFYAUeCMriP\nQwYoxiEusIRQ7Pf75g8eJYR1f9CWqJobqH9Wzj7XtBqygYGNKrsrHS4UypK14wVr\nx7jSCL/twR/2BfQ+Mk84s6vtEJSAdgkFDAg2/0LEdVJB8n2IcWxOAGN9pD8xAKAN\nw7LjnJOoh8aCESG2Dtkt8GFKIrJc1/PJ0vi63dbgxqDwCkzlVxEpBmT/1jTbQU06\nw28HRMVhAoGBANNiTu61i+NaDlXcOWnN2xb2f3PznyXclcvGzOe9WRs+xU04lR5y\nRtraLvU5igqCxS6tnLhpYuDnzAUzyfNWMymAuTd+7HaWq4+Wf/LBXd+Du8KZgPDA\nR/PMvIcosb8mQiUpa/tqUZJHSRM87pMcaAQMQQXi7sSZ1gQSIhNCnNyxAoGBAMPJ\n1tIbgW6YbQqUdpXDT+a0q5zqpSqOnQlkI28F0fFEHbT9FqQ7/L2lws2c/9gDNnx+\nVALrFdLdbjIVNzShAsGMA+fCv/PRMlWzayDVUEHUuHxtG7p7ktqnIDpV86SnIuPQ\ntafTXpcUE89gXic1j6vB79CSdtLFggM6owaBG+bfAoGAefdBP+60dkvh9ZyJ7AiB\nH3C+/XJWI4xxShC87gGMxnGjefjp4ZViWKiHa6r1gTcO+u3lfWohSU+1olLNdYAJ\nKStCs0iiu5IYD1NxI+p6dZsW3SOhCEiJu5woM3xBgt9aTwLlcT1ZL6O+AEGqDmvX\ngG5pnjHgPsPcfqDP1Hkc9SECgYB9Ugu0LzD49o4NUJxbHkpdlNWoOjWAeQqhgTyB\nCwunz/7n43wDofYT+i8n50+IF/5fT4k82Pb+Iwgu/I96m3klJBc32Nt/GC+M1axD\ntuaJTLzNwBUYl5KXbJRfYrbydJ0Lj4NHKi+IqqxHeBqsJEeTHC8BpU5zeULQCE9j\nkW6npwKBgQCRS+B8FyL/PAFXoGif1cSUIL6TFRlLrdGajlWviH7SnUL5Eo8Yr9N+\nxuvYcxNtJ6+9nRjUl1qmfWxY4ZmGeUCHT88KKvAaYxG3fZzE1yECa4i9iEauVR8E\nJAzxOdPthf3QtRaCa4HdpHQc5QOu6Xov7IxL6LEde798KDsMVGyiYw==\n-----END RSA PRIVATE KEY-----\n",
                            "public_key_fingerprint_md5": "61:c3:1d:b5:43:c0:ef:72:50:05:b2:03:4f:42:15:6b",
                            "public_key_openssh": "ssh-rsa AAAAB3NzaC1yc2EAAAADAQABAAABAQChqouxeQyixgUwtESdEgU7fmYVs9hUV2TGyv8IX46UDZfpTQIcsQyv28wIsP2tjLIM7SCrRU4FgzMD6kXGbCoZcuNjmLdNGmgrG6pJhKeB7pbvGkZSZZDn7kT9iTWiOPTu+pzJct2idG20CtuTMP+zj1JwNERiSbrjRklsksi3LLUud+uFehJ1Ci1TjLvMEOu/ap7yQjwwmSvPTyzvcaB/G3cZP562QqbF9GFIH9OcLzB6rpMEeu5mkRAe8KBgN2Pv2DCNk3ZvIKZvvgVVH5DqwanVnI0fNJgPFctMVrsivBEgk0eok30nAkKfZ+bdqJv5OgT0cAofCqZN7YZslkQv\n",
                            "public_key_pem": "-----BEGIN PUBLIC KEY-----\nMIIBIjANBgkqhkiG9w0BAQEFAAOCAQ8AMIIBCgKCAQEAoaqLsXkMosYFMLREnRIF\nO35mFbPYVFdkxsr/CF+OlA2X6U0CHLEMr9vMCLD9rYyyDO0gq0VOBYMzA+pFxmwq\nGXLjY5i3TRpoKxuqSYSnge6W7xpGUmWQ5+5E/Yk1ojj07vqcyXLdonRttArbkzD/\ns49ScDREYkm640ZJbJLItyy1LnfrhXoSdQotU4y7zBDrv2qe8kI8MJkrz08s73Gg\nfxt3GT+etkKmxfRhSB/TnC8weq6TBHruZpEQHvCgYDdj79gwjZN2byCmb74FVR+Q\n6sGp1ZyNHzSYDxXLTFa7IrwRIJNHqJN9JwJCn2fm3aib+ToE9HAKHwqmTe2GbJZE\nLwIDAQAB\n-----END PUBLIC KEY-----\n",
                            "rsa_bits": "2048"
                        },
                        "meta": {},
                        "tainted": false
                    },
                    "deposed": [],
                    "provider": "provider.tls"
                },
                "tls_self_signed_cert.vault-ca": {
                    "type": "tls_self_signed_cert",
                    "depends_on": [
                        "tls_private_key.vault-ca"
                    ],
                    "primary": {
                        "id": "284553021803665220286662597543880980430",
                        "attributes": {
                            "allowed_uses.#": "3",
                            "allowed_uses.0": "cert_signing",
                            "allowed_uses.1": "digital_signature",
                            "allowed_uses.2": "key_encipherment",
                            "cert_pem": "-----BEGIN CERTIFICATE-----\nMIIDMzCCAhugAwIBAgIRANYS6yXQitY3k+2umSRKd84wDQYJKoZIhvcNAQELBQAw\nMzEYMBYGA1UEChMPSGFzaGlDb3JwIFZhdWx0MRcwFQYDVQQDEw52YXVsdC1jYS5s\nb2NhbDAeFw0xODA5MzAyMDAxNTFaFw0xOTA5MzAyMDAxNTFaMDMxGDAWBgNVBAoT\nD0hhc2hpQ29ycCBWYXVsdDEXMBUGA1UEAxMOdmF1bHQtY2EubG9jYWwwggEiMA0G\nCSqGSIb3DQEBAQUAA4IBDwAwggEKAoIBAQChqouxeQyixgUwtESdEgU7fmYVs9hU\nV2TGyv8IX46UDZfpTQIcsQyv28wIsP2tjLIM7SCrRU4FgzMD6kXGbCoZcuNjmLdN\nGmgrG6pJhKeB7pbvGkZSZZDn7kT9iTWiOPTu+pzJct2idG20CtuTMP+zj1JwNERi\nSbrjRklsksi3LLUud+uFehJ1Ci1TjLvMEOu/ap7yQjwwmSvPTyzvcaB/G3cZP562\nQqbF9GFIH9OcLzB6rpMEeu5mkRAe8KBgN2Pv2DCNk3ZvIKZvvgVVH5DqwanVnI0f\nNJgPFctMVrsivBEgk0eok30nAkKfZ+bdqJv5OgT0cAofCqZN7YZslkQvAgMBAAGj\nQjBAMA4GA1UdDwEB/wQEAwICpDAPBgNVHRMBAf8EBTADAQH/MB0GA1UdDgQWBBS6\nO0AhDh/m22XVkYMsBkZmOSOHuTANBgkqhkiG9w0BAQsFAAOCAQEAVMWrUFKantDx\noXhLrIHK1pMtXSaTcbliZmaVp0UvSgcKFMZK7LJebp2n4MuL1ajRMywmF3VVM73w\nq1ZKsljjJP7OrN1TBrf3lD7dH57FypMUPjbZZY0fIHl/fakxiuozrJPJs6rPpWFA\nLqpiWeHNOGJKxw2Se9WBM/FMfuorZjyYDwIcmO7RMe9JKcMuIqgXtsVMb6q+pTA1\nUgyQS3m9UGaAeNEr741audA5cqTdHrLVMHqyz1NVx6l3KHBOgkR7jsF1TDNM4lTO\nww9LU6q7ocjqDYpvA3AW1CveWk7v5nrbFm0yi0anPPh5pqccsI7+guWTYOBjfzpF\n3eZtufVhNg==\n-----END CERTIFICATE-----\n",
                            "early_renewal_hours": "0",
                            "id": "284553021803665220286662597543880980430",
                            "is_ca_certificate": "true",
                            "key_algorithm": "RSA",
                            "private_key_pem": "68465b3e3ff2fb9d935e18f0b58883a075ca7fa3",
                            "subject.#": "1",
                            "subject.0.common_name": "vault-ca.local",
                            "subject.0.country": "",
                            "subject.0.locality": "",
                            "subject.0.organization": "HashiCorp Vault",
                            "subject.0.organizational_unit": "",
                            "subject.0.postal_code": "",
                            "subject.0.province": "",
                            "subject.0.serial_number": "",
                            "subject.0.street_address.#": "0",
                            "validity_end_time": "2019-09-30T22:01:51.2943077+02:00",
                            "validity_period_hours": "8760",
                            "validity_start_time": "2018-09-30T22:01:51.2943077+02:00"
                        },
                        "meta": {},
                        "tainted": false
                    },
                    "deposed": [],
                    "provider": "provider.tls"
                }
            },
            "depends_on": []
        }
    ]
}
