{
    "version": 3,
    "terraform_version": "0.11.8",
    "serial": 27,
    "lineage": "9bb09a06-7ee7-3279-3b1e-7ceda18ff006",
    "modules": [
        {
            "path": [
                "root"
            ],
            "outputs": {
                "address": {
                    "sensitive": false,
                    "type": "string",
                    "value": "35.241.130.246"
                },
                "gcp_cluster_endpoint": {
                    "sensitive": false,
                    "type": "string",
                    "value": "35.205.84.81"
                },
                "gcp_cluster_name": {
                    "sensitive": false,
                    "type": "string",
                    "value": "kafka-labo"
                },
                "gcp_ssh_command": {
                    "sensitive": false,
                    "type": "string",
                    "value": "ssh admin@35.205.84.81"
                },
                "region": {
                    "sensitive": false,
                    "type": "string",
                    "value": "europe-west1"
                },
                "token": {
                    "sensitive": false,
                    "type": "string",
                    "value": "0919aef9-b108-3de6-130c-294bca3d6a50"
                },
                "zone": {
                    "sensitive": false,
                    "type": "string",
                    "value": "europe-west1-b"
                }
            },
            "resources": {
                "data.google_container_engine_versions.kube_version": {
                    "type": "google_container_engine_versions",
                    "depends_on": [],
                    "primary": {
                        "id": "2018-10-01 13:53:49.700236 +0000 UTC",
                        "attributes": {
                            "default_cluster_version": "1.9.7-gke.6",
                            "id": "2018-10-01 13:53:49.700236 +0000 UTC",
                            "latest_master_version": "1.10.7-gke.2",
                            "latest_node_version": "1.10.7-gke.2",
                            "valid_master_versions.#": "4",
                            "valid_master_versions.0": "1.10.7-gke.2",
                            "valid_master_versions.1": "1.10.6-gke.4",
                            "valid_master_versions.2": "1.10.6-gke.2",
                            "valid_master_versions.3": "1.9.7-gke.6",
                            "valid_node_versions.#": "36",
                            "valid_node_versions.0": "1.10.7-gke.2",
                            "valid_node_versions.1": "1.10.7-gke.1",
                            "valid_node_versions.10": "1.10.4-gke.3",
                            "valid_node_versions.11": "1.10.4-gke.2",
                            "valid_node_versions.12": "1.10.4-gke.0",
                            "valid_node_versions.13": "1.10.2-gke.4",
                            "valid_node_versions.14": "1.10.2-gke.3",
                            "valid_node_versions.15": "1.10.2-gke.1",
                            "valid_node_versions.16": "1.9.7-gke.6",
                            "valid_node_versions.17": "1.9.7-gke.5",
                            "valid_node_versions.18": "1.9.7-gke.4",
                            "valid_node_versions.19": "1.9.7-gke.3",
                            "valid_node_versions.2": "1.10.6-gke.4",
                            "valid_node_versions.20": "1.9.7-gke.1",
                            "valid_node_versions.21": "1.9.7-gke.0",
                            "valid_node_versions.22": "1.9.6-gke.2",
                            "valid_node_versions.23": "1.9.6-gke.1",
                            "valid_node_versions.24": "1.9.3-gke.0",
                            "valid_node_versions.25": "1.8.12-gke.3",
                            "valid_node_versions.26": "1.8.12-gke.2",
                            "valid_node_versions.27": "1.8.12-gke.1",
                            "valid_node_versions.28": "1.8.12-gke.0",
                            "valid_node_versions.29": "1.8.10-gke.2",
                            "valid_node_versions.3": "1.10.6-gke.3",
                            "valid_node_versions.30": "1.8.10-gke.0",
                            "valid_node_versions.31": "1.8.9-gke.1",
                            "valid_node_versions.32": "1.8.8-gke.0",
                            "valid_node_versions.33": "1.7.15-gke.0",
                            "valid_node_versions.34": "1.7.12-gke.2",
                            "valid_node_versions.35": "1.6.13-gke.1",
                            "valid_node_versions.4": "1.10.6-gke.2",
                            "valid_node_versions.5": "1.10.6-gke.1",
                            "valid_node_versions.6": "1.10.5-gke.4",
                            "valid_node_versions.7": "1.10.5-gke.3",
                            "valid_node_versions.8": "1.10.5-gke.2",
                            "valid_node_versions.9": "1.10.5-gke.0",
                            "zone": "europe-west1-b"
                        },
                        "meta": {},
                        "tainted": false
                    },
                    "deposed": [],
                    "provider": "provider.google"
                },
                "data.google_kms_secret.root-token": {
                    "type": "google_kms_secret",
                    "depends_on": [
                        "data.http.root-token",
                        "google_kms_crypto_key.vault-init"
                    ],
                    "primary": {
                        "id": "2018-10-01 13:53:52.102272 +0000 UTC",
                        "attributes": {
                            "ciphertext": "CiQAM0v0EmVxYSm8gGF6W1sLf0YcMEi5C2IGTL8KdchphHFSVecSTQALvcefdioyLz1pXZnkOr+a2OeYfUnF0FI4GUfO9be+H2iblQemRvxfMhi0Z6IEyDAVsg73o1RcRDb8SuAjs/4qOkRgfWZAyo7KnY0H",
                            "crypto_key": "projects/kube-kafka-labo/locations/europe-west1/keyRings/vault/cryptoKeys/vault-init",
                            "id": "2018-10-01 13:53:52.102272 +0000 UTC",
                            "plaintext": "0919aef9-b108-3de6-130c-294bca3d6a50"
                        },
                        "meta": {},
                        "tainted": false
                    },
                    "deposed": [],
                    "provider": "provider.google"
                },
                "data.google_storage_object_signed_url.root-token": {
                    "type": "google_storage_object_signed_url",
                    "depends_on": [
                        "google_service_account_key.vault",
                        "google_storage_bucket.vault"
                    ],
                    "primary": {
                        "id": "QmQIVPwkCOUAeX%2BAZKfOz%2BWHFZOPFfJgrvrZu8Pl7d63HCplAOPdYOYc99AlUSwTAM%2F%2FsOsg7CF4A3Lj%2BlLtBafsEJxBn1JgW2puBS4AY4MpL8RkwH2fG077Jfzb7Z%2Fyqo7LE3Az0OyOsUR57FLO6IK2xRpGafoKdzFfjZUeP02xZMzqkf%2BumCP69duYpAf2Y8J69%2FQ6X9VwCchjyVx3eAx0jOa8%2BN1C9rDyXacmqg6NRIxISIgYHG1VzkmH6cN%2FTaW7uyXb8rA3Rw6%2FlIqaj36D10HMCqa21CYBTZofQe%2FE2%2B3%2FIyB3Ew9vXVc0R%2FH5WaYgJkLWarIrvWQn%2BhX3cg%3D%3D",
                        "attributes": {
                            "bucket": "kube-kafka-labo-vault-storage",
                            "credentials": "{\n  \"type\": \"service_account\",\n  \"project_id\": \"kube-kafka-labo\",\n  \"private_key_id\": \"fc9e91a2638a8e2fd4ed2b6e4498d31f6970939f\",\n  \"private_key\": \"-----BEGIN PRIVATE KEY-----\\nMIIEvQIBADANBgkqhkiG9w0BAQEFAASCBKcwggSjAgEAAoIBAQC76iGPLSXorub2\\nFn2Rwvt3KlRAxhgWNR2mt26LpYiNz2vqvKyDk5q1wGKrZd47+toga8K6c+nlMQhn\\nHBoAkbOtElAWhczEh0rwF6K4em3HwemO8zzVK1BOIMRzrkIgrfIxIZrI3s4fG+Zt\\n+Oo399zzwLSsJmHI9xnLz2s/X8qbHmJq6/qMHy8CtroM8p5x/BQdGotmt5/D0LUg\\n5d4h+vVToCxHj9TNtIamX0Ex+FKk39krhIUgpExSylTURxM6C23qKaaoHIUJ2vff\\nBUTMYoKuk7obHXlUFyJL8WI1LwW7djuw/XQDNbEY62o0EtBZAiMS3w28G5Thlg1A\\nK+l2V3cHAgMBAAECggEAGgm6NrWh0BkUJbs+EQl8gKmb3RHV2pXnkudN6Qm53zSD\\nlpYoLV8xi8eppGhMH/GFcgKci+tt2HUv3eG19Kg7xlqIQGav1feNObF8uaU1Ov2y\\nmD06C6uhyAGgVwspXI/dxFMMuJKu6v6ZsllQUwsEUb49CrGS0R70Mxp9mN10HIQf\\nGfWEfiAR/pIlvN0VUYkecq6un2qAGxbCCx1XhidSUa2hD9A91RFqUfyJP/VIUWhU\\nfbN94alwE6WEJWUYeWnvW5CIiiFzB07eecgSkaPlfF4XnF56irNbCohRQ8jg+eKc\\ncOFqur/VQgvcJAqrv3MzQB3DCb5MQ0X7fcBe9KEYKQKBgQD2iwas2aBdYPNUOr0K\\nSeC8fZpXN/Y3nTlq60CZM5fwewnqd/dIj3EU/5XRavSd/i/y1MPW4EcLMBH4I/Im\\nuZdNOOHsO827QjGP9sUYDD5psqvsmwiOKn8HaWrWxlM4qCc5McQ0qna/LyJip2tH\\n9YrGvAjNixyK964aQHbTgYkNhQKBgQDDH2RYrGsjbF20gErF5Va9mDIbXz11ozKl\\nL0N8Xk7vDftMyvbMpnpDk5fQdSlqxZ9MXDjemBzuOWzYTsG+ZUQnTaEIk8Zs14k3\\n2hVfFD+/x/Y8q+pwDGtuFDABPT0mgMjs6s2uwHGW44YLBQi9hk+7pKSaPxw+gGGZ\\nTa/ShigCGwKBgQDh4fzKr1XDWEl4uZxr6cYzTGz1TjuTNsTdlg8IjoG9/izWmvWA\\nkJPN5mHQjkry2mn59UA9Bh1xPaipDd4V5uKeCOjNdPmIgRxBx5lK8CTa2K22SVDs\\nWDkshEQz5V9oQIA3YcZfbnL/tWKuuq+LLYfpj2wNTlBnboggW0HDhSIZtQKBgAwM\\nkTbElu0eEP9HeNaVnfChSF7WV8Y+6K64p3Mzo64xb9ZDJlBm61/m6lYOFhuoznh5\\nrW1ZeVfgpe8Jlf8646WFrq8H6RXpjWish+tSJcmjAHqopxZ6PdwTVQ+Oh4ssIrw2\\nl7L14U3PCQT/L5X8iEnvFdcMlKLrbJt556SZcjkHAoGAHRedZSTqt68BJB9c9F0f\\n9WXJSZ+aParF27KerewScVVRIuCdUjczmtTYW+3Z7zVCdwzyNoq0fz4tomXqqRbd\\n+Y1NazF++yOTF03PtMv3LYKnZN2r8dxtJ+6Ju+miTmUHFZz7lg1i0YvqixutBcHj\\nw/ciHng6kiYxV95h0ywjuAw=\\n-----END PRIVATE KEY-----\\n\",\n  \"client_email\": \"vault-server@kube-kafka-labo.iam.gserviceaccount.com\",\n  \"client_id\": \"110823128078168980611\",\n  \"auth_uri\": \"https://accounts.google.com/o/oauth2/auth\",\n  \"token_uri\": \"https://oauth2.googleapis.com/token\",\n  \"auth_provider_x509_cert_url\": \"https://www.googleapis.com/oauth2/v1/certs\",\n  \"client_x509_cert_url\": \"https://www.googleapis.com/robot/v1/metadata/x509/vault-server%40kube-kafka-labo.iam.gserviceaccount.com\"\n}\n",
                            "duration": "1h",
                            "http_method": "GET",
                            "id": "QmQIVPwkCOUAeX%2BAZKfOz%2BWHFZOPFfJgrvrZu8Pl7d63HCplAOPdYOYc99AlUSwTAM%2F%2FsOsg7CF4A3Lj%2BlLtBafsEJxBn1JgW2puBS4AY4MpL8RkwH2fG077Jfzb7Z%2Fyqo7LE3Az0OyOsUR57FLO6IK2xRpGafoKdzFfjZUeP02xZMzqkf%2BumCP69duYpAf2Y8J69%2FQ6X9VwCchjyVx3eAx0jOa8%2BN1C9rDyXacmqg6NRIxISIgYHG1VzkmH6cN%2FTaW7uyXb8rA3Rw6%2FlIqaj36D10HMCqa21CYBTZofQe%2FE2%2B3%2FIyB3Ew9vXVc0R%2FH5WaYgJkLWarIrvWQn%2BhX3cg%3D%3D",
                            "path": "root-token.enc",
                            "signed_url": "https://storage.googleapis.com/kube-kafka-labo-vault-storage/root-token.enc?GoogleAccessId=vault-server@kube-kafka-labo.iam.gserviceaccount.com\u0026Expires=1538405631\u0026Signature=QmQIVPwkCOUAeX%2BAZKfOz%2BWHFZOPFfJgrvrZu8Pl7d63HCplAOPdYOYc99AlUSwTAM%2F%2FsOsg7CF4A3Lj%2BlLtBafsEJxBn1JgW2puBS4AY4MpL8RkwH2fG077Jfzb7Z%2Fyqo7LE3Az0OyOsUR57FLO6IK2xRpGafoKdzFfjZUeP02xZMzqkf%2BumCP69duYpAf2Y8J69%2FQ6X9VwCchjyVx3eAx0jOa8%2BN1C9rDyXacmqg6NRIxISIgYHG1VzkmH6cN%2FTaW7uyXb8rA3Rw6%2FlIqaj36D10HMCqa21CYBTZofQe%2FE2%2B3%2FIyB3Ew9vXVc0R%2FH5WaYgJkLWarIrvWQn%2BhX3cg%3D%3D"
                        },
                        "meta": {},
                        "tainted": false
                    },
                    "deposed": [],
                    "provider": "provider.google"
                },
                "data.http.root-token": {
                    "type": "http",
                    "depends_on": [
                        "data.google_storage_object_signed_url.root-token"
                    ],
                    "primary": {
                        "id": "2018-10-01 13:53:52.046863 +0000 UTC",
                        "attributes": {
                            "body": "CiQAM0v0EmVxYSm8gGF6W1sLf0YcMEi5C2IGTL8KdchphHFSVecSTQALvcefdioyLz1pXZnkOr+a2OeYfUnF0FI4GUfO9be+H2iblQemRvxfMhi0Z6IEyDAVsg73o1RcRDb8SuAjs/4qOkRgfWZAyo7KnY0H",
                            "id": "2018-10-01 13:53:52.046863 +0000 UTC",
                            "url": "https://storage.googleapis.com/kube-kafka-labo-vault-storage/root-token.enc?GoogleAccessId=vault-server@kube-kafka-labo.iam.gserviceaccount.com\u0026Expires=1538405631\u0026Signature=QmQIVPwkCOUAeX%2BAZKfOz%2BWHFZOPFfJgrvrZu8Pl7d63HCplAOPdYOYc99AlUSwTAM%2F%2FsOsg7CF4A3Lj%2BlLtBafsEJxBn1JgW2puBS4AY4MpL8RkwH2fG077Jfzb7Z%2Fyqo7LE3Az0OyOsUR57FLO6IK2xRpGafoKdzFfjZUeP02xZMzqkf%2BumCP69duYpAf2Y8J69%2FQ6X9VwCchjyVx3eAx0jOa8%2BN1C9rDyXacmqg6NRIxISIgYHG1VzkmH6cN%2FTaW7uyXb8rA3Rw6%2FlIqaj36D10HMCqa21CYBTZofQe%2FE2%2B3%2FIyB3Ew9vXVc0R%2FH5WaYgJkLWarIrvWQn%2BhX3cg%3D%3D"
                        },
                        "meta": {},
                        "tainted": false
                    },
                    "deposed": [],
                    "provider": "provider.http"
                },
                "google_compute_address.vault": {
                    "type": "google_compute_address",
                    "depends_on": [
                        "google_project_service.service"
                    ],
                    "primary": {
                        "id": "kube-kafka-labo/europe-west1/vault-lb",
                        "attributes": {
                            "address": "35.241.130.246",
                            "address_type": "EXTERNAL",
                            "creation_timestamp": "2018-09-30T12:48:41.971-07:00",
                            "description": "",
                            "id": "kube-kafka-labo/europe-west1/vault-lb",
                            "label_fingerprint": "42WmSpB8rSM=",
                            "labels.%": "0",
                            "name": "vault-lb",
                            "network_tier": "PREMIUM",
                            "project": "kube-kafka-labo",
                            "region": "europe-west1",
                            "self_link": "https://www.googleapis.com/compute/v1/projects/kube-kafka-labo/regions/europe-west1/addresses/vault-lb",
                            "subnetwork": "",
                            "users.#": "1",
                            "users.0": "https://www.googleapis.com/compute/beta/projects/kube-kafka-labo/regions/europe-west1/forwardingRules/ad99d422ec57e11e88a9742010a84018"
                        },
                        "meta": {
                            "e2bfb730-ecaa-11e6-8f88-34363bc7c4c0": {
                                "create": 240000000000,
                                "delete": 240000000000,
                                "update": 240000000000
                            }
                        },
                        "tainted": false
                    },
                    "deposed": [],
                    "provider": "provider.google"
                },
                "google_container_cluster.gcp_kubernetes": {
                    "type": "google_container_cluster",
                    "depends_on": [
                        "data.google_container_engine_versions.kube_version"
                    ],
                    "primary": {
                        "id": "kafka-labo",
                        "attributes": {
                            "additional_zones.#": "0",
                            "addons_config.#": "1",
                            "addons_config.0.horizontal_pod_autoscaling.#": "0",
                            "addons_config.0.http_load_balancing.#": "1",
                            "addons_config.0.http_load_balancing.0.disabled": "true",
                            "addons_config.0.kubernetes_dashboard.#": "1",
                            "addons_config.0.kubernetes_dashboard.0.disabled": "false",
                            "addons_config.0.network_policy_config.#": "1",
                            "addons_config.0.network_policy_config.0.disabled": "true",
                            "cluster_ipv4_cidr": "10.40.0.0/14",
                            "description": "",
                            "enable_binary_authorization": "false",
                            "enable_kubernetes_alpha": "false",
                            "enable_legacy_abac": "false",
                            "endpoint": "35.205.84.81",
                            "id": "kafka-labo",
                            "initial_node_count": "3",
                            "instance_group_urls.#": "1",
                            "instance_group_urls.0": "https://www.googleapis.com/compute/v1/projects/kube-kafka-labo/zones/europe-west1-b/instanceGroups/gke-kafka-labo-default-pool-634f9930-grp",
                            "ip_allocation_policy.#": "0",
                            "logging_service": "logging.googleapis.com",
                            "maintenance_policy.#": "0",
                            "master_auth.#": "1",
                            "master_auth.0.client_certificate": "LS0tLS1CRUdJTiBDRVJUSUZJQ0FURS0tLS0tCk1JSUMyakNDQWNLZ0F3SUJBZ0lRU3poRUNlTzFpdDZYNnY5cXpUZ3dlVEFOQmdrcWhraUc5dzBCQVFzRkFEQXYKTVMwd0t3WURWUVFERXlRMVlXUmhOV1V5TUMxa1lqa3hMVFExWm1JdE9XSTFZaTB3TTJWaE56a3pOV0ZpWlRBdwpIaGNOTVRnd09URTVNVE15TXpNNFdoY05Nak13T1RFNE1UTXlNek00V2pBUk1ROHdEUVlEVlFRREV3WmpiR2xsCmJuUXdnZ0VpTUEwR0NTcUdTSWIzRFFFQkFRVUFBNElCRHdBd2dnRUtBb0lCQVFEamhBWEVKaU1vUnh6K3UxL1kKVy8zMUV6MVB6UmZJVUNzMXNCTnd0VnBMWUhPT3NOM3A0UG5iYndUUE8xOWYyMWlBWW9RTHpHUGd5eTVORnExTAoxRzdEaERQaGZXQjdDQ0cyK0o3WkJYb25LaW5Sb0pPbEM0ODVYOGNtR200TVQycHJQNEM0Z3BLUGVaWWZGRlloCjZyejBhQlVwbVdNaGh5YXBvUlN6N0VKREZBSlM4ZmswYW5yTFpoWFJIUElhQ2FKUkUvOG9HRE1JK3JPZTdxZmoKeklKMisyT0ZKWHNsRWsySFBMWjczZ21UcW8zbHoyMzBubzI0QjNXcEY0WjVOeXdoMmxGQ3dDa2dMMUhxME01RApXcnVxemQ3aXl4SGZSNGR3WDgwaFBJdGdDT1dmMko5ZUxSMGpGekpJaUt0VzR3VUlIUTZzNTRyUmFKQ29aZDJyCkFvYVpBZ01CQUFHakVEQU9NQXdHQTFVZEV3RUIvd1FDTUFBd0RRWUpLb1pJaHZjTkFRRUxCUUFEZ2dFQkFLckwKUVk4UjNnVzVGU0V3anJSVlF6UDNkY3RUZXBCR1N2ZjBPc0RISWdGSTkxTmlDY1NoKzVpdTIvM2Y4TXZtUDlUcwoxUG9aa3U1SHZXTHVqamhpdThTakd0TktUSjJpanlFZWFUT3RIcmllQUwxVVQ3eVlhUXFvNkFhR2c1UExSSURZCjhFdW1XNUtMQzQySTVCRjErQVVDVE8wZ3hjTjFjTk4rSmZxUlVHSlJTVnpUVzMzSHBCbjA3YTJ1cVZ6bU9sVHEKZEhLMG43V0doZzdYbEp0bUR6Vk95YkZidHJlV2ltQXdOY0lQQzhVdWhlZlJFNjdYV3U3K3E5cFQyMmZudGptMgphUWRqVXpmUWJFQ0QwOVYxYUpZMUgyVEVhWHdHdlROcDRMbnYrZk9qK1FBNzh3cUI2YzZiMnpwR2ZMVnhoSWt2CjVwRzkzc0NvdUxaQlNMb0l4ak09Ci0tLS0tRU5EIENFUlRJRklDQVRFLS0tLS0K",
                            "master_auth.0.client_certificate_config.#": "0",
                            "master_auth.0.client_key": "LS0tLS1CRUdJTiBSU0EgUFJJVkFURSBLRVktLS0tLQpNSUlFcEFJQkFBS0NBUUVBNDRRRnhDWWpLRWNjL3J0ZjJGdjk5Uk05VDgwWHlGQXJOYkFUY0xWYVMyQnpqckRkCjZlRDUyMjhFenp0Zlg5dFlnR0tFQzh4ajRNc3VUUmF0UzlSdXc0UXo0WDFnZXdnaHR2aWUyUVY2SnlvcDBhQ1QKcFF1UE9WL0hKaHB1REU5cWF6K0F1SUtTajNtV0h4UldJZXE4OUdnVktabGpJWWNtcWFFVXMreENReFFDVXZINQpOR3A2eTJZVjBSenlHZ21pVVJQL0tCZ3pDUHF6bnU2bjQ4eUNkdnRqaFNWN0pSSk5oenkyZTk0Sms2cU41Yzl0CjlKNk51QWQxcVJlR2VUY3NJZHBSUXNBcElDOVI2dERPUTFxN3FzM2U0c3NSMzBlSGNGL05JVHlMWUFqbG45aWYKWGkwZEl4Y3lTSWlyVnVNRkNCME9yT2VLMFdpUXFHWGRxd0tHbVFJREFRQUJBb0lCQUJkSU10amNPRHZPYnlxbwpIUXBFZTZ3QklJU1NqY3o3V3ppZXdKYUhrR3BuUDl3SndHUEhHSHA2bFdqcGYveU1zelZNSDR3ZmlkYitvOG5TCnVNQXFTSDFzZ1d5aFNtYThzY3FLRGFOU3VxbllXRGd4OFBueVFXRlRLa3Q5WithTmwrdktyMDd5V2JJaDlKbFEKbVBIV2xpaUNvQ3ZHSFExWXliMlJGTS9HclE4MUF3dnhvTHJxUG8zcWRLRmtqRHRrTTRzOCtJaFVHZlN0b0tLQgo0a1c0cEpzWWRvUGdQSUFCaWVSRHFSalBxVHlPZWdkQXZpT3M0RHQ3d3huamNqd1hreURUMFM2aytUMFErckprCmRFOXR6ZEgrSmw0Q3RiZHlKN090QnpicG4vZjV3Yzk4R2Y0bUJVaHhaSDhPNjJZM2xYS1NpT0Q5MnRLZUl6SmUKdzN0amh3TUNnWUVBK3JBd1AzR3Q0MEVCWHJXYlBiV0dKNElMVjhlVGZJMVNxRWdXNDRGTC9BT1Z2NVdHSTVIOApzc1hrTU16YnMrZnhIbzBiak9STG44QjNLT1dWRGl4QnFmSkhBUS9BYjRDVnRvRnk3enpoL1FFdys2RFAreHpDCmt5aUhOdG1pbjhpTW5LY1MvL0RONTFseWo3Sy9zV0tOTjVybWFxU0ZHRDRSay9pYmdqSGx5bzhDZ1lFQTZGWWoKbDMvdjBlRlpRdzB2ZFYrRC8xenY5eUEyY3hSdnRhMGhOK09WYVc1V0xUQjNpSlA2M25Ydlp1c0xNRSt2QjZUSgp2SmYzb0RkWll1WE9LUDg2cXV0RTFOa2QvL2tIVFpwZnFGUlJwYS9SSVovaGZHZmRyZUVGYkpSQnNMN3lWd0tDCldIbWt4L01JcXJ5WERKTzk1QmhETTRBOFNHQ21KTVJVRmxhQ1VGY0NnWUVBN0pEWlp2V0s1NXFQaFdXUmN1RmIKRU90YWN1S0dIcEpxZngxUVpDNittcnB6VlJEd1BaN2xQWHNiaEtXOWFuK2xmWFFobklwUGh4aWtHamJVdTBRdQpUd2F2MUtPZHNGdENiTENwMm5PMHV3R2x6TDhMcFdlVmdqTkxyZ29ndWZJU0p6NU80ckhHVE55UERHWGRHYkxyCm1wNlZjK3QvSWNwbzRoOUgrTXZIa3FjQ2dZRUFsSjFzL042d1I3OXUrbzMzbW91emdtZ3ZjeE5lNFBQa2xRQ2UKckFKZXMyY0pwclJHOGMwK2ZvaFB6N1J2bnNLSndranRaajZLL2lnSmZGSmxNaUk0bzlZRVhHWlpZMEFuSk1PbgpocVFRNmZ2eHVTRnMrY2Z5cStPeE5ZZ01FUVBEUGxiemk2YWIrZTZDejd2OG51WHVaSFlFbm0vYm42eDYraSsvClhkNk9VdGNDZ1lCSzErZE9vVWx1Nzk2UWNrWkVuNlg1RUdzUVBVeVcvR1g1dzVyRzNndVI1YzVpc2p3dWFWdmIKeVQvRnExd3F1RlVraWh6WVFLVE0zWnhhblhLWlF6V1VrWHFnTFg2Zkc4V0cwblFqdDJEaXE4eVppYWh0SWNOUQphbS9ucExvWXUyVWFRb3JRdVVPSmZsUU9oZUZTUkdHYmprNzBhZElXdGMxYkUyalpxbktkUXc9PQotLS0tLUVORCBSU0EgUFJJVkFURSBLRVktLS0tLQo=",
                            "master_auth.0.cluster_ca_certificate": "LS0tLS1CRUdJTiBDRVJUSUZJQ0FURS0tLS0tCk1JSURDekNDQWZPZ0F3SUJBZ0lRQm9nTXdFdWcvc3FRWnhINXVUOWc3ekFOQmdrcWhraUc5dzBCQVFzRkFEQXYKTVMwd0t3WURWUVFERXlRMVlXUmhOV1V5TUMxa1lqa3hMVFExWm1JdE9XSTFZaTB3TTJWaE56a3pOV0ZpWlRBdwpIaGNOTVRnd09URTVNVEl5TXpNNFdoY05Nak13T1RFNE1UTXlNek00V2pBdk1TMHdLd1lEVlFRREV5UTFZV1JoCk5XVXlNQzFrWWpreExUUTFabUl0T1dJMVlpMHdNMlZoTnprek5XRmlaVEF3Z2dFaU1BMEdDU3FHU0liM0RRRUIKQVFVQUE0SUJEd0F3Z2dFS0FvSUJBUURyZmxGY0Z3YUNwZVYvd2ZhR3JMZ1E1VG9IQWJSWWNhNzVQTTB2ZkdXdApaanB4NlhaK3ZsZEl1dGdPMzVoU3RLN3ZwMys0UHRTY1NPNDM1VlVrSmEwSU1URjlhYUJmeEE2YW5YSktKZEw5Ckl4TWZZbFRrbWthRWd5UHkzV1NuVjVFbHhjenlsMHlwcDFYWVlJUVJGV3NJTzk5TnZrcXVIOSs4M0hJUS9FWU8KVXhmYXJvek1WcTg0ZTRnWVU3Q0lKbTR2U00yVTVUVDlOMWtTNEVpSnlkTkhKbmZwSk9kQlpETmlmeVFNQUJyeApRYzd6YzNacFE0ODkrak9GYStKMXZBZVBEdjBTbTM3WGdmeWthN3dEZFNvcGVxMzhUNWJRRm9ZWEJrNFJ4bCs2CnhCYS9sZHZBMXBJcHdDNXg5bmJPWERqWmRhaWUrTExobjUyYmJXeXFIM3BkQWdNQkFBR2pJekFoTUE0R0ExVWQKRHdFQi93UUVBd0lDQkRBUEJnTlZIUk1CQWY4RUJUQURBUUgvTUEwR0NTcUdTSWIzRFFFQkN3VUFBNElCQVFBQQpkWldBQm1zOHhQdTdXMmpGQ3BuOUh1YXVDVHlOMXMraEZFRVNaN0pYdG5IOWJCL1RJV0ZjQ2wrU21yOHJxcWlzCmdJcGxmbS9Zd0NtQk4rMGxkZmw1TEZFL0JnNmtxTTdzNGVFL2ZCa0NyQnVkYWJLUG5Yb1IzbmRJTjlib2Y3MTgKTGRLZUFaaUNGeEh6VWZtaVk5aGRQSWc3VzNzTFVqcHF3TmRSTXExd1BMT1BGaDNJQ0dPQ3FwcHdDNHpGZ1c3awptNCtuVEV0Ync1S2dJeitMeGZtYStxVFd4Yjk0ekI4M1Bld1h0REswTGJQbzBtNXQxQkJKYjhqWkxOVWhvWGczClgvcThCS04yWjdOSDRZWlVXdmxicVhDWkVyRUwxOVYvekpiaGFya1FRdWtTNFJWWE54bVdCNnBvcWpLSkYxYUEKNUVHWFdZQm9ubXhlQ1FtekxaRm8KLS0tLS1FTkQgQ0VSVElGSUNBVEUtLS0tLQo=",
                            "master_auth.0.password": "passwordpassword}",
                            "master_auth.0.username": "admin",
                            "master_authorized_networks_config.#": "0",
                            "master_ipv4_cidr_block": "",
                            "master_version": "1.10.7-gke.1",
                            "monitoring_service": "monitoring.googleapis.com",
                            "name": "kafka-labo",
                            "network": "projects/kube-kafka-labo/global/networks/default",
                            "network_policy.#": "1",
                            "network_policy.0.enabled": "false",
                            "network_policy.0.provider": "PROVIDER_UNSPECIFIED",
                            "node_config.#": "1",
                            "node_config.0.disk_size_gb": "10",
                            "node_config.0.disk_type": "pd-standard",
                            "node_config.0.guest_accelerator.#": "0",
                            "node_config.0.image_type": "COS",
                            "node_config.0.labels.%": "1",
                            "node_config.0.labels.this-is-for": "kafka-cluster",
                            "node_config.0.local_ssd_count": "2",
                            "node_config.0.machine_type": "n1-standard-1",
                            "node_config.0.metadata.%": "0",
                            "node_config.0.min_cpu_platform": "",
                            "node_config.0.oauth_scopes.#": "4",
                            "node_config.0.oauth_scopes.1277378754": "https://www.googleapis.com/auth/monitoring",
                            "node_config.0.oauth_scopes.1632638332": "https://www.googleapis.com/auth/devstorage.read_only",
                            "node_config.0.oauth_scopes.172152165": "https://www.googleapis.com/auth/logging.write",
                            "node_config.0.oauth_scopes.299962681": "https://www.googleapis.com/auth/compute",
                            "node_config.0.preemptible": "false",
                            "node_config.0.service_account": "default",
                            "node_config.0.tags.#": "2",
                            "node_config.0.tags.0": "kafka",
                            "node_config.0.tags.1": "labo",
                            "node_config.0.taint.#": "0",
                            "node_config.0.workload_metadata_config.#": "0",
                            "node_pool.#": "1",
                            "node_pool.0.autoscaling.#": "0",
                            "node_pool.0.initial_node_count": "3",
                            "node_pool.0.instance_group_urls.#": "1",
                            "node_pool.0.instance_group_urls.0": "https://www.googleapis.com/compute/v1/projects/kube-kafka-labo/zones/europe-west1-b/instanceGroupManagers/gke-kafka-labo-default-pool-634f9930-grp",
                            "node_pool.0.management.#": "1",
                            "node_pool.0.management.0.auto_repair": "false",
                            "node_pool.0.management.0.auto_upgrade": "false",
                            "node_pool.0.max_pods_per_node": "0",
                            "node_pool.0.name": "default-pool",
                            "node_pool.0.name_prefix": "",
                            "node_pool.0.node_config.#": "1",
                            "node_pool.0.node_config.0.disk_size_gb": "10",
                            "node_pool.0.node_config.0.disk_type": "pd-standard",
                            "node_pool.0.node_config.0.guest_accelerator.#": "0",
                            "node_pool.0.node_config.0.image_type": "COS",
                            "node_pool.0.node_config.0.labels.%": "1",
                            "node_pool.0.node_config.0.labels.this-is-for": "kafka-cluster",
                            "node_pool.0.node_config.0.local_ssd_count": "2",
                            "node_pool.0.node_config.0.machine_type": "n1-standard-1",
                            "node_pool.0.node_config.0.metadata.%": "0",
                            "node_pool.0.node_config.0.min_cpu_platform": "",
                            "node_pool.0.node_config.0.oauth_scopes.#": "4",
                            "node_pool.0.node_config.0.oauth_scopes.1277378754": "https://www.googleapis.com/auth/monitoring",
                            "node_pool.0.node_config.0.oauth_scopes.1632638332": "https://www.googleapis.com/auth/devstorage.read_only",
                            "node_pool.0.node_config.0.oauth_scopes.172152165": "https://www.googleapis.com/auth/logging.write",
                            "node_pool.0.node_config.0.oauth_scopes.299962681": "https://www.googleapis.com/auth/compute",
                            "node_pool.0.node_config.0.preemptible": "false",
                            "node_pool.0.node_config.0.service_account": "default",
                            "node_pool.0.node_config.0.tags.#": "2",
                            "node_pool.0.node_config.0.tags.0": "kafka",
                            "node_pool.0.node_config.0.tags.1": "labo",
                            "node_pool.0.node_config.0.taint.#": "0",
                            "node_pool.0.node_config.0.workload_metadata_config.#": "0",
                            "node_pool.0.node_count": "3",
                            "node_pool.0.version": "1.10.7-gke.1",
                            "node_version": "1.10.7-gke.1",
                            "pod_security_policy_config.#": "0",
                            "private_cluster": "false",
                            "project": "kube-kafka-labo",
                            "resource_labels.%": "0",
                            "subnetwork": "projects/kube-kafka-labo/regions/europe-west1/subnetworks/default",
                            "zone": "europe-west1-b"
                        },
                        "meta": {
                            "e2bfb730-ecaa-11e6-8f88-34363bc7c4c0": {
                                "create": 1800000000000,
                                "delete": 1800000000000,
                                "update": 600000000000
                            },
                            "schema_version": "1"
                        },
                        "tainted": false
                    },
                    "deposed": [],
                    "provider": "provider.google"
                },
                "google_kms_crypto_key.vault-init": {
                    "type": "google_kms_crypto_key",
                    "depends_on": [
                        "google_kms_key_ring.vault"
                    ],
                    "primary": {
                        "id": "projects/kube-kafka-labo/locations/europe-west1/keyRings/vault/cryptoKeys/vault-init",
                        "attributes": {
                            "id": "projects/kube-kafka-labo/locations/europe-west1/keyRings/vault/cryptoKeys/vault-init",
                            "key_ring": "kube-kafka-labo/europe-west1/vault",
                            "name": "vault-init",
                            "rotation_period": "604800s",
                            "self_link": "projects/kube-kafka-labo/locations/europe-west1/keyRings/vault/cryptoKeys/vault-init"
                        },
                        "meta": {},
                        "tainted": false
                    },
                    "deposed": [],
                    "provider": "provider.google"
                },
                "google_kms_crypto_key_iam_member.vault-init": {
                    "type": "google_kms_crypto_key_iam_member",
                    "depends_on": [
                        "google_kms_crypto_key.vault-init",
                        "google_service_account.vault-server"
                    ],
                    "primary": {
                        "id": "projects/kube-kafka-labo/locations/europe-west1/keyRings/vault/cryptoKeys/vault-init/roles/cloudkms.cryptoKeyEncrypterDecrypter/serviceAccount:vault-server@kube-kafka-labo.iam.gserviceaccount.com",
                        "attributes": {
                            "crypto_key_id": "projects/kube-kafka-labo/locations/europe-west1/keyRings/vault/cryptoKeys/vault-init",
                            "etag": "BwV3HA3KXeo=",
                            "id": "projects/kube-kafka-labo/locations/europe-west1/keyRings/vault/cryptoKeys/vault-init/roles/cloudkms.cryptoKeyEncrypterDecrypter/serviceAccount:vault-server@kube-kafka-labo.iam.gserviceaccount.com",
                            "member": "serviceAccount:vault-server@kube-kafka-labo.iam.gserviceaccount.com",
                            "role": "roles/cloudkms.cryptoKeyEncrypterDecrypter"
                        },
                        "meta": {},
                        "tainted": false
                    },
                    "deposed": [],
                    "provider": "provider.google"
                },
                "google_kms_key_ring.vault": {
                    "type": "google_kms_key_ring",
                    "depends_on": [
                        "google_project_service.service"
                    ],
                    "primary": {
                        "id": "projects/kube-kafka-labo/locations/europe-west1/keyRings/vault",
                        "attributes": {
                            "id": "projects/kube-kafka-labo/locations/europe-west1/keyRings/vault",
                            "location": "europe-west1",
                            "name": "vault",
                            "project": "kube-kafka-labo",
                            "self_link": "projects/kube-kafka-labo/locations/europe-west1/keyRings/vault"
                        },
                        "meta": {},
                        "tainted": false
                    },
                    "deposed": [],
                    "provider": "provider.google"
                },
                "google_project_iam_member.service-account.0": {
                    "type": "google_project_iam_member",
                    "depends_on": [
                        "google_service_account.vault-server"
                    ],
                    "primary": {
                        "id": "kube-kafka-labo/roles/resourcemanager.projectIamAdmin/serviceAccount:vault-server@kube-kafka-labo.iam.gserviceaccount.com",
                        "attributes": {
                            "etag": "BwV3Jo+JQ0I=",
                            "id": "kube-kafka-labo/roles/resourcemanager.projectIamAdmin/serviceAccount:vault-server@kube-kafka-labo.iam.gserviceaccount.com",
                            "member": "serviceAccount:vault-server@kube-kafka-labo.iam.gserviceaccount.com",
                            "role": "roles/resourcemanager.projectIamAdmin"
                        },
                        "meta": {},
                        "tainted": false
                    },
                    "deposed": [],
                    "provider": "provider.google"
                },
                "google_project_iam_member.service-account.1": {
                    "type": "google_project_iam_member",
                    "depends_on": [
                        "google_service_account.vault-server"
                    ],
                    "primary": {
                        "id": "kube-kafka-labo/roles/iam.serviceAccountAdmin/serviceAccount:vault-server@kube-kafka-labo.iam.gserviceaccount.com",
                        "attributes": {
                            "etag": "BwV3Jo+JQ0I=",
                            "id": "kube-kafka-labo/roles/iam.serviceAccountAdmin/serviceAccount:vault-server@kube-kafka-labo.iam.gserviceaccount.com",
                            "member": "serviceAccount:vault-server@kube-kafka-labo.iam.gserviceaccount.com",
                            "role": "roles/iam.serviceAccountAdmin"
                        },
                        "meta": {},
                        "tainted": false
                    },
                    "deposed": [],
                    "provider": "provider.google"
                },
                "google_project_iam_member.service-account.2": {
                    "type": "google_project_iam_member",
                    "depends_on": [
                        "google_service_account.vault-server"
                    ],
                    "primary": {
                        "id": "kube-kafka-labo/roles/iam.serviceAccountKeyAdmin/serviceAccount:vault-server@kube-kafka-labo.iam.gserviceaccount.com",
                        "attributes": {
                            "etag": "BwV3Jo+JQ0I=",
                            "id": "kube-kafka-labo/roles/iam.serviceAccountKeyAdmin/serviceAccount:vault-server@kube-kafka-labo.iam.gserviceaccount.com",
                            "member": "serviceAccount:vault-server@kube-kafka-labo.iam.gserviceaccount.com",
                            "role": "roles/iam.serviceAccountKeyAdmin"
                        },
                        "meta": {},
                        "tainted": false
                    },
                    "deposed": [],
                    "provider": "provider.google"
                },
                "google_project_iam_member.service-account.3": {
                    "type": "google_project_iam_member",
                    "depends_on": [
                        "google_service_account.vault-server"
                    ],
                    "primary": {
                        "id": "kube-kafka-labo/roles/iam.serviceAccountTokenCreator/serviceAccount:vault-server@kube-kafka-labo.iam.gserviceaccount.com",
                        "attributes": {
                            "etag": "BwV3Jo+JQ0I=",
                            "id": "kube-kafka-labo/roles/iam.serviceAccountTokenCreator/serviceAccount:vault-server@kube-kafka-labo.iam.gserviceaccount.com",
                            "member": "serviceAccount:vault-server@kube-kafka-labo.iam.gserviceaccount.com",
                            "role": "roles/iam.serviceAccountTokenCreator"
                        },
                        "meta": {},
                        "tainted": false
                    },
                    "deposed": [],
                    "provider": "provider.google"
                },
                "google_project_iam_member.service-account.4": {
                    "type": "google_project_iam_member",
                    "depends_on": [
                        "google_service_account.vault-server"
                    ],
                    "primary": {
                        "id": "kube-kafka-labo/roles/iam.serviceAccountUser/serviceAccount:vault-server@kube-kafka-labo.iam.gserviceaccount.com",
                        "attributes": {
                            "etag": "BwV3Jo+JQ0I=",
                            "id": "kube-kafka-labo/roles/iam.serviceAccountUser/serviceAccount:vault-server@kube-kafka-labo.iam.gserviceaccount.com",
                            "member": "serviceAccount:vault-server@kube-kafka-labo.iam.gserviceaccount.com",
                            "role": "roles/iam.serviceAccountUser"
                        },
                        "meta": {},
                        "tainted": false
                    },
                    "deposed": [],
                    "provider": "provider.google"
                },
                "google_project_iam_member.service-account.5": {
                    "type": "google_project_iam_member",
                    "depends_on": [
                        "google_service_account.vault-server"
                    ],
                    "primary": {
                        "id": "kube-kafka-labo/roles/viewer/serviceAccount:vault-server@kube-kafka-labo.iam.gserviceaccount.com",
                        "attributes": {
                            "etag": "BwV3Jo+JQ0I=",
                            "id": "kube-kafka-labo/roles/viewer/serviceAccount:vault-server@kube-kafka-labo.iam.gserviceaccount.com",
                            "member": "serviceAccount:vault-server@kube-kafka-labo.iam.gserviceaccount.com",
                            "role": "roles/viewer"
                        },
                        "meta": {},
                        "tainted": false
                    },
                    "deposed": [],
                    "provider": "provider.google"
                },
                "google_project_service.service.0": {
                    "type": "google_project_service",
                    "depends_on": [],
                    "primary": {
                        "id": "kube-kafka-labo/cloudkms.googleapis.com",
                        "attributes": {
                            "disable_on_destroy": "false",
                            "id": "kube-kafka-labo/cloudkms.googleapis.com",
                            "project": "kube-kafka-labo",
                            "service": "cloudkms.googleapis.com"
                        },
                        "meta": {},
                        "tainted": false
                    },
                    "deposed": [],
                    "provider": "provider.google"
                },
                "google_project_service.service.1": {
                    "type": "google_project_service",
                    "depends_on": [],
                    "primary": {
                        "id": "kube-kafka-labo/cloudresourcemanager.googleapis.com",
                        "attributes": {
                            "disable_on_destroy": "false",
                            "id": "kube-kafka-labo/cloudresourcemanager.googleapis.com",
                            "project": "kube-kafka-labo",
                            "service": "cloudresourcemanager.googleapis.com"
                        },
                        "meta": {},
                        "tainted": false
                    },
                    "deposed": [],
                    "provider": "provider.google"
                },
                "google_project_service.service.2": {
                    "type": "google_project_service",
                    "depends_on": [],
                    "primary": {
                        "id": "kube-kafka-labo/container.googleapis.com",
                        "attributes": {
                            "disable_on_destroy": "false",
                            "id": "kube-kafka-labo/container.googleapis.com",
                            "project": "kube-kafka-labo",
                            "service": "container.googleapis.com"
                        },
                        "meta": {},
                        "tainted": false
                    },
                    "deposed": [],
                    "provider": "provider.google"
                },
                "google_project_service.service.3": {
                    "type": "google_project_service",
                    "depends_on": [],
                    "primary": {
                        "id": "kube-kafka-labo/iam.googleapis.com",
                        "attributes": {
                            "disable_on_destroy": "false",
                            "id": "kube-kafka-labo/iam.googleapis.com",
                            "project": "kube-kafka-labo",
                            "service": "iam.googleapis.com"
                        },
                        "meta": {},
                        "tainted": false
                    },
                    "deposed": [],
                    "provider": "provider.google"
                },
                "google_service_account.vault-server": {
                    "type": "google_service_account",
                    "depends_on": [],
                    "primary": {
                        "id": "projects/kube-kafka-labo/serviceAccounts/vault-server@kube-kafka-labo.iam.gserviceaccount.com",
                        "attributes": {
                            "account_id": "vault-server",
                            "display_name": "Vault Server",
                            "email": "vault-server@kube-kafka-labo.iam.gserviceaccount.com",
                            "id": "projects/kube-kafka-labo/serviceAccounts/vault-server@kube-kafka-labo.iam.gserviceaccount.com",
                            "name": "projects/kube-kafka-labo/serviceAccounts/vault-server@kube-kafka-labo.iam.gserviceaccount.com",
                            "project": "kube-kafka-labo",
                            "unique_id": "110823128078168980611"
                        },
                        "meta": {},
                        "tainted": false
                    },
                    "deposed": [],
                    "provider": "provider.google"
                },
                "google_service_account_key.vault": {
                    "type": "google_service_account_key",
                    "depends_on": [
                        "google_service_account.vault-server"
                    ],
                    "primary": {
                        "id": "projects/kube-kafka-labo/serviceAccounts/vault-server@kube-kafka-labo.iam.gserviceaccount.com/keys/fc9e91a2638a8e2fd4ed2b6e4498d31f6970939f",
                        "attributes": {
                            "id": "projects/kube-kafka-labo/serviceAccounts/vault-server@kube-kafka-labo.iam.gserviceaccount.com/keys/fc9e91a2638a8e2fd4ed2b6e4498d31f6970939f",
                            "key_algorithm": "KEY_ALG_RSA_2048",
                            "name": "projects/kube-kafka-labo/serviceAccounts/vault-server@kube-kafka-labo.iam.gserviceaccount.com/keys/fc9e91a2638a8e2fd4ed2b6e4498d31f6970939f",
                            "private_key": "ewogICJ0eXBlIjogInNlcnZpY2VfYWNjb3VudCIsCiAgInByb2plY3RfaWQiOiAia3ViZS1rYWZrYS1sYWJvIiwKICAicHJpdmF0ZV9rZXlfaWQiOiAiZmM5ZTkxYTI2MzhhOGUyZmQ0ZWQyYjZlNDQ5OGQzMWY2OTcwOTM5ZiIsCiAgInByaXZhdGVfa2V5IjogIi0tLS0tQkVHSU4gUFJJVkFURSBLRVktLS0tLVxuTUlJRXZRSUJBREFOQmdrcWhraUc5dzBCQVFFRkFBU0NCS2N3Z2dTakFnRUFBb0lCQVFDNzZpR1BMU1hvcnViMlxuRm4yUnd2dDNLbFJBeGhnV05SMm10MjZMcFlpTnoydnF2S3lEazVxMXdHS3JaZDQ3K3RvZ2E4SzZjK25sTVFoblxuSEJvQWtiT3RFbEFXaGN6RWgwcndGNks0ZW0zSHdlbU84enpWSzFCT0lNUnpya0lncmZJeElackkzczRmRytadFxuK09vMzk5enp3TFNzSm1ISTl4bkx6MnMvWDhxYkhtSnE2L3FNSHk4Q3Ryb004cDV4L0JRZEdvdG10NS9EMExVZ1xuNWQ0aCt2VlRvQ3hIajlUTnRJYW1YMEV4K0ZLazM5a3JoSVVncEV4U3lsVFVSeE02QzIzcUthYW9ISVVKMnZmZlxuQlVUTVlvS3VrN29iSFhsVUZ5Skw4V0kxTHdXN2RqdXcvWFFETmJFWTYybzBFdEJaQWlNUzN3MjhHNVRobGcxQVxuSytsMlYzY0hBZ01CQUFFQ2dnRUFHZ202TnJXaDBCa1VKYnMrRVFsOGdLbWIzUkhWMnBYbmt1ZE42UW01M3pTRFxubHBZb0xWOHhpOGVwcEdoTUgvR0ZjZ0tjaSt0dDJIVXYzZUcxOUtnN3hscUlRR2F2MWZlTk9iRjh1YVUxT3YyeVxubUQwNkM2dWh5QUdnVndzcFhJL2R4Rk1NdUpLdTZ2NlpzbGxRVXdzRVViNDlDckdTMFI3ME14cDltTjEwSElRZlxuR2ZXRWZpQVIvcElsdk4wVlVZa2VjcTZ1bjJxQUd4YkNDeDFYaGlkU1VhMmhEOUE5MVJGcVVmeUpQL1ZJVVdoVVxuZmJOOTRhbHdFNldFSldVWWVXbnZXNUNJaWlGekIwN2VlY2dTa2FQbGZGNFhuRjU2aXJOYkNvaFJROGpnK2VLY1xuY09GcXVyL1ZRZ3ZjSkFxcnYzTXpRQjNEQ2I1TVEwWDdmY0JlOUtFWUtRS0JnUUQyaXdhczJhQmRZUE5VT3IwS1xuU2VDOGZacFhOL1kzblRscTYwQ1pNNWZ3ZXducWQvZElqM0VVLzVYUmF2U2QvaS95MU1QVzRFY0xNQkg0SS9JbVxudVpkTk9PSHNPODI3UWpHUDlzVVlERDVwc3F2c213aU9LbjhIYVdyV3hsTTRxQ2M1TWNRMHFuYS9MeUppcDJ0SFxuOVlyR3ZBak5peHlLOTY0YVFIYlRnWWtOaFFLQmdRRERIMlJZckdzamJGMjBnRXJGNVZhOW1ESWJYejExb3pLbFxuTDBOOFhrN3ZEZnRNeXZiTXBucERrNWZRZFNscXhaOU1YRGplbUJ6dU9XellUc0crWlVRblRhRUlrOFpzMTRrM1xuMmhWZkZEKy94L1k4cStwd0RHdHVGREFCUFQwbWdNanM2czJ1d0hHVzQ0WUxCUWk5aGsrN3BLU2FQeHcrZ0dHWlxuVGEvU2hpZ0NHd0tCZ1FEaDRmektyMVhEV0VsNHVaeHI2Y1l6VEd6MVRqdVROc1RkbGc4SWpvRzkvaXpXbXZXQVxua0pQTjVtSFFqa3J5Mm1uNTlVQTlCaDF4UGFpcERkNFY1dUtlQ09qTmRQbUlnUnhCeDVsSzhDVGEySzIyU1ZEc1xuV0Rrc2hFUXo1VjlvUUlBM1ljWmZibkwvdFdLdXVxK0xMWWZwajJ3TlRsQm5ib2dnVzBIRGhTSVp0UUtCZ0F3TVxua1RiRWx1MGVFUDlIZU5hVm5mQ2hTRjdXVjhZKzZLNjRwM016bzY0eGI5WkRKbEJtNjEvbTZsWU9GaHVvem5oNVxuclcxWmVWZmdwZThKbGY4NjQ2V0ZycThINlJYcGpXaXNoK3RTSmNtakFIcW9weFo2UGR3VFZRK09oNHNzSXJ3MlxubDdMMTRVM1BDUVQvTDVYOGlFbnZGZGNNbEtMcmJKdDU1NlNaY2prSEFvR0FIUmVkWlNUcXQ2OEJKQjljOUYwZlxuOVdYSlNaK2FQYXJGMjdLZXJld1NjVlZSSXVDZFVqY3ptdFRZVyszWjd6VkNkd3p5Tm9xMGZ6NHRvbVhxcVJiZFxuK1kxTmF6RisreU9URjAzUHRNdjNMWUtuWk4ycjhkeHRKKzZKdSttaVRtVUhGWno3bGcxaTBZdnFpeHV0QmNIalxudy9jaUhuZzZraVl4Vjk1aDB5d2p1QXc9XG4tLS0tLUVORCBQUklWQVRFIEtFWS0tLS0tXG4iLAogICJjbGllbnRfZW1haWwiOiAidmF1bHQtc2VydmVyQGt1YmUta2Fma2EtbGFiby5pYW0uZ3NlcnZpY2VhY2NvdW50LmNvbSIsCiAgImNsaWVudF9pZCI6ICIxMTA4MjMxMjgwNzgxNjg5ODA2MTEiLAogICJhdXRoX3VyaSI6ICJodHRwczovL2FjY291bnRzLmdvb2dsZS5jb20vby9vYXV0aDIvYXV0aCIsCiAgInRva2VuX3VyaSI6ICJodHRwczovL29hdXRoMi5nb29nbGVhcGlzLmNvbS90b2tlbiIsCiAgImF1dGhfcHJvdmlkZXJfeDUwOV9jZXJ0X3VybCI6ICJodHRwczovL3d3dy5nb29nbGVhcGlzLmNvbS9vYXV0aDIvdjEvY2VydHMiLAogICJjbGllbnRfeDUwOV9jZXJ0X3VybCI6ICJodHRwczovL3d3dy5nb29nbGVhcGlzLmNvbS9yb2JvdC92MS9tZXRhZGF0YS94NTA5L3ZhdWx0LXNlcnZlciU0MGt1YmUta2Fma2EtbGFiby5pYW0uZ3NlcnZpY2VhY2NvdW50LmNvbSIKfQo=",
                            "private_key_type": "TYPE_GOOGLE_CREDENTIALS_FILE",
                            "public_key": "LS0tLS1CRUdJTiBDRVJUSUZJQ0FURS0tLS0tCk1JSUMrakNDQWVLZ0F3SUJBZ0lJV0VUK2RxNUU3czB3RFFZSktvWklodmNOQVFFRkJRQXdJREVlTUJ3R0ExVUUKQXhNVk1URXdPREl6TVRJNE1EYzRNVFk0T1Rnd05qRXhNQjRYRFRFNE1UQXdNVEV6TkRFeE1Wb1hEVEk0TURreQpPREV6TkRFeE1Wb3dJREVlTUJ3R0ExVUVBeE1WTVRFd09ESXpNVEk0TURjNE1UWTRPVGd3TmpFeE1JSUJJakFOCkJna3Foa2lHOXcwQkFRRUZBQU9DQVE4QU1JSUJDZ0tDQVFFQXUrb2hqeTBsNks3bTloWjlrY0w3ZHlwVVFNWVkKRmpVZHByZHVpNldJamM5cjZyeXNnNU9hdGNCaXEyWGVPL3JhSUd2Q3VuUHA1VEVJWnh3YUFKR3pyUkpRRm9YTQp4SWRLOEJlaXVIcHR4OEhwanZNODFTdFFUaURFYzY1Q0lLM3lNU0dheU43T0h4dm1iZmpxTi9mYzg4QzByQ1poCnlQY1p5ODlyUDEvS214NWlhdXY2akI4dkFyYTZEUEtlY2Z3VUhScUxacmVmdzlDMUlPWGVJZnIxVTZBc1I0L1UKemJTR3BsOUJNZmhTcE4vWks0U0ZJS1JNVXNwVTFFY1RPZ3R0NmltbXFCeUZDZHIzM3dWRXpHS0NycE82R3gxNQpWQmNpUy9GaU5TOEZ1M1k3c1AxMEF6V3hHT3RxTkJMUVdRSWpFdDhOdkJ1VTRaWU5RQ3ZwZGxkM0J3SURBUUFCCm96Z3dOakFNQmdOVkhSTUJBZjhFQWpBQU1BNEdBMVVkRHdFQi93UUVBd0lIZ0RBV0JnTlZIU1VCQWY4RUREQUsKQmdnckJnRUZCUWNEQWpBTkJna3Foa2lHOXcwQkFRVUZBQU9DQVFFQWNrYnJ1cDRJNnBiU1hUR3c2NzR2aTBRWgozeTFYdGRtRmluTlppanIxM2dEQTlpUkFJZ3oyOHVhcW5ObTFjYTdacWIxOXMzVk5kOHFzbGx5NTR4akdVNzR5CnZWV1NQaDVDU2ZpS3Zia2hiMjBDWmNqb2IvWlpTUGo3Nk1zSjYvUGs4K3FzdnM1V25RNTdlcWVZVDJzTkRZNnYKWVVpL2lmY2FxZnhTTmFCdlgrc2laZWZGODJKeFQyQi9vdzlJem5xUTUzMldZLzlKZnVNQTNiSGhHa2lWSUd1WApIeVFaNkFGWW1HbWpwUVNJT25WdWcwZlp3SkZITklBbFZ6dDMwZllwVC9kbURRbzFMWUZzMWZUWTdteFQ0bDBwCmZMcDUxU2dNVTlkSnVWUitqR2l2OEpub250QWdNZFZBdkZBRkxPQlhNclpuR3o2VzY4TG9ZNDJpNkJyaHRBPT0KLS0tLS1FTkQgQ0VSVElGSUNBVEUtLS0tLQo=",
                            "public_key_type": "TYPE_X509_PEM_FILE",
                            "service_account_id": "projects/kube-kafka-labo/serviceAccounts/vault-server@kube-kafka-labo.iam.gserviceaccount.com",
                            "valid_after": "2018-10-01T13:41:11Z",
                            "valid_before": "2028-09-28T13:41:11Z"
                        },
                        "meta": {},
                        "tainted": false
                    },
                    "deposed": [],
                    "provider": "provider.google"
                },
                "google_storage_bucket.vault": {
                    "type": "google_storage_bucket",
                    "depends_on": [
                        "google_project_service.service"
                    ],
                    "primary": {
                        "id": "kube-kafka-labo-vault-storage",
                        "attributes": {
                            "cors.#": "0",
                            "encryption.#": "0",
                            "force_destroy": "true",
                            "id": "kube-kafka-labo-vault-storage",
                            "labels.%": "0",
                            "lifecycle_rule.#": "1",
                            "lifecycle_rule.0.action.#": "1",
                            "lifecycle_rule.0.action.4029382586.storage_class": "",
                            "lifecycle_rule.0.action.4029382586.type": "Delete",
                            "lifecycle_rule.0.condition.#": "1",
                            "lifecycle_rule.0.condition.4247275504.age": "0",
                            "lifecycle_rule.0.condition.4247275504.created_before": "",
                            "lifecycle_rule.0.condition.4247275504.is_live": "false",
                            "lifecycle_rule.0.condition.4247275504.matches_storage_class.#": "0",
                            "lifecycle_rule.0.condition.4247275504.num_newer_versions": "3",
                            "location": "EU",
                            "logging.#": "0",
                            "name": "kube-kafka-labo-vault-storage",
                            "project": "kube-kafka-labo",
                            "self_link": "https://www.googleapis.com/storage/v1/b/kube-kafka-labo-vault-storage",
                            "storage_class": "MULTI_REGIONAL",
                            "url": "gs://kube-kafka-labo-vault-storage",
                            "versioning.#": "1",
                            "versioning.0.enabled": "true"
                        },
                        "meta": {},
                        "tainted": false
                    },
                    "deposed": [],
                    "provider": "provider.google"
                },
                "google_storage_bucket_iam_member.vault-server.0": {
                    "type": "google_storage_bucket_iam_member",
                    "depends_on": [
                        "google_service_account.vault-server",
                        "google_storage_bucket.vault"
                    ],
                    "primary": {
                        "id": "kube-kafka-labo-vault-storage/roles/storage.legacyBucketReader/serviceAccount:vault-server@kube-kafka-labo.iam.gserviceaccount.com",
                        "attributes": {
                            "bucket": "kube-kafka-labo-vault-storage",
                            "etag": "CAM=",
                            "id": "kube-kafka-labo-vault-storage/roles/storage.legacyBucketReader/serviceAccount:vault-server@kube-kafka-labo.iam.gserviceaccount.com",
                            "member": "serviceAccount:vault-server@kube-kafka-labo.iam.gserviceaccount.com",
                            "role": "roles/storage.legacyBucketReader"
                        },
                        "meta": {},
                        "tainted": false
                    },
                    "deposed": [],
                    "provider": "provider.google"
                },
                "google_storage_bucket_iam_member.vault-server.1": {
                    "type": "google_storage_bucket_iam_member",
                    "depends_on": [
                        "google_service_account.vault-server",
                        "google_storage_bucket.vault"
                    ],
                    "primary": {
                        "id": "kube-kafka-labo-vault-storage/roles/storage.objectAdmin/serviceAccount:vault-server@kube-kafka-labo.iam.gserviceaccount.com",
                        "attributes": {
                            "bucket": "kube-kafka-labo-vault-storage",
                            "etag": "CAM=",
                            "id": "kube-kafka-labo-vault-storage/roles/storage.objectAdmin/serviceAccount:vault-server@kube-kafka-labo.iam.gserviceaccount.com",
                            "member": "serviceAccount:vault-server@kube-kafka-labo.iam.gserviceaccount.com",
                            "role": "roles/storage.objectAdmin"
                        },
                        "meta": {},
                        "tainted": false
                    },
                    "deposed": [],
                    "provider": "provider.google"
                },
                "kubernetes_config_map.vault": {
                    "type": "kubernetes_config_map",
                    "depends_on": [
                        "google_compute_address.vault",
                        "google_kms_crypto_key.vault-init",
                        "google_storage_bucket.vault"
                    ],
                    "primary": {
                        "id": "default/vault",
                        "attributes": {
                            "data.%": "4",
                            "data.gcs_bucket_name": "kube-kafka-labo-vault-storage",
                            "data.kms_key_id": "projects/kube-kafka-labo/locations/europe-west1/keyRings/vault/cryptoKeys/vault-init",
                            "data.load_balancer_address": "35.241.130.246",
                            "data.project_id": "kube-kafka-labo",
                            "id": "default/vault",
                            "metadata.#": "1",
                            "metadata.0.annotations.%": "0",
                            "metadata.0.generate_name": "",
                            "metadata.0.generation": "0",
                            "metadata.0.labels.%": "0",
                            "metadata.0.name": "vault",
                            "metadata.0.namespace": "default",
                            "metadata.0.resource_version": "1487174",
                            "metadata.0.self_link": "/api/v1/namespaces/default/configmaps/vault",
                            "metadata.0.uid": "47458a30-c556-11e8-8a97-42010a840184"
                        },
                        "meta": {},
                        "tainted": false
                    },
                    "deposed": [],
                    "provider": "provider.kubernetes"
                },
                "kubernetes_secret.vault-tls": {
                    "type": "kubernetes_secret",
                    "depends_on": [
                        "tls_locally_signed_cert.vault",
                        "tls_private_key.vault",
                        "tls_self_signed_cert.vault-ca"
                    ],
                    "primary": {
                        "id": "default/vault-tls",
                        "attributes": {
                            "data.%": "2",
                            "data.vault.crt": "-----BEGIN CERTIFICATE-----\nMIIDpzCCAo+gAwIBAgIRAK05bJndUivJfQHXSJvjLmswDQYJKoZIhvcNAQELBQAw\nMzEYMBYGA1UEChMPSGFzaGlDb3JwIFZhdWx0MRcwFQYDVQQDEw52YXVsdC1jYS5s\nb2NhbDAeFw0xODEwMDExMzQ1NDBaFw0xOTEwMDExMzQ1NDBaMDAxGDAWBgNVBAoT\nD0hhc2hpQ29ycCBWYXVsdDEUMBIGA1UEAxMLdmF1bHQubG9jYWwwggEiMA0GCSqG\nSIb3DQEBAQUAA4IBDwAwggEKAoIBAQDBjaawPfoeprX2wv5pW/hI06qhHI888u/B\nMNEI5QQPYrYe+vvOmE1s523Mr32JlKstQPwkVf01a0WKmIrxt5pOzXjAyz8+M84o\nOj771bOJz2bLWxqTdKizeg9TvUxGiioig39iwdNCLtJ1NYkEdip2pqs0LI7KqiDK\nPLRBCf5SQO6cVrCYyplxY8ZrUmNRbbPif1QvHYzoiLeO+1X2WRwGw/SeTE+i+AMw\neTaPasQglVZDVy2fa4IpxjLCX9tgcu7DkvsFiJ41mUQRhEXSiI0qF7saMCR3ld9v\neXZND2fD7pD6+eo55rQZ1NgmbgUR3lSoewO8ASLpxWTfGv0Z5+0PAgMBAAGjgbgw\ngbUwDgYDVR0PAQH/BAQDAgKkMB0GA1UdJQQWMBQGCCsGAQUFBwMCBggrBgEFBQcD\nATAMBgNVHRMBAf8EAjAAMB8GA1UdIwQYMBaAFM6qwejSnWTonYSD5w4YHzKi12kf\nMFUGA1UdEQROMEyCBXZhdWx0ggt2YXVsdC5sb2NhbIIfdmF1bHQuZGVmYXVsdC5z\ndmMuY2x1c3Rlci5sb2NhbIIJbG9jYWxob3N0hwR/AAABhwQj8YL2MA0GCSqGSIb3\nDQEBCwUAA4IBAQCAmNZ9TlX4DS+4kXGfysPoRuBUwoAZKaXUhRlMs+0iJccIQEM3\n8I0LWWppGh8xysntu6/Vxina22K2LUG4s+jirQi99XsH47b9AEKIi3/O7Gdk1UzT\nCTp8PpRBorl0R80v5lYLOCMbDelNdLcgRpZi2sdLO0PNG4NutD+BqXZx6EizPev1\nltmI17e7tHGO3ep+p6dFHhesh2oQZn/wvhbwdKxYqkY7BPDCDCdM7iFFk21d07Fc\nvvB5rP+1Q6szRwDoXFN7f832PC01kqJq+YSrriP5KK8ue28plQcTt3/OmuSzGbOJ\npnDPaj+n4xGgQyVaMw6BlX2SkbfFnLkpgdQR\n-----END CERTIFICATE-----\n\n-----BEGIN CERTIFICATE-----\nMIIDMzCCAhugAwIBAgIRANtpz0IEIp77xXJjOqXGib0wDQYJKoZIhvcNAQELBQAw\nMzEYMBYGA1UEChMPSGFzaGlDb3JwIFZhdWx0MRcwFQYDVQQDEw52YXVsdC1jYS5s\nb2NhbDAeFw0xODEwMDExMzQ1NDBaFw0xOTEwMDExMzQ1NDBaMDMxGDAWBgNVBAoT\nD0hhc2hpQ29ycCBWYXVsdDEXMBUGA1UEAxMOdmF1bHQtY2EubG9jYWwwggEiMA0G\nCSqGSIb3DQEBAQUAA4IBDwAwggEKAoIBAQDJZ1LO/N+5/DMq34EQnnXlBeod2BMw\nszRo9OUr/icCRy0AP8OHbL3NK7jV3DhPmiGBfCbdxtcxpaip6SfsXLsWVYZ08jBV\nO23erySeESFjSksvXmyDq0SmtujLEt2R6z+ytVuPyipQVQLDjLqc6TJnIAO+u4c1\nSSWLwa+NzyZuPMB1ZqWHwFhHrxFcKUpvi9gJUqRaAuZADfV73Ty+KupANUAaZP3C\nPwhcvO3PTpQJiYbGGQv2U8MZkiyIElj+44CmRlXYzuRqucdgjdrZBFf6PkjJaHrv\nyxF4eo+4gJavS+Lx+F/2LMwlrggvqVZ40IqTe0Z8BkbpPt4+AserOuGrAgMBAAGj\nQjBAMA4GA1UdDwEB/wQEAwICpDAPBgNVHRMBAf8EBTADAQH/MB0GA1UdDgQWBBTO\nqsHo0p1k6J2Eg+cOGB8yotdpHzANBgkqhkiG9w0BAQsFAAOCAQEAqYfUAEbOhgBv\ndodDykg/vofQzndtsEBKcpHMvIx/OsRzsuwNwdfWoeGBsqnYbNB+Lq97zO/p54AK\nWIdGp4VoPZBIEVDchKTJhE4+E7znTFQGv3Juciw/BucCjqKIsDLgW/drIqiJcaMo\nC6AiyKRsnk31vL+TU3otkpPVPEOmj94+BE0eCUmb39PCkfqtfbmKkimuyikLcAjy\nNauGBURsZBgmjzNY4o3fVujzKiv1KrmJDdAjiJhdArXKQob00gCSMkQARpNmMsc6\nONVDeZnRlja2/QZa9MHMk3eu/3+Ok7+6Dr/KaXtLWnfWeDma8nsiKTpBkrxWil4e\nF2iDR3WGHw==\n-----END CERTIFICATE-----\n",
                            "data.vault.key": "-----BEGIN RSA PRIVATE KEY-----\nMIIEowIBAAKCAQEAwY2msD36Hqa19sL+aVv4SNOqoRyPPPLvwTDRCOUED2K2Hvr7\nzphNbOdtzK99iZSrLUD8JFX9NWtFipiK8beaTs14wMs/PjPOKDo++9Wzic9my1sa\nk3Sos3oPU71MRooqIoN/YsHTQi7SdTWJBHYqdqarNCyOyqogyjy0QQn+UkDunFaw\nmMqZcWPGa1JjUW2z4n9ULx2M6Ii3jvtV9lkcBsP0nkxPovgDMHk2j2rEIJVWQ1ct\nn2uCKcYywl/bYHLuw5L7BYieNZlEEYRF0oiNKhe7GjAkd5Xfb3l2TQ9nw+6Q+vnq\nOea0GdTYJm4FEd5UqHsDvAEi6cVk3xr9GeftDwIDAQABAoIBAFhgOVAXvHDqZgN6\nHXg2CjQWkb5mr/CAbIClrYyGJUhxJf8XUoqOeCvVsAjZyFRdkZtkJLzilm8hv+r8\no9SipM5+ezhslT/tn6A2mDOc7BFspd8MhiH2DmGExiLSOFWtGHgR2sRZBAEgJ/Bk\ntV9YJSNwDpQQFFLtQ3OULCnWSk17lJKah6fiZn09Wwi60twG/ddB3uxjI4lEUJTb\nwm/6Gh8s8hW+F9SOR1MmGs3+GfeqWBDtXSv4WIqLX3xCFL/jOaSI8HAQ1XIqxpCi\nOBKwSgwqji+GXtCdszr8sjQwAvIvS/2XfGKhD1fHABHiXRpkn0QpnnzIT5wb7PQV\n5Yc0J0ECgYEAzelyGZKIu3E6h1DMJE42tqW2Kn5OzGPqDsqBg9CIYFwv2llZCLAs\n+1yep7/+iT57e3OCFIMCT4wxTNmHppcEgFhQ2utgazceSSk2HBaO9Pb7vPbAZsvg\nQMOwHUIqrkcJU5lNybzZPI6T5N4+ULAsiIYrdoVIPbNt8m/Vjp6JlgcCgYEA8KKc\no97aOojfFuCS8f48sB7Ygk0bZ9D3RfbYRjCokzUTL1wvJhMUKOf2f7fn5socLxoc\nolsoT+rZ5wq+QkCwOSy3Wtlvoz6J00kkK0QzqNxkAXlkdmYrglS7PS4NfO8RiT1e\nkUJ0n5vDDmBtcjpTpNe83Kbwouyre3f5EqkA7rkCgYEAiCFApLVingFCf3kkLRBk\nTaYKY9dzQt7/O14X98wijQoFPOZ63SqT4m4eGartnVBolHoN0n+2RF7brQHXE4Sd\nnjhE5CZebSNYa2fKdRFY24x5azj6hDte+5Ij2YQH8YXXHaSpb6jhOY7NKa7gJboD\nBxMkosuEsf3wvym+VvZq4XsCgYA+m2A7tnB6yD+auSUiNu5dODlGdX9K3HBpUJbm\ndCR34Fg0ezx9IHufRPK6OgPo5O6+RoHqr+LmIAk/dmkX3bK7vWmbBnVoOI4tXZs+\ncokqRuTyCT5dG6n4R8lLWp8BwUWDumbPTkX/fMwcAnSXQpueiM7Hbduv1/mprwYr\nl7L5aQKBgCOLDii8k3EAwV28XlU8Q40bT8/r5vPyD43542T5LGX4u4qYaoDOurAW\npiWA9rVTVrbggZenoQJ3bVqxG0IYi14uWufdQSpXFUH8HS+/9t4wn79jL9Yrzr7x\nnHK7gHLSIxGrDWbskte0tdqGKoqzuKZ5W5jSJvNY2Lh+CCkrCjQ/\n-----END RSA PRIVATE KEY-----\n",
                            "id": "default/vault-tls",
                            "metadata.#": "1",
                            "metadata.0.annotations.%": "0",
                            "metadata.0.generate_name": "",
                            "metadata.0.generation": "0",
                            "metadata.0.labels.%": "0",
                            "metadata.0.name": "vault-tls",
                            "metadata.0.namespace": "default",
                            "metadata.0.resource_version": "1514236",
                            "metadata.0.self_link": "/api/v1/namespaces/default/secrets/vault-tls",
                            "metadata.0.uid": "88e43910-c580-11e8-8a97-42010a840184",
                            "type": "Opaque"
                        },
                        "meta": {},
                        "tainted": false
                    },
                    "deposed": [],
                    "provider": "provider.kubernetes"
                },
                "tls_cert_request.vault": {
                    "type": "tls_cert_request",
                    "depends_on": [
                        "google_compute_address.vault",
                        "tls_private_key.vault"
                    ],
                    "primary": {
                        "id": "602b331d631f59d01bf55d2aa4f6aa40b93bce07",
                        "attributes": {
                            "cert_request_pem": "-----BEGIN CERTIFICATE REQUEST-----\nMIIC3TCCAcUCAQAwMDEYMBYGA1UEChMPSGFzaGlDb3JwIFZhdWx0MRQwEgYDVQQD\nEwt2YXVsdC5sb2NhbDCCASIwDQYJKoZIhvcNAQEBBQADggEPADCCAQoCggEBAMGN\nprA9+h6mtfbC/mlb+EjTqqEcjzzy78Ew0QjlBA9ith76+86YTWznbcyvfYmUqy1A\n/CRV/TVrRYqYivG3mk7NeMDLPz4zzig6PvvVs4nPZstbGpN0qLN6D1O9TEaKKiKD\nf2LB00Iu0nU1iQR2KnamqzQsjsqqIMo8tEEJ/lJA7pxWsJjKmXFjxmtSY1Fts+J/\nVC8djOiIt477VfZZHAbD9J5MT6L4AzB5No9qxCCVVkNXLZ9rginGMsJf22By7sOS\n+wWInjWZRBGERdKIjSoXuxowJHeV3295dk0PZ8PukPr56jnmtBnU2CZuBRHeVKh7\nA7wBIunFZN8a/Rnn7Q8CAwEAAaBoMGYGCSqGSIb3DQEJDjFZMFcwVQYDVR0RBE4w\nTIIFdmF1bHSCC3ZhdWx0LmxvY2Fsgh92YXVsdC5kZWZhdWx0LnN2Yy5jbHVzdGVy\nLmxvY2Fsgglsb2NhbGhvc3SHBH8AAAGHBCPxgvYwDQYJKoZIhvcNAQELBQADggEB\nACYub2g0EcFovVlQbsoxS6CkhxHw2AKcZ5sLAovIsWh1nBLzx3jCOnIzyAdjcEE7\nH1atrmOxb8PGe+WmkjGQ+XxIUFvcoUOxlC12I+OejJcMtFG6LMvLUw4+0AC+JUuA\nsh6YTNlrszvFrxCZem/ZVH3meGsCgHHtgX2t/ye+AxT6vnjjeb5VJt6Iq2gihgwN\nWMfikWyB6ZNtsueup1sAYX6EkPqN7/L3OesUiyxkldWDfIZLY09tBCKkc2X24+v8\nQW5E8FCsWJ/GyXDFS/ats3Q+uaed/GQG+ljNU4sstsZ9sXI58kTw3GV7iHQ9aFiO\nVJrACxFZs9mM/lagCj9OvdY=\n-----END CERTIFICATE REQUEST-----\n",
                            "dns_names.#": "4",
                            "dns_names.0": "vault",
                            "dns_names.1": "vault.local",
                            "dns_names.2": "vault.default.svc.cluster.local",
                            "dns_names.3": "localhost",
                            "id": "602b331d631f59d01bf55d2aa4f6aa40b93bce07",
                            "ip_addresses.#": "2",
                            "ip_addresses.0": "127.0.0.1",
                            "ip_addresses.1": "35.241.130.246",
                            "key_algorithm": "RSA",
                            "private_key_pem": "d26b9582b4c9773b9b794f3106970d0939b4206b",
                            "subject.#": "1",
                            "subject.0.common_name": "vault.local",
                            "subject.0.country": "",
                            "subject.0.locality": "",
                            "subject.0.organization": "HashiCorp Vault",
                            "subject.0.organizational_unit": "",
                            "subject.0.postal_code": "",
                            "subject.0.province": "",
                            "subject.0.serial_number": "",
                            "subject.0.street_address.#": "0"
                        },
                        "meta": {},
                        "tainted": false
                    },
                    "deposed": [],
                    "provider": "provider.tls"
                },
                "tls_locally_signed_cert.vault": {
                    "type": "tls_locally_signed_cert",
                    "depends_on": [
                        "tls_cert_request.vault",
                        "tls_private_key.vault-ca",
                        "tls_self_signed_cert.vault-ca"
                    ],
                    "primary": {
                        "id": "230254606882368516116321997262065708651",
                        "attributes": {
                            "allowed_uses.#": "5",
                            "allowed_uses.0": "cert_signing",
                            "allowed_uses.1": "client_auth",
                            "allowed_uses.2": "digital_signature",
                            "allowed_uses.3": "key_encipherment",
                            "allowed_uses.4": "server_auth",
                            "ca_cert_pem": "7b91905762d4057f9ec7cb6958e2a320deb48c6f",
                            "ca_key_algorithm": "RSA",
                            "ca_private_key_pem": "5478720afc9e15750bd56d6b4b55740394c4f66c",
                            "cert_pem": "-----BEGIN CERTIFICATE-----\nMIIDpzCCAo+gAwIBAgIRAK05bJndUivJfQHXSJvjLmswDQYJKoZIhvcNAQELBQAw\nMzEYMBYGA1UEChMPSGFzaGlDb3JwIFZhdWx0MRcwFQYDVQQDEw52YXVsdC1jYS5s\nb2NhbDAeFw0xODEwMDExMzQ1NDBaFw0xOTEwMDExMzQ1NDBaMDAxGDAWBgNVBAoT\nD0hhc2hpQ29ycCBWYXVsdDEUMBIGA1UEAxMLdmF1bHQubG9jYWwwggEiMA0GCSqG\nSIb3DQEBAQUAA4IBDwAwggEKAoIBAQDBjaawPfoeprX2wv5pW/hI06qhHI888u/B\nMNEI5QQPYrYe+vvOmE1s523Mr32JlKstQPwkVf01a0WKmIrxt5pOzXjAyz8+M84o\nOj771bOJz2bLWxqTdKizeg9TvUxGiioig39iwdNCLtJ1NYkEdip2pqs0LI7KqiDK\nPLRBCf5SQO6cVrCYyplxY8ZrUmNRbbPif1QvHYzoiLeO+1X2WRwGw/SeTE+i+AMw\neTaPasQglVZDVy2fa4IpxjLCX9tgcu7DkvsFiJ41mUQRhEXSiI0qF7saMCR3ld9v\neXZND2fD7pD6+eo55rQZ1NgmbgUR3lSoewO8ASLpxWTfGv0Z5+0PAgMBAAGjgbgw\ngbUwDgYDVR0PAQH/BAQDAgKkMB0GA1UdJQQWMBQGCCsGAQUFBwMCBggrBgEFBQcD\nATAMBgNVHRMBAf8EAjAAMB8GA1UdIwQYMBaAFM6qwejSnWTonYSD5w4YHzKi12kf\nMFUGA1UdEQROMEyCBXZhdWx0ggt2YXVsdC5sb2NhbIIfdmF1bHQuZGVmYXVsdC5z\ndmMuY2x1c3Rlci5sb2NhbIIJbG9jYWxob3N0hwR/AAABhwQj8YL2MA0GCSqGSIb3\nDQEBCwUAA4IBAQCAmNZ9TlX4DS+4kXGfysPoRuBUwoAZKaXUhRlMs+0iJccIQEM3\n8I0LWWppGh8xysntu6/Vxina22K2LUG4s+jirQi99XsH47b9AEKIi3/O7Gdk1UzT\nCTp8PpRBorl0R80v5lYLOCMbDelNdLcgRpZi2sdLO0PNG4NutD+BqXZx6EizPev1\nltmI17e7tHGO3ep+p6dFHhesh2oQZn/wvhbwdKxYqkY7BPDCDCdM7iFFk21d07Fc\nvvB5rP+1Q6szRwDoXFN7f832PC01kqJq+YSrriP5KK8ue28plQcTt3/OmuSzGbOJ\npnDPaj+n4xGgQyVaMw6BlX2SkbfFnLkpgdQR\n-----END CERTIFICATE-----\n",
                            "cert_request_pem": "9eae97b3bac5dcf22062c7a9e3261fe661b6ce8c",
                            "early_renewal_hours": "0",
                            "id": "230254606882368516116321997262065708651",
                            "validity_end_time": "2019-10-01T15:45:40.593139351+02:00",
                            "validity_period_hours": "8760",
                            "validity_start_time": "2018-10-01T15:45:40.593139351+02:00"
                        },
                        "meta": {},
                        "tainted": false
                    },
                    "deposed": [],
                    "provider": "provider.tls"
                },
                "tls_private_key.vault": {
                    "type": "tls_private_key",
                    "depends_on": [],
                    "primary": {
                        "id": "e0dd5ca5e80f4adaf3007850b17672490983eb84",
                        "attributes": {
                            "algorithm": "RSA",
                            "ecdsa_curve": "P224",
                            "id": "e0dd5ca5e80f4adaf3007850b17672490983eb84",
                            "private_key_pem": "-----BEGIN RSA PRIVATE KEY-----\nMIIEowIBAAKCAQEAwY2msD36Hqa19sL+aVv4SNOqoRyPPPLvwTDRCOUED2K2Hvr7\nzphNbOdtzK99iZSrLUD8JFX9NWtFipiK8beaTs14wMs/PjPOKDo++9Wzic9my1sa\nk3Sos3oPU71MRooqIoN/YsHTQi7SdTWJBHYqdqarNCyOyqogyjy0QQn+UkDunFaw\nmMqZcWPGa1JjUW2z4n9ULx2M6Ii3jvtV9lkcBsP0nkxPovgDMHk2j2rEIJVWQ1ct\nn2uCKcYywl/bYHLuw5L7BYieNZlEEYRF0oiNKhe7GjAkd5Xfb3l2TQ9nw+6Q+vnq\nOea0GdTYJm4FEd5UqHsDvAEi6cVk3xr9GeftDwIDAQABAoIBAFhgOVAXvHDqZgN6\nHXg2CjQWkb5mr/CAbIClrYyGJUhxJf8XUoqOeCvVsAjZyFRdkZtkJLzilm8hv+r8\no9SipM5+ezhslT/tn6A2mDOc7BFspd8MhiH2DmGExiLSOFWtGHgR2sRZBAEgJ/Bk\ntV9YJSNwDpQQFFLtQ3OULCnWSk17lJKah6fiZn09Wwi60twG/ddB3uxjI4lEUJTb\nwm/6Gh8s8hW+F9SOR1MmGs3+GfeqWBDtXSv4WIqLX3xCFL/jOaSI8HAQ1XIqxpCi\nOBKwSgwqji+GXtCdszr8sjQwAvIvS/2XfGKhD1fHABHiXRpkn0QpnnzIT5wb7PQV\n5Yc0J0ECgYEAzelyGZKIu3E6h1DMJE42tqW2Kn5OzGPqDsqBg9CIYFwv2llZCLAs\n+1yep7/+iT57e3OCFIMCT4wxTNmHppcEgFhQ2utgazceSSk2HBaO9Pb7vPbAZsvg\nQMOwHUIqrkcJU5lNybzZPI6T5N4+ULAsiIYrdoVIPbNt8m/Vjp6JlgcCgYEA8KKc\no97aOojfFuCS8f48sB7Ygk0bZ9D3RfbYRjCokzUTL1wvJhMUKOf2f7fn5socLxoc\nolsoT+rZ5wq+QkCwOSy3Wtlvoz6J00kkK0QzqNxkAXlkdmYrglS7PS4NfO8RiT1e\nkUJ0n5vDDmBtcjpTpNe83Kbwouyre3f5EqkA7rkCgYEAiCFApLVingFCf3kkLRBk\nTaYKY9dzQt7/O14X98wijQoFPOZ63SqT4m4eGartnVBolHoN0n+2RF7brQHXE4Sd\nnjhE5CZebSNYa2fKdRFY24x5azj6hDte+5Ij2YQH8YXXHaSpb6jhOY7NKa7gJboD\nBxMkosuEsf3wvym+VvZq4XsCgYA+m2A7tnB6yD+auSUiNu5dODlGdX9K3HBpUJbm\ndCR34Fg0ezx9IHufRPK6OgPo5O6+RoHqr+LmIAk/dmkX3bK7vWmbBnVoOI4tXZs+\ncokqRuTyCT5dG6n4R8lLWp8BwUWDumbPTkX/fMwcAnSXQpueiM7Hbduv1/mprwYr\nl7L5aQKBgCOLDii8k3EAwV28XlU8Q40bT8/r5vPyD43542T5LGX4u4qYaoDOurAW\npiWA9rVTVrbggZenoQJ3bVqxG0IYi14uWufdQSpXFUH8HS+/9t4wn79jL9Yrzr7x\nnHK7gHLSIxGrDWbskte0tdqGKoqzuKZ5W5jSJvNY2Lh+CCkrCjQ/\n-----END RSA PRIVATE KEY-----\n",
                            "public_key_fingerprint_md5": "de:d2:ff:13:11:d0:dc:d1:42:b9:b9:0b:72:f1:a4:0a",
                            "public_key_openssh": "ssh-rsa AAAAB3NzaC1yc2EAAAADAQABAAABAQDBjaawPfoeprX2wv5pW/hI06qhHI888u/BMNEI5QQPYrYe+vvOmE1s523Mr32JlKstQPwkVf01a0WKmIrxt5pOzXjAyz8+M84oOj771bOJz2bLWxqTdKizeg9TvUxGiioig39iwdNCLtJ1NYkEdip2pqs0LI7KqiDKPLRBCf5SQO6cVrCYyplxY8ZrUmNRbbPif1QvHYzoiLeO+1X2WRwGw/SeTE+i+AMweTaPasQglVZDVy2fa4IpxjLCX9tgcu7DkvsFiJ41mUQRhEXSiI0qF7saMCR3ld9veXZND2fD7pD6+eo55rQZ1NgmbgUR3lSoewO8ASLpxWTfGv0Z5+0P\n",
                            "public_key_pem": "-----BEGIN PUBLIC KEY-----\nMIIBIjANBgkqhkiG9w0BAQEFAAOCAQ8AMIIBCgKCAQEAwY2msD36Hqa19sL+aVv4\nSNOqoRyPPPLvwTDRCOUED2K2Hvr7zphNbOdtzK99iZSrLUD8JFX9NWtFipiK8bea\nTs14wMs/PjPOKDo++9Wzic9my1sak3Sos3oPU71MRooqIoN/YsHTQi7SdTWJBHYq\ndqarNCyOyqogyjy0QQn+UkDunFawmMqZcWPGa1JjUW2z4n9ULx2M6Ii3jvtV9lkc\nBsP0nkxPovgDMHk2j2rEIJVWQ1ctn2uCKcYywl/bYHLuw5L7BYieNZlEEYRF0oiN\nKhe7GjAkd5Xfb3l2TQ9nw+6Q+vnqOea0GdTYJm4FEd5UqHsDvAEi6cVk3xr9Geft\nDwIDAQAB\n-----END PUBLIC KEY-----\n",
                            "rsa_bits": "2048"
                        },
                        "meta": {},
                        "tainted": false
                    },
                    "deposed": [],
                    "provider": "provider.tls"
                },
                "tls_private_key.vault-ca": {
                    "type": "tls_private_key",
                    "depends_on": [],
                    "primary": {
                        "id": "5df78636a53ae3931c352f31878595e9a2243d11",
                        "attributes": {
                            "algorithm": "RSA",
                            "ecdsa_curve": "P224",
                            "id": "5df78636a53ae3931c352f31878595e9a2243d11",
                            "private_key_pem": "-----BEGIN RSA PRIVATE KEY-----\nMIIEowIBAAKCAQEAyWdSzvzfufwzKt+BEJ515QXqHdgTMLM0aPTlK/4nAkctAD/D\nh2y9zSu41dw4T5ohgXwm3cbXMaWoqekn7Fy7FlWGdPIwVTtt3q8knhEhY0pLL15s\ng6tEprboyxLdkes/srVbj8oqUFUCw4y6nOkyZyADvruHNUkli8Gvjc8mbjzAdWal\nh8BYR68RXClKb4vYCVKkWgLmQA31e908virqQDVAGmT9wj8IXLztz06UCYmGxhkL\n9lPDGZIsiBJY/uOApkZV2M7karnHYI3a2QRX+j5IyWh678sReHqPuICWr0vi8fhf\n9izMJa4IL6lWeNCKk3tGfAZG6T7ePgLHqzrhqwIDAQABAoIBAGpnbBhvAMQBugas\njkN5dE/LECU0Qu83vji1KV5Up8dMUzoOdf7WNHBw6PYToqxrgcgnD2Gb65UPMEyU\nIcN+OllSVfby/RYKj8FWRsI7yqfqWE5uVGY71ck+WT7weJ7e6og/yF/vLuvB/fPS\nJcVAbqCNCW17JbPBMVTkvxrsliEmh5mvbEpNze6/xClmnG1m7qeekSw6M6PoeTYq\nRwgWsjsFBLt5obeOpNNe7Z9coRg3BUetglgjy4wsvasvoAe5tDfuxuNl7RfIZ6Qz\njDruscbtoVCANgJFv08ACNq1wMAWBFe8h/3bv8IVLjMVjh/UwspNREglTQAQjbhO\nKBsT8gECgYEA4mzbfq9XGAYg1/+AgHFLOiQ6YbEZu3dWUFWVrvoqpuMqovwHVms4\nu980rn0MtAUU6cL6FtZmz+Pon1mFmxOF5ox5Ok9RJEd/BBI2un1iQ6Ws+85/8Nf8\nJ2RqrDM5bJawALUhkWwThtDPj8xARTAGiEXISIO7EXmnTAuBh0Crb70CgYEA47XM\n4c4LYO6lCMqZIWMEyVJOQhtXL8RALxjEf6ul7KMjse+IBo/siUgIegKvLi1yB33G\n3l6UMryUqHNNQBzccu57QMkKpDxi/S32PGf5SloDhFuqgJxVw5iP8vA7IadYqCtT\nBfHwHsgsqgNS0Xspz+o1fKDq/kTJJ6mLbB5nmYcCgYBZlgx6YVGqVbJlA9iJ+Ul0\nZaUbxgCSZbMm8dXZd22svjC+b81Pafj2jGfBqgR+rYwKuXRN2OKw2lHNypPMObs+\n7tGAOqW2HvuoVrSEsNtSPJjmwFtqpWpFA7wZCeNsjWpxvTjc2tAXBUM6d+vt9ASB\nomqOFmDLl0CUG/FR3Ep4WQKBgHisgM5trjQJZGZ7T5mU6xVxy81Wxeanf0g2PPRX\n18/HSQRkJ1cq8LRz+yIFyCaVqOd1bW2s+6bDr5hxuk+uu9kgryrPIBeXdPItaF/s\nzfzsJQ8AsSQFNaI5eJfLXdrg36gHhbER3SnC9YCH0Fz5g1gPC5dnhAGKHHwrapq6\npjaDAoGBAKq0NueQYXWfsHayzG19ddSVCkhDkts+LivXDzCrRZ5AG2zoSdiizi5C\nX5LGYQLKY6fbcGAyTpf91LeVEP/HWeWe2lQeevzJLwE4KcGGwIZh7cLMLEhJ3v0/\nly7RZghRdh9AbUov0qh9O35zJlVIcyMYaqhLldkKf+ODTSLH9899\n-----END RSA PRIVATE KEY-----\n",
                            "public_key_fingerprint_md5": "d9:69:42:f0:6d:73:5d:c3:d4:4e:65:09:b8:d7:96:5f",
                            "public_key_openssh": "ssh-rsa AAAAB3NzaC1yc2EAAAADAQABAAABAQDJZ1LO/N+5/DMq34EQnnXlBeod2BMwszRo9OUr/icCRy0AP8OHbL3NK7jV3DhPmiGBfCbdxtcxpaip6SfsXLsWVYZ08jBVO23erySeESFjSksvXmyDq0SmtujLEt2R6z+ytVuPyipQVQLDjLqc6TJnIAO+u4c1SSWLwa+NzyZuPMB1ZqWHwFhHrxFcKUpvi9gJUqRaAuZADfV73Ty+KupANUAaZP3CPwhcvO3PTpQJiYbGGQv2U8MZkiyIElj+44CmRlXYzuRqucdgjdrZBFf6PkjJaHrvyxF4eo+4gJavS+Lx+F/2LMwlrggvqVZ40IqTe0Z8BkbpPt4+AserOuGr\n",
                            "public_key_pem": "-----BEGIN PUBLIC KEY-----\nMIIBIjANBgkqhkiG9w0BAQEFAAOCAQ8AMIIBCgKCAQEAyWdSzvzfufwzKt+BEJ51\n5QXqHdgTMLM0aPTlK/4nAkctAD/Dh2y9zSu41dw4T5ohgXwm3cbXMaWoqekn7Fy7\nFlWGdPIwVTtt3q8knhEhY0pLL15sg6tEprboyxLdkes/srVbj8oqUFUCw4y6nOky\nZyADvruHNUkli8Gvjc8mbjzAdWalh8BYR68RXClKb4vYCVKkWgLmQA31e908virq\nQDVAGmT9wj8IXLztz06UCYmGxhkL9lPDGZIsiBJY/uOApkZV2M7karnHYI3a2QRX\n+j5IyWh678sReHqPuICWr0vi8fhf9izMJa4IL6lWeNCKk3tGfAZG6T7ePgLHqzrh\nqwIDAQAB\n-----END PUBLIC KEY-----\n",
                            "rsa_bits": "2048"
                        },
                        "meta": {},
                        "tainted": false
                    },
                    "deposed": [],
                    "provider": "provider.tls"
                },
                "tls_self_signed_cert.vault-ca": {
                    "type": "tls_self_signed_cert",
                    "depends_on": [
                        "tls_private_key.vault-ca"
                    ],
                    "primary": {
                        "id": "291650325936169209199570363419118176701",
                        "attributes": {
                            "allowed_uses.#": "3",
                            "allowed_uses.0": "cert_signing",
                            "allowed_uses.1": "digital_signature",
                            "allowed_uses.2": "key_encipherment",
                            "cert_pem": "-----BEGIN CERTIFICATE-----\nMIIDMzCCAhugAwIBAgIRANtpz0IEIp77xXJjOqXGib0wDQYJKoZIhvcNAQELBQAw\nMzEYMBYGA1UEChMPSGFzaGlDb3JwIFZhdWx0MRcwFQYDVQQDEw52YXVsdC1jYS5s\nb2NhbDAeFw0xODEwMDExMzQ1NDBaFw0xOTEwMDExMzQ1NDBaMDMxGDAWBgNVBAoT\nD0hhc2hpQ29ycCBWYXVsdDEXMBUGA1UEAxMOdmF1bHQtY2EubG9jYWwwggEiMA0G\nCSqGSIb3DQEBAQUAA4IBDwAwggEKAoIBAQDJZ1LO/N+5/DMq34EQnnXlBeod2BMw\nszRo9OUr/icCRy0AP8OHbL3NK7jV3DhPmiGBfCbdxtcxpaip6SfsXLsWVYZ08jBV\nO23erySeESFjSksvXmyDq0SmtujLEt2R6z+ytVuPyipQVQLDjLqc6TJnIAO+u4c1\nSSWLwa+NzyZuPMB1ZqWHwFhHrxFcKUpvi9gJUqRaAuZADfV73Ty+KupANUAaZP3C\nPwhcvO3PTpQJiYbGGQv2U8MZkiyIElj+44CmRlXYzuRqucdgjdrZBFf6PkjJaHrv\nyxF4eo+4gJavS+Lx+F/2LMwlrggvqVZ40IqTe0Z8BkbpPt4+AserOuGrAgMBAAGj\nQjBAMA4GA1UdDwEB/wQEAwICpDAPBgNVHRMBAf8EBTADAQH/MB0GA1UdDgQWBBTO\nqsHo0p1k6J2Eg+cOGB8yotdpHzANBgkqhkiG9w0BAQsFAAOCAQEAqYfUAEbOhgBv\ndodDykg/vofQzndtsEBKcpHMvIx/OsRzsuwNwdfWoeGBsqnYbNB+Lq97zO/p54AK\nWIdGp4VoPZBIEVDchKTJhE4+E7znTFQGv3Juciw/BucCjqKIsDLgW/drIqiJcaMo\nC6AiyKRsnk31vL+TU3otkpPVPEOmj94+BE0eCUmb39PCkfqtfbmKkimuyikLcAjy\nNauGBURsZBgmjzNY4o3fVujzKiv1KrmJDdAjiJhdArXKQob00gCSMkQARpNmMsc6\nONVDeZnRlja2/QZa9MHMk3eu/3+Ok7+6Dr/KaXtLWnfWeDma8nsiKTpBkrxWil4e\nF2iDR3WGHw==\n-----END CERTIFICATE-----\n",
                            "early_renewal_hours": "0",
                            "id": "291650325936169209199570363419118176701",
                            "is_ca_certificate": "true",
                            "key_algorithm": "RSA",
                            "private_key_pem": "5478720afc9e15750bd56d6b4b55740394c4f66c",
                            "subject.#": "1",
                            "subject.0.common_name": "vault-ca.local",
                            "subject.0.country": "",
                            "subject.0.locality": "",
                            "subject.0.organization": "HashiCorp Vault",
                            "subject.0.organizational_unit": "",
                            "subject.0.postal_code": "",
                            "subject.0.province": "",
                            "subject.0.serial_number": "",
                            "subject.0.street_address.#": "0",
                            "validity_end_time": "2019-10-01T15:45:40.075486845+02:00",
                            "validity_period_hours": "8760",
                            "validity_start_time": "2018-10-01T15:45:40.075486845+02:00"
                        },
                        "meta": {},
                        "tainted": false
                    },
                    "deposed": [],
                    "provider": "provider.tls"
                }
            },
            "depends_on": []
        }
    ]
}
