{
    "version": 3,
    "terraform_version": "0.11.8",
    "serial": 97,
    "lineage": "9bb09a06-7ee7-3279-3b1e-7ceda18ff006",
    "modules": [
        {
            "path": [
                "root"
            ],
            "outputs": {
                "gcp_cluster_endpoint": {
                    "sensitive": false,
                    "type": "string",
                    "value": "104.199.19.174"
                },
                "gcp_cluster_name": {
                    "sensitive": false,
                    "type": "string",
                    "value": "kafka-labo"
                },
                "gcp_ssh_command": {
                    "sensitive": false,
                    "type": "string",
                    "value": "ssh admin@104.199.19.174"
                },
                "region": {
                    "sensitive": false,
                    "type": "string",
                    "value": "europe-west1"
                },
                "vault_address": {
                    "sensitive": false,
                    "type": "string",
                    "value": "35.241.130.246"
                },
                "vault_token": {
                    "sensitive": false,
                    "type": "string",
                    "value": "bfdf94ba-77ff-7212-5863-4788e59c9461"
                },
                "zone": {
                    "sensitive": false,
                    "type": "string",
                    "value": "europe-west1-b"
                }
            },
            "resources": {
                "data.google_container_engine_versions.kube_version": {
                    "type": "google_container_engine_versions",
                    "depends_on": [],
                    "primary": {
                        "id": "2018-10-26 17:22:37.06052 +0000 UTC",
                        "attributes": {
                            "default_cluster_version": "1.9.7-gke.6",
                            "id": "2018-10-26 17:22:37.06052 +0000 UTC",
                            "latest_master_version": "1.10.7-gke.6",
                            "latest_node_version": "1.10.7-gke.6",
                            "valid_master_versions.#": "3",
                            "valid_master_versions.0": "1.10.7-gke.6",
                            "valid_master_versions.1": "1.10.6-gke.6",
                            "valid_master_versions.2": "1.9.7-gke.6",
                            "valid_node_versions.#": "38",
                            "valid_node_versions.0": "1.10.7-gke.6",
                            "valid_node_versions.1": "1.10.7-gke.2",
                            "valid_node_versions.10": "1.10.5-gke.2",
                            "valid_node_versions.11": "1.10.5-gke.0",
                            "valid_node_versions.12": "1.10.4-gke.3",
                            "valid_node_versions.13": "1.10.4-gke.2",
                            "valid_node_versions.14": "1.10.4-gke.0",
                            "valid_node_versions.15": "1.10.2-gke.4",
                            "valid_node_versions.16": "1.10.2-gke.3",
                            "valid_node_versions.17": "1.10.2-gke.1",
                            "valid_node_versions.18": "1.9.7-gke.6",
                            "valid_node_versions.19": "1.9.7-gke.5",
                            "valid_node_versions.2": "1.10.7-gke.1",
                            "valid_node_versions.20": "1.9.7-gke.4",
                            "valid_node_versions.21": "1.9.7-gke.3",
                            "valid_node_versions.22": "1.9.7-gke.1",
                            "valid_node_versions.23": "1.9.7-gke.0",
                            "valid_node_versions.24": "1.9.6-gke.2",
                            "valid_node_versions.25": "1.9.6-gke.1",
                            "valid_node_versions.26": "1.9.3-gke.0",
                            "valid_node_versions.27": "1.8.12-gke.3",
                            "valid_node_versions.28": "1.8.12-gke.2",
                            "valid_node_versions.29": "1.8.12-gke.1",
                            "valid_node_versions.3": "1.10.6-gke.6",
                            "valid_node_versions.30": "1.8.12-gke.0",
                            "valid_node_versions.31": "1.8.10-gke.2",
                            "valid_node_versions.32": "1.8.10-gke.0",
                            "valid_node_versions.33": "1.8.9-gke.1",
                            "valid_node_versions.34": "1.8.8-gke.0",
                            "valid_node_versions.35": "1.7.15-gke.0",
                            "valid_node_versions.36": "1.7.12-gke.2",
                            "valid_node_versions.37": "1.6.13-gke.1",
                            "valid_node_versions.4": "1.10.6-gke.4",
                            "valid_node_versions.5": "1.10.6-gke.3",
                            "valid_node_versions.6": "1.10.6-gke.2",
                            "valid_node_versions.7": "1.10.6-gke.1",
                            "valid_node_versions.8": "1.10.5-gke.4",
                            "valid_node_versions.9": "1.10.5-gke.3",
                            "zone": "europe-west1-b"
                        },
                        "meta": {},
                        "tainted": false
                    },
                    "deposed": [],
                    "provider": "provider.google"
                },
                "data.google_kms_secret.root-token": {
                    "type": "google_kms_secret",
                    "depends_on": [
                        "data.http.root-token",
                        "google_kms_crypto_key.vault-server-init"
                    ],
                    "primary": {
                        "id": "2018-10-26 17:22:38.672276 +0000 UTC",
                        "attributes": {
                            "ciphertext": "CiQASrtmOcGbY9K/a0HfPr/I42kgKgJlLBByoWE/FYgHBESrbXMSTQAFPD6WfO8lFRLC1tF8k97esZ3uLmq5wKlO0KYOyE3w7H9MMB3AHd45tij8nZBK3uQx1xKc6Jwp3LuBqdaXoxV/Olp8d07+14dS1/ue",
                            "crypto_key": "projects/kube-kafka-labo/locations/europe-west1/keyRings/vault-server/cryptoKeys/vault-init",
                            "id": "2018-10-26 17:22:38.672276 +0000 UTC",
                            "plaintext": "bfdf94ba-77ff-7212-5863-4788e59c9461"
                        },
                        "meta": {},
                        "tainted": false
                    },
                    "deposed": [],
                    "provider": "provider.google"
                },
                "data.google_storage_object_signed_url.root-token": {
                    "type": "google_storage_object_signed_url",
                    "depends_on": [
                        "google_service_account_key.vault",
                        "google_storage_bucket.vault-server"
                    ],
                    "primary": {
                        "id": "f%2Fe5K3%2FbzQb6OiTf3E9II530KtWxzfvqpU%2FbRTeSvluJ4vlAWokhlsa8rjA4HMFuRxu6%2Fsfm1aeCifY3Gnj3fSTx1dvJ1dz22qnEhDGHrIdttqoIZxIUspbfDppTxn4UOlpYO85Kgtn5YD%2BaDGkGD6rHEKgDfXZWLl01Asi5w7iTaGt3GWb9bRC5vvTMQRvKMhF82JnD3Qv247Jl72nnW2dW4frMPvS%2BqZDI5BA%2FT95qZ0uCHj3InuLt09GUZ6ekZIb2gaswghkgFWKLxrrr0O7nNj%2BnD%2BUKSpkGlmgt8YoKCpUaN5KoXlJvr1cx83af5lisgA50qJd%2Bsa4%2BhTu2yA%3D%3D",
                        "attributes": {
                            "bucket": "kube-kafka-labo-vault",
                            "credentials": "{\n  \"type\": \"service_account\",\n  \"project_id\": \"kube-kafka-labo\",\n  \"private_key_id\": \"fc9e91a2638a8e2fd4ed2b6e4498d31f6970939f\",\n  \"private_key\": \"-----BEGIN PRIVATE KEY-----\\nMIIEvQIBADANBgkqhkiG9w0BAQEFAASCBKcwggSjAgEAAoIBAQC76iGPLSXorub2\\nFn2Rwvt3KlRAxhgWNR2mt26LpYiNz2vqvKyDk5q1wGKrZd47+toga8K6c+nlMQhn\\nHBoAkbOtElAWhczEh0rwF6K4em3HwemO8zzVK1BOIMRzrkIgrfIxIZrI3s4fG+Zt\\n+Oo399zzwLSsJmHI9xnLz2s/X8qbHmJq6/qMHy8CtroM8p5x/BQdGotmt5/D0LUg\\n5d4h+vVToCxHj9TNtIamX0Ex+FKk39krhIUgpExSylTURxM6C23qKaaoHIUJ2vff\\nBUTMYoKuk7obHXlUFyJL8WI1LwW7djuw/XQDNbEY62o0EtBZAiMS3w28G5Thlg1A\\nK+l2V3cHAgMBAAECggEAGgm6NrWh0BkUJbs+EQl8gKmb3RHV2pXnkudN6Qm53zSD\\nlpYoLV8xi8eppGhMH/GFcgKci+tt2HUv3eG19Kg7xlqIQGav1feNObF8uaU1Ov2y\\nmD06C6uhyAGgVwspXI/dxFMMuJKu6v6ZsllQUwsEUb49CrGS0R70Mxp9mN10HIQf\\nGfWEfiAR/pIlvN0VUYkecq6un2qAGxbCCx1XhidSUa2hD9A91RFqUfyJP/VIUWhU\\nfbN94alwE6WEJWUYeWnvW5CIiiFzB07eecgSkaPlfF4XnF56irNbCohRQ8jg+eKc\\ncOFqur/VQgvcJAqrv3MzQB3DCb5MQ0X7fcBe9KEYKQKBgQD2iwas2aBdYPNUOr0K\\nSeC8fZpXN/Y3nTlq60CZM5fwewnqd/dIj3EU/5XRavSd/i/y1MPW4EcLMBH4I/Im\\nuZdNOOHsO827QjGP9sUYDD5psqvsmwiOKn8HaWrWxlM4qCc5McQ0qna/LyJip2tH\\n9YrGvAjNixyK964aQHbTgYkNhQKBgQDDH2RYrGsjbF20gErF5Va9mDIbXz11ozKl\\nL0N8Xk7vDftMyvbMpnpDk5fQdSlqxZ9MXDjemBzuOWzYTsG+ZUQnTaEIk8Zs14k3\\n2hVfFD+/x/Y8q+pwDGtuFDABPT0mgMjs6s2uwHGW44YLBQi9hk+7pKSaPxw+gGGZ\\nTa/ShigCGwKBgQDh4fzKr1XDWEl4uZxr6cYzTGz1TjuTNsTdlg8IjoG9/izWmvWA\\nkJPN5mHQjkry2mn59UA9Bh1xPaipDd4V5uKeCOjNdPmIgRxBx5lK8CTa2K22SVDs\\nWDkshEQz5V9oQIA3YcZfbnL/tWKuuq+LLYfpj2wNTlBnboggW0HDhSIZtQKBgAwM\\nkTbElu0eEP9HeNaVnfChSF7WV8Y+6K64p3Mzo64xb9ZDJlBm61/m6lYOFhuoznh5\\nrW1ZeVfgpe8Jlf8646WFrq8H6RXpjWish+tSJcmjAHqopxZ6PdwTVQ+Oh4ssIrw2\\nl7L14U3PCQT/L5X8iEnvFdcMlKLrbJt556SZcjkHAoGAHRedZSTqt68BJB9c9F0f\\n9WXJSZ+aParF27KerewScVVRIuCdUjczmtTYW+3Z7zVCdwzyNoq0fz4tomXqqRbd\\n+Y1NazF++yOTF03PtMv3LYKnZN2r8dxtJ+6Ju+miTmUHFZz7lg1i0YvqixutBcHj\\nw/ciHng6kiYxV95h0ywjuAw=\\n-----END PRIVATE KEY-----\\n\",\n  \"client_email\": \"vault-server@kube-kafka-labo.iam.gserviceaccount.com\",\n  \"client_id\": \"110823128078168980611\",\n  \"auth_uri\": \"https://accounts.google.com/o/oauth2/auth\",\n  \"token_uri\": \"https://oauth2.googleapis.com/token\",\n  \"auth_provider_x509_cert_url\": \"https://www.googleapis.com/oauth2/v1/certs\",\n  \"client_x509_cert_url\": \"https://www.googleapis.com/robot/v1/metadata/x509/vault-server%40kube-kafka-labo.iam.gserviceaccount.com\"\n}\n",
                            "duration": "1h",
                            "http_method": "GET",
                            "id": "f%2Fe5K3%2FbzQb6OiTf3E9II530KtWxzfvqpU%2FbRTeSvluJ4vlAWokhlsa8rjA4HMFuRxu6%2Fsfm1aeCifY3Gnj3fSTx1dvJ1dz22qnEhDGHrIdttqoIZxIUspbfDppTxn4UOlpYO85Kgtn5YD%2BaDGkGD6rHEKgDfXZWLl01Asi5w7iTaGt3GWb9bRC5vvTMQRvKMhF82JnD3Qv247Jl72nnW2dW4frMPvS%2BqZDI5BA%2FT95qZ0uCHj3InuLt09GUZ6ekZIb2gaswghkgFWKLxrrr0O7nNj%2BnD%2BUKSpkGlmgt8YoKCpUaN5KoXlJvr1cx83af5lisgA50qJd%2Bsa4%2BhTu2yA%3D%3D",
                            "path": "root-token.enc",
                            "signed_url": "https://storage.googleapis.com/kube-kafka-labo-vault/root-token.enc?GoogleAccessId=vault-server@kube-kafka-labo.iam.gserviceaccount.com\u0026Expires=1540578158\u0026Signature=f%2Fe5K3%2FbzQb6OiTf3E9II530KtWxzfvqpU%2FbRTeSvluJ4vlAWokhlsa8rjA4HMFuRxu6%2Fsfm1aeCifY3Gnj3fSTx1dvJ1dz22qnEhDGHrIdttqoIZxIUspbfDppTxn4UOlpYO85Kgtn5YD%2BaDGkGD6rHEKgDfXZWLl01Asi5w7iTaGt3GWb9bRC5vvTMQRvKMhF82JnD3Qv247Jl72nnW2dW4frMPvS%2BqZDI5BA%2FT95qZ0uCHj3InuLt09GUZ6ekZIb2gaswghkgFWKLxrrr0O7nNj%2BnD%2BUKSpkGlmgt8YoKCpUaN5KoXlJvr1cx83af5lisgA50qJd%2Bsa4%2BhTu2yA%3D%3D"
                        },
                        "meta": {},
                        "tainted": false
                    },
                    "deposed": [],
                    "provider": "provider.google"
                },
                "data.http.root-token": {
                    "type": "http",
                    "depends_on": [
                        "data.google_storage_object_signed_url.root-token"
                    ],
                    "primary": {
                        "id": "2018-10-26 17:22:38.61259 +0000 UTC",
                        "attributes": {
                            "body": "CiQASrtmOcGbY9K/a0HfPr/I42kgKgJlLBByoWE/FYgHBESrbXMSTQAFPD6WfO8lFRLC1tF8k97esZ3uLmq5wKlO0KYOyE3w7H9MMB3AHd45tij8nZBK3uQx1xKc6Jwp3LuBqdaXoxV/Olp8d07+14dS1/ue",
                            "id": "2018-10-26 17:22:38.61259 +0000 UTC",
                            "url": "https://storage.googleapis.com/kube-kafka-labo-vault/root-token.enc?GoogleAccessId=vault-server@kube-kafka-labo.iam.gserviceaccount.com\u0026Expires=1540578158\u0026Signature=f%2Fe5K3%2FbzQb6OiTf3E9II530KtWxzfvqpU%2FbRTeSvluJ4vlAWokhlsa8rjA4HMFuRxu6%2Fsfm1aeCifY3Gnj3fSTx1dvJ1dz22qnEhDGHrIdttqoIZxIUspbfDppTxn4UOlpYO85Kgtn5YD%2BaDGkGD6rHEKgDfXZWLl01Asi5w7iTaGt3GWb9bRC5vvTMQRvKMhF82JnD3Qv247Jl72nnW2dW4frMPvS%2BqZDI5BA%2FT95qZ0uCHj3InuLt09GUZ6ekZIb2gaswghkgFWKLxrrr0O7nNj%2BnD%2BUKSpkGlmgt8YoKCpUaN5KoXlJvr1cx83af5lisgA50qJd%2Bsa4%2BhTu2yA%3D%3D"
                        },
                        "meta": {},
                        "tainted": false
                    },
                    "deposed": [],
                    "provider": "provider.http"
                },
                "data.local_file.vault-ca-truststore": {
                    "type": "local_file",
                    "depends_on": [
                        "tls_self_signed_cert.vault-ca"
                    ],
                    "primary": {
                        "id": "71abdfaea1ddf891d5ebcbac05ff20a3aa065e56",
                        "attributes": {
                            "content": "����\u0000\u0000\u0000\u0002\u0000\u0000\u0000\u0001\u0000\u0000\u0000\u0002\u0000\u0006caroot\u0000\u0000\u0001f}A�\u0000\u0005X.509\u0000\u0000\u000550�\u000510�\u0003\u0019�\u0003\u0002\u0001\u0002\u0002\u0011\u0000���*Pm�x1��4ͣP�0\r\u0006\t*�H��\r\u0001\u0001\u000b\u0005\u0000021\u00180\u0016\u0006\u0003U\u0004\n\u0013\u000fHashiCorp Vault1\u00160\u0014\u0006\u0003U\u0004\u0003\u0013\rcluster.local0\u001e\u0017\r181016142216Z\u0017\r191016142216Z021\u00180\u0016\u0006\u0003U\u0004\n\u0013\u000fHashiCorp Vault1\u00160\u0014\u0006\u0003U\u0004\u0003\u0013\rcluster.local0�\u0002\"0\r\u0006\t*�H��\r\u0001\u0001\u0001\u0005\u0000\u0003�\u0002\u000f\u00000�\u0002\n\u0002�\u0002\u0001\u0000�؃�䜵�'���Rm\u001c��)��t��I�`�\u0026�X��\u000cKlc�\u000f-{��d�\u0007݁R\u0007�g2I��\u0015[mld�Q�����$,\u0005�0;��e����h�iq|��c\u0000�h1������Ԣ�a�s���=��)��\u0010���W\t_\u0000i(��{q�\u0016∏�HU��6X��|t�d�=3ǉ\u0012��C}�\u001f\u0011��,\u003e\u0010��V-��/j���4��t�ܒS/���\u0003�ώ�K�\u0015���؇��\r�V\u001fN�Å�\u0017�^��ڿ�u�B�\u0002g��w��\u001d�88[=\u0011��7\u000b\u0006`\u0026��0ͣ���nJ\u0019,!�l+��IBU�'Il\u0026ĕZ̰�2�F�@͢�����$l�+*\u0011\u0018\u001dR�l����)���ͷ]��3J�TI�\u0001�w=]P���{\u0014�i���\u001b����Dd����Z\u0016\\}ɢ�\u0001x��[�\u000b��\u0004��w~�\n-L�\u0011/�T\u0012�c+�%%rP2Y��@U%\u0018�S\u0018�*G�������2!w���\u0006�q\u0011����\u001e�\u000f\u000eF�\u000c�\u001b����\u001eH�CĽ�\u0004�%�w�^`�-y\u000eh\u001f}~�����a�\u000b�^!\t\u001d�̈�S\u000f�(���L����\u0007��\u0000;`��f ���E\u0010`��Vt�3�6�\u0002\u0003\u0001\u0000\u0001�B0@0\u000e\u0006\u0003U\u001d\u000f\u0001\u0001�\u0004\u0004\u0003\u0002\u0002�0\u000f\u0006\u0003U\u001d\u0013\u0001\u0001�\u0004\u00050\u0003\u0001\u0001�0\u001d\u0006\u0003U\u001d\u000e\u0004\u0016\u0004\u0014�4�����\u0019שiх�[\u0011��#[0\r\u0006\t*�H��\r\u0001\u0001\u000b\u0005\u0000\u0003�\u0002\u0001\u0000�#\u0007��'n��\u000b|�����|\u0017y׸\u0006`\u0018ך X�\r`�\u001c�@ڝ�D�D��9�\u0017\u0005\u000b{��@�Z9yD����9^���\u0001'�\tx�����\u0002��Vnr�$T\u0014�I�?�Vs�\n,m�\\To�%\u003edNQ^\u001c��Hr�D�\u0026o���A��\u000f�Mu���C� 6�x^�f�R�fx$ndw` ��v\u001e'e���u\n7\u001d�NEn{�\u0015b�g̶�`��\u003c\u0017�\"=�I��f�|i\rJ+�Aކ�\u0005\u0002���X�Lt�ǰ�3\u000eٞ\u0006s�(I���RX\u001d$\u0007\u0001�5\u0003�b\"�Be4G�y�w�߀��,~Ib�U���\u001b'���\tS�\u0004!H\u0004���\u0017\u0004{ܨT�)�o�\u0013�Q�\u0018�6�Q��b��)��y�x�fZ��T��\u0017��\n����'ʍ_�\"��\u0002\t\u0017\\�\"mY�\u001eP\u0016�(���!��5���\u003eO,�+�\u003e\u000f����L\u0007�\u0015F�������jP;�f᭣�g�W�nWj~�2X�H�R�e�]RvH�\u001d,����W\u001aZ\u003eq���\u0004��\n�\r��5\u0006��\r���̒\u000e,�\"�\u0015��6�˝\u0003�ap]��+Y\u0001��q)�H�}�,p����w�\u0016g��\u0019��6ҋk�W�7�7P�Ű�\u0002��W�o�\u001b��T\u001e���d=N\u001fL:���\u000c\u0015",
                            "filename": "tls/truststore.jks",
                            "id": "71abdfaea1ddf891d5ebcbac05ff20a3aa065e56"
                        },
                        "meta": {},
                        "tainted": false
                    },
                    "deposed": [],
                    "provider": "provider.local"
                },
                "google_compute_address.vault": {
                    "type": "google_compute_address",
                    "depends_on": [
                        "google_project_service.service"
                    ],
                    "primary": {
                        "id": "kube-kafka-labo/europe-west1/vault-lb",
                        "attributes": {
                            "address": "35.241.130.246",
                            "address_type": "EXTERNAL",
                            "creation_timestamp": "2018-09-30T12:48:41.971-07:00",
                            "description": "",
                            "id": "kube-kafka-labo/europe-west1/vault-lb",
                            "label_fingerprint": "42WmSpB8rSM=",
                            "labels.%": "0",
                            "name": "vault-lb",
                            "network_tier": "PREMIUM",
                            "project": "kube-kafka-labo",
                            "region": "europe-west1",
                            "self_link": "https://www.googleapis.com/compute/v1/projects/kube-kafka-labo/regions/europe-west1/addresses/vault-lb",
                            "subnetwork": "",
                            "users.#": "1",
                            "users.0": "https://www.googleapis.com/compute/beta/projects/kube-kafka-labo/regions/europe-west1/forwardingRules/a2d478f4fd14f11e8a32142010a8400a"
                        },
                        "meta": {
                            "e2bfb730-ecaa-11e6-8f88-34363bc7c4c0": {
                                "create": 240000000000,
                                "delete": 240000000000,
                                "update": 240000000000
                            }
                        },
                        "tainted": false
                    },
                    "deposed": [],
                    "provider": "provider.google"
                },
                "google_container_cluster.gcp_kubernetes": {
                    "type": "google_container_cluster",
                    "depends_on": [
                        "data.google_container_engine_versions.kube_version"
                    ],
                    "primary": {
                        "id": "kafka-labo",
                        "attributes": {
                            "additional_zones.#": "0",
                            "addons_config.#": "1",
                            "addons_config.0.horizontal_pod_autoscaling.#": "1",
                            "addons_config.0.horizontal_pod_autoscaling.0.disabled": "true",
                            "addons_config.0.http_load_balancing.#": "1",
                            "addons_config.0.http_load_balancing.0.disabled": "true",
                            "addons_config.0.kubernetes_dashboard.#": "1",
                            "addons_config.0.kubernetes_dashboard.0.disabled": "true",
                            "addons_config.0.network_policy_config.#": "1",
                            "addons_config.0.network_policy_config.0.disabled": "true",
                            "cluster_ipv4_cidr": "10.40.0.0/14",
                            "description": "",
                            "enable_binary_authorization": "false",
                            "enable_kubernetes_alpha": "false",
                            "enable_legacy_abac": "false",
                            "endpoint": "104.199.19.174",
                            "id": "kafka-labo",
                            "initial_node_count": "3",
                            "instance_group_urls.#": "1",
                            "instance_group_urls.0": "https://www.googleapis.com/compute/v1/projects/kube-kafka-labo/zones/europe-west1-b/instanceGroups/gke-kafka-labo-default-pool-3328d5bb-grp",
                            "ip_allocation_policy.#": "0",
                            "logging_service": "logging.googleapis.com/kubernetes",
                            "maintenance_policy.#": "0",
                            "master_auth.#": "1",
                            "master_auth.0.client_certificate": "LS0tLS1CRUdJTiBDRVJUSUZJQ0FURS0tLS0tCk1JSUMyekNDQWNPZ0F3SUJBZ0lSQUtjSVlRNkFaaEJFek4xWm5vSldibmd3RFFZSktvWklodmNOQVFFTEJRQXcKTHpFdE1Dc0dBMVVFQXhNa09UYzJZVE16WkRFdE5HTXdOQzAwWWpNNUxXSTNaRFV0WlRVNE16Y3lNV1JsTVRabQpNQjRYRFRFNE1UQXhOakE0TlRJek9Wb1hEVEl6TVRBeE5UQTROVEl6T1Zvd0VURVBNQTBHQTFVRUF4TUdZMnhwClpXNTBNSUlCSWpBTkJna3Foa2lHOXcwQkFRRUZBQU9DQVE4QU1JSUJDZ0tDQVFFQTFXZHRPNjZGcmpYT3ZoSkgKbUFCRGI0L0M3dWFHdEozdm00U3g3NE5ZaFRHQUFGUlR3Y2FiMG9vTWNUbzh2d0lISkZwOWsrNVNZYU9BV1lLRwpDK0RXbUtocGFobXNYUHhzTFluVzZzSUptcElpaU5BSmtOUnUxS2RQSFJJMDFZUmFkbXk1MzFjamxRRjQySFpoCmk5YTAzZmhlTkVuYWlnRS85UUxQRTJqa0tZcE9PQzZaTDcvUG1aQ3I4dGpDcmc4QXcyTFlQL2xIVVd2aG1pVUYKWXMraHFMV0wvMThLVEJ3cGEvQ0pXU01melFIRU1hSmxSMW10SE5GVDJlQm1jRnZ1Wlp3bHptd3RCU3A1R1BsNgp5NlJaV3k1dXpidWVnekY1MmUyNWVnS2VndFZxWEx2dWYvZVhaR1BCZ0x2dURsd3VObmhPN1A0SXFIQ1AyenZ3CndWSGU3d0lEQVFBQm94QXdEakFNQmdOVkhSTUJBZjhFQWpBQU1BMEdDU3FHU0liM0RRRUJDd1VBQTRJQkFRQXEKOEtKbWpVUXB0Q1ZmdWxhZG9WN1Fyazc2UnlOWEVkeGFoMExTQTFRRkpHT1FDZ0ZnSThkbHVaaWkxMksrNGlLTApLU1NjZWVoam5pM0FuN21OL1R3NlA3OVFSMDlTd3RGR3lkTjJmTUo3NVE1WThqelgzVWpiVmJRU2EzUkplSzY1ClArQU9xeXFyaTErUElpMjZWRDdQZ2piSTBsQ29wbzlJRnIzYTMwbXRUSFQxb09ES3Z3NEk2Y09PdjlaRUhZZDkKaW1HMzVPOVB0SFhLU25XbEVLdjZPVS9scTJNcE9ZWmVJcmtvK3ZCbjlLY3FBeUZVaktHNTllVTUxN2hOTVJPSQpUaU1OZXNWazdSdll3eGVUbmNxb1Z6Wktsd1hKYVFnQ2lRUE9rWTNGaXpiUmtLcmU1Nmd0YzV3VVR1Ly9FSitXCit4d25hbGM1RlVLcFR2Zm9idFdJCi0tLS0tRU5EIENFUlRJRklDQVRFLS0tLS0K",
                            "master_auth.0.client_certificate_config.#": "0",
                            "master_auth.0.client_key": "LS0tLS1CRUdJTiBSU0EgUFJJVkFURSBLRVktLS0tLQpNSUlFcEFJQkFBS0NBUUVBMVdkdE82NkZyalhPdmhKSG1BQkRiNC9DN3VhR3RKM3ZtNFN4NzROWWhUR0FBRlJUCndjYWIwb29NY1RvOHZ3SUhKRnA5ays1U1lhT0FXWUtHQytEV21LaHBhaG1zWFB4c0xZblc2c0lKbXBJaWlOQUoKa05SdTFLZFBIUkkwMVlSYWRteTUzMWNqbFFGNDJIWmhpOWEwM2ZoZU5FbmFpZ0UvOVFMUEUyamtLWXBPT0M2WgpMNy9QbVpDcjh0akNyZzhBdzJMWVAvbEhVV3ZobWlVRllzK2hxTFdMLzE4S1RCd3BhL0NKV1NNZnpRSEVNYUpsClIxbXRITkZUMmVCbWNGdnVaWndsem13dEJTcDVHUGw2eTZSWld5NXV6YnVlZ3pGNTJlMjVlZ0tlZ3RWcVhMdnUKZi9lWFpHUEJnTHZ1RGx3dU5uaE83UDRJcUhDUDJ6dnd3VkhlN3dJREFRQUJBb0lCQUEvT2F0UDdxbWJMdTlDWgpQYTMxQUY4RmcyeVFMT200M3Y2aVlVN2xFc3ZwYllVdUR5RndWVlNqL3FXWS9peUVUbTl6WW1URmNnV2pCM0V2CkkrcnMrdDF3eFQ5amFtc0lFL2ZRTGdKOUNuQVArSTNiVERJVmdmdFo3eGdFcEFtQ2xaNjY1bzR6MVVJR29MaEwKd0dXTUFDRXhjY0ltdHVYM2oyWUFPMjFCSE5FMHQxNUZkcCtwUklCbkhGclNjUFZJNFBydUExb3ZlOXcraGdBbQpqOWN3UVZURzlWcWV6RC9sczhEOHBmT3JNOFJubUoxTWRLZG1BVTNva0paWVNod096QUlRZnZTTVhiMHdHa0JqCi94L25WaHQ1d00zOGJtT1dCc0hkYTd6V1ZtYmludlpQMS9JUGFOUENJLzkrMWFTdW1pRWw4b0FocktLRyt1U0oKeWwzeWZiRUNnWUVBL3FkZ2twTWI5RFhkRXd2Y01leldITEREbmhlVjdYajA5WUN1NGtMcGhiajhBR3BGSzFVMwppOTN2VkJZaGpxY0ZneDFZTmJrRG52VFYveUtsSXdQaDlYeEhPbk5QaklTU09HNDBTUHM2NTBvaWJPSm1OWUdECjg1eXgvN1dObGNoS3ZlV2tIaUd0emJ4MndXTGlJemxPZ3VhTlpKTjN6b2FpS1JranNpL3k3VEVDZ1lFQTFvZzUKNDhmUDRFSTk5YjRkejViV2ppd2N5bTRpVzRWcXMxRk8xSU9QYWsvOTdCU1VMNzJCODY4TTVJNDZvaEpiUEJWZQpBbEIzUXNqZ0ZVU0dERzBFZnBldkdjTmdPT0N4TExKOS9RbUhpRG4vSnFYSkw1ZGhNYkFocytaZEpnNlVMTE9oCkQzQ0NGVGlQM20xamgwUFRhWWFSWks0NjhDTjJJWE5QenlEWUJoOENnWUVBK2Fnb3dxcWMza2dzYkM3VmV0REIKZlRGREp1dmluZ1ZXeXBXVlh0ZlF6N3Z5dTRsME5LNkFIWXpBeFFSSmMreUZOK3o5L1BWYyttcjRuZ0JlTzd6agp1Mk5UQlpmbEpsTVdjMkovdWdrcnozTmIycm4vRUhmZ1lHYUFEN3p6aVNQck9zODNuaDdRb1lJaVB5ZnRvakRkCnF2SFRMd1p3ajdab3ByZ3h5ZEMrYmhFQ2dZQWtQWWtCK0p3ZU56SitVK3AzU2ZUZXVZYjNqMWxRZXA1R3dvSjkKbGVmaFByZ1hiSGFJQmd4dzNPNWhvY0UzNWIveHkyNUJGOVM5dkc5V1NHZ1lxMFhxR0xla3M0T0t1REpWNmFVcwozTEkvaWdTWFE4UlR2TS9YYy9pTmltbkw1d1NTOUpsTm9XVG9MdERtOHpXd0FQNHl3bC9IVVVOMWs1ZitHSnV2CjBzMkxZd0tCZ1FETkxYc3R3MHE1ZC9ONWJkY1AyZFRIREhxMnFBbXgzSWZFSWZiUDMra0tERUZyQmpNOTEwdjEKdW9QeU4rdlRNbnZ6eTk5bWl1b1ZWalBlTHQ1dytEalMvZ29GZkE2SVhMR0dKbzNrQ1RIKy9pdHQ3WlZXYVJuVwpla3dZd05CT3B3NXQ5bk5YQ3dzVkx1QWU2WUwxNmRpRDIzdlZOYzFXeTZ3UTNkOHU1Wlh6akE9PQotLS0tLUVORCBSU0EgUFJJVkFURSBLRVktLS0tLQo=",
                            "master_auth.0.cluster_ca_certificate": "LS0tLS1CRUdJTiBDRVJUSUZJQ0FURS0tLS0tCk1JSURDekNDQWZPZ0F3SUJBZ0lRRjFLUmt1WS9lUkRHQlE3dTRsa3k1VEFOQmdrcWhraUc5dzBCQVFzRkFEQXYKTVMwd0t3WURWUVFERXlRNU56WmhNek5rTVMwMFl6QTBMVFJpTXprdFlqZGtOUzFsTlRnek56SXhaR1V4Tm1ZdwpIaGNOTVRneE1ERTJNRGMxTWpNNFdoY05Nak14TURFMU1EZzFNak00V2pBdk1TMHdLd1lEVlFRREV5UTVOelpoCk16TmtNUzAwWXpBMExUUmlNemt0WWpka05TMWxOVGd6TnpJeFpHVXhObVl3Z2dFaU1BMEdDU3FHU0liM0RRRUIKQVFVQUE0SUJEd0F3Z2dFS0FvSUJBUURFTllpWHdlSHo0Ums1aDc1Ty8wUEdzeHZMbS9hV3FpalV6WjVkQm01ZApKbEVhTzFnMmpTMnl2QlF6RERjWStiUXZHdXl1OENZNS9qNy9kUzJwYnhIWEkvcFBFajBBWCtBaDU3TlZlR241CkxZNTEyR1ZaemdhaDdCbVQxNHdZdEh3YmNabVlTRGFKUkdjN2JXNG5OZ0xqamRiSWlyZTk5TU8vdi9MdThRNXYKbzRETlpaV1RZeHVIcWg0TDlSdFI3VmhQMTZEUkhhbVJNaVdpUzBhRk9LZ0dwc3cvcStPNThZMmRMYUVOTXRPRwp4aVp0bVczckl4NVlDaE9McE9LOFFQMkR6b0JpOWlvbmtOWWk1d3c0bDZhR0ZKb2tzN0JQWk1NVEZydUo0VkRpClByRGZKbVU1QWhYOEFzc1hzNllaYno4TW9HVDFteW5IUE1tZnRkL05RWUZWQWdNQkFBR2pJekFoTUE0R0ExVWQKRHdFQi93UUVBd0lDQkRBUEJnTlZIUk1CQWY4RUJUQURBUUgvTUEwR0NTcUdTSWIzRFFFQkN3VUFBNElCQVFDZApoZWVxcitWcEdqaXUraG1sRmoxQlBGMGZMU2ErN2NRMlJheUE4KzZuNHZZUnFhYmcxZ2I5TzRvaUFZV28rOW55CkpBd2puTDFiZEwwNVJUaGMwMWI3anY5RU9JM3YvdUJtVGI0R2s3ajVPUVVpU2J2RlFkSThDaS9MeHo5SHZ1L24KZGZwVU9RM0hQQW8wL0RvbjF5WUpzSmFBRnFyczAvRmtkbzlCVHgrMC82R1I5eEdFaEMyTHE2K0ZaOEE5emFadQp5alYydk9CaFZWM1FLK21pOFNnWjhGaVpybE5zeTV0ZHBqQzZ6T1VqbGdrOEN5M2g5QjZadFRFQ0d6clhQV3ZQCjA4TGVWelVNeW01NzBYTFFqWkdrczVQL05GRkV3UjBWUlVnUnZuWWl2d1hJS1NnNm10ZHhKZStObkRwa0twdGQKYXd1eHFTc1AyMmZENmJUdEdQWisKLS0tLS1FTkQgQ0VSVElGSUNBVEUtLS0tLQo=",
                            "master_auth.0.password": "passwordpassword}",
                            "master_auth.0.username": "admin",
                            "master_authorized_networks_config.#": "0",
                            "master_ipv4_cidr_block": "",
                            "master_version": "1.10.7-gke.6",
                            "min_master_version": "1.10.7-gke.6",
                            "monitoring_service": "monitoring.googleapis.com/kubernetes",
                            "name": "kafka-labo",
                            "network": "projects/kube-kafka-labo/global/networks/default",
                            "network_policy.#": "1",
                            "network_policy.0.enabled": "false",
                            "network_policy.0.provider": "PROVIDER_UNSPECIFIED",
                            "node_config.#": "1",
                            "node_config.0.disk_size_gb": "10",
                            "node_config.0.disk_type": "pd-standard",
                            "node_config.0.guest_accelerator.#": "0",
                            "node_config.0.image_type": "COS",
                            "node_config.0.labels.%": "1",
                            "node_config.0.labels.this-is-for": "kafka-cluster",
                            "node_config.0.local_ssd_count": "0",
                            "node_config.0.machine_type": "n1-standard-1",
                            "node_config.0.metadata.%": "0",
                            "node_config.0.min_cpu_platform": "",
                            "node_config.0.oauth_scopes.#": "4",
                            "node_config.0.oauth_scopes.1277378754": "https://www.googleapis.com/auth/monitoring",
                            "node_config.0.oauth_scopes.1632638332": "https://www.googleapis.com/auth/devstorage.read_only",
                            "node_config.0.oauth_scopes.172152165": "https://www.googleapis.com/auth/logging.write",
                            "node_config.0.oauth_scopes.299962681": "https://www.googleapis.com/auth/compute",
                            "node_config.0.preemptible": "false",
                            "node_config.0.service_account": "default",
                            "node_config.0.tags.#": "2",
                            "node_config.0.tags.0": "kafka",
                            "node_config.0.tags.1": "labo",
                            "node_config.0.taint.#": "0",
                            "node_config.0.workload_metadata_config.#": "0",
                            "node_pool.#": "1",
                            "node_pool.0.autoscaling.#": "0",
                            "node_pool.0.initial_node_count": "3",
                            "node_pool.0.instance_group_urls.#": "1",
                            "node_pool.0.instance_group_urls.0": "https://www.googleapis.com/compute/v1/projects/kube-kafka-labo/zones/europe-west1-b/instanceGroupManagers/gke-kafka-labo-default-pool-3328d5bb-grp",
                            "node_pool.0.management.#": "1",
                            "node_pool.0.management.0.auto_repair": "false",
                            "node_pool.0.management.0.auto_upgrade": "false",
                            "node_pool.0.max_pods_per_node": "0",
                            "node_pool.0.name": "default-pool",
                            "node_pool.0.name_prefix": "",
                            "node_pool.0.node_config.#": "1",
                            "node_pool.0.node_config.0.disk_size_gb": "10",
                            "node_pool.0.node_config.0.disk_type": "pd-standard",
                            "node_pool.0.node_config.0.guest_accelerator.#": "0",
                            "node_pool.0.node_config.0.image_type": "COS",
                            "node_pool.0.node_config.0.labels.%": "1",
                            "node_pool.0.node_config.0.labels.this-is-for": "kafka-cluster",
                            "node_pool.0.node_config.0.local_ssd_count": "0",
                            "node_pool.0.node_config.0.machine_type": "n1-standard-1",
                            "node_pool.0.node_config.0.metadata.%": "0",
                            "node_pool.0.node_config.0.min_cpu_platform": "",
                            "node_pool.0.node_config.0.oauth_scopes.#": "4",
                            "node_pool.0.node_config.0.oauth_scopes.1277378754": "https://www.googleapis.com/auth/monitoring",
                            "node_pool.0.node_config.0.oauth_scopes.1632638332": "https://www.googleapis.com/auth/devstorage.read_only",
                            "node_pool.0.node_config.0.oauth_scopes.172152165": "https://www.googleapis.com/auth/logging.write",
                            "node_pool.0.node_config.0.oauth_scopes.299962681": "https://www.googleapis.com/auth/compute",
                            "node_pool.0.node_config.0.preemptible": "false",
                            "node_pool.0.node_config.0.service_account": "default",
                            "node_pool.0.node_config.0.tags.#": "2",
                            "node_pool.0.node_config.0.tags.0": "kafka",
                            "node_pool.0.node_config.0.tags.1": "labo",
                            "node_pool.0.node_config.0.taint.#": "0",
                            "node_pool.0.node_config.0.workload_metadata_config.#": "0",
                            "node_pool.0.node_count": "3",
                            "node_pool.0.version": "1.10.7-gke.6",
                            "node_version": "1.10.7-gke.6",
                            "pod_security_policy_config.#": "0",
                            "private_cluster": "false",
                            "project": "kube-kafka-labo",
                            "resource_labels.%": "0",
                            "subnetwork": "projects/kube-kafka-labo/regions/europe-west1/subnetworks/default",
                            "zone": "europe-west1-b"
                        },
                        "meta": {
                            "e2bfb730-ecaa-11e6-8f88-34363bc7c4c0": {
                                "create": 1800000000000,
                                "delete": 1800000000000,
                                "update": 600000000000
                            },
                            "schema_version": "1"
                        },
                        "tainted": false
                    },
                    "deposed": [],
                    "provider": "provider.google"
                },
                "google_kms_crypto_key.vault-server-init": {
                    "type": "google_kms_crypto_key",
                    "depends_on": [
                        "google_kms_key_ring.vault-server"
                    ],
                    "primary": {
                        "id": "projects/kube-kafka-labo/locations/europe-west1/keyRings/vault-server/cryptoKeys/vault-init",
                        "attributes": {
                            "id": "projects/kube-kafka-labo/locations/europe-west1/keyRings/vault-server/cryptoKeys/vault-init",
                            "key_ring": "kube-kafka-labo/europe-west1/vault-server",
                            "name": "vault-init",
                            "rotation_period": "604800s",
                            "self_link": "projects/kube-kafka-labo/locations/europe-west1/keyRings/vault-server/cryptoKeys/vault-init"
                        },
                        "meta": {},
                        "tainted": false
                    },
                    "deposed": [],
                    "provider": "provider.google"
                },
                "google_kms_crypto_key_iam_member.vault-server-init": {
                    "type": "google_kms_crypto_key_iam_member",
                    "depends_on": [
                        "google_kms_crypto_key.vault-server-init",
                        "google_service_account.vault-server"
                    ],
                    "primary": {
                        "id": "projects/kube-kafka-labo/locations/europe-west1/keyRings/vault-server/cryptoKeys/vault-init/roles/cloudkms.cryptoKeyEncrypterDecrypter/serviceAccount:vault-server@kube-kafka-labo.iam.gserviceaccount.com",
                        "attributes": {
                            "crypto_key_id": "projects/kube-kafka-labo/locations/europe-west1/keyRings/vault-server/cryptoKeys/vault-init",
                            "etag": "BwV4WF1gGAo=",
                            "id": "projects/kube-kafka-labo/locations/europe-west1/keyRings/vault-server/cryptoKeys/vault-init/roles/cloudkms.cryptoKeyEncrypterDecrypter/serviceAccount:vault-server@kube-kafka-labo.iam.gserviceaccount.com",
                            "member": "serviceAccount:vault-server@kube-kafka-labo.iam.gserviceaccount.com",
                            "role": "roles/cloudkms.cryptoKeyEncrypterDecrypter"
                        },
                        "meta": {},
                        "tainted": false
                    },
                    "deposed": [],
                    "provider": "provider.google"
                },
                "google_kms_key_ring.vault-server": {
                    "type": "google_kms_key_ring",
                    "depends_on": [
                        "google_project_service.service"
                    ],
                    "primary": {
                        "id": "projects/kube-kafka-labo/locations/europe-west1/keyRings/vault-server",
                        "attributes": {
                            "id": "projects/kube-kafka-labo/locations/europe-west1/keyRings/vault-server",
                            "location": "europe-west1",
                            "name": "vault-server",
                            "project": "kube-kafka-labo",
                            "self_link": "projects/kube-kafka-labo/locations/europe-west1/keyRings/vault-server"
                        },
                        "meta": {},
                        "tainted": false
                    },
                    "deposed": [],
                    "provider": "provider.google"
                },
                "google_project_iam_member.service-account.0": {
                    "type": "google_project_iam_member",
                    "depends_on": [
                        "google_service_account.vault-server"
                    ],
                    "primary": {
                        "id": "kube-kafka-labo/roles/resourcemanager.projectIamAdmin/serviceAccount:vault-server@kube-kafka-labo.iam.gserviceaccount.com",
                        "attributes": {
                            "etag": "BwV4VHG2yMw=",
                            "id": "kube-kafka-labo/roles/resourcemanager.projectIamAdmin/serviceAccount:vault-server@kube-kafka-labo.iam.gserviceaccount.com",
                            "member": "serviceAccount:vault-server@kube-kafka-labo.iam.gserviceaccount.com",
                            "role": "roles/resourcemanager.projectIamAdmin"
                        },
                        "meta": {},
                        "tainted": false
                    },
                    "deposed": [],
                    "provider": "provider.google"
                },
                "google_project_iam_member.service-account.1": {
                    "type": "google_project_iam_member",
                    "depends_on": [
                        "google_service_account.vault-server"
                    ],
                    "primary": {
                        "id": "kube-kafka-labo/roles/iam.serviceAccountAdmin/serviceAccount:vault-server@kube-kafka-labo.iam.gserviceaccount.com",
                        "attributes": {
                            "etag": "BwV4VHG2yMw=",
                            "id": "kube-kafka-labo/roles/iam.serviceAccountAdmin/serviceAccount:vault-server@kube-kafka-labo.iam.gserviceaccount.com",
                            "member": "serviceAccount:vault-server@kube-kafka-labo.iam.gserviceaccount.com",
                            "role": "roles/iam.serviceAccountAdmin"
                        },
                        "meta": {},
                        "tainted": false
                    },
                    "deposed": [],
                    "provider": "provider.google"
                },
                "google_project_iam_member.service-account.2": {
                    "type": "google_project_iam_member",
                    "depends_on": [
                        "google_service_account.vault-server"
                    ],
                    "primary": {
                        "id": "kube-kafka-labo/roles/iam.serviceAccountKeyAdmin/serviceAccount:vault-server@kube-kafka-labo.iam.gserviceaccount.com",
                        "attributes": {
                            "etag": "BwV4VHG2yMw=",
                            "id": "kube-kafka-labo/roles/iam.serviceAccountKeyAdmin/serviceAccount:vault-server@kube-kafka-labo.iam.gserviceaccount.com",
                            "member": "serviceAccount:vault-server@kube-kafka-labo.iam.gserviceaccount.com",
                            "role": "roles/iam.serviceAccountKeyAdmin"
                        },
                        "meta": {},
                        "tainted": false
                    },
                    "deposed": [],
                    "provider": "provider.google"
                },
                "google_project_iam_member.service-account.3": {
                    "type": "google_project_iam_member",
                    "depends_on": [
                        "google_service_account.vault-server"
                    ],
                    "primary": {
                        "id": "kube-kafka-labo/roles/iam.serviceAccountTokenCreator/serviceAccount:vault-server@kube-kafka-labo.iam.gserviceaccount.com",
                        "attributes": {
                            "etag": "BwV4VHG2yMw=",
                            "id": "kube-kafka-labo/roles/iam.serviceAccountTokenCreator/serviceAccount:vault-server@kube-kafka-labo.iam.gserviceaccount.com",
                            "member": "serviceAccount:vault-server@kube-kafka-labo.iam.gserviceaccount.com",
                            "role": "roles/iam.serviceAccountTokenCreator"
                        },
                        "meta": {},
                        "tainted": false
                    },
                    "deposed": [],
                    "provider": "provider.google"
                },
                "google_project_iam_member.service-account.4": {
                    "type": "google_project_iam_member",
                    "depends_on": [
                        "google_service_account.vault-server"
                    ],
                    "primary": {
                        "id": "kube-kafka-labo/roles/iam.serviceAccountUser/serviceAccount:vault-server@kube-kafka-labo.iam.gserviceaccount.com",
                        "attributes": {
                            "etag": "BwV4VHG2yMw=",
                            "id": "kube-kafka-labo/roles/iam.serviceAccountUser/serviceAccount:vault-server@kube-kafka-labo.iam.gserviceaccount.com",
                            "member": "serviceAccount:vault-server@kube-kafka-labo.iam.gserviceaccount.com",
                            "role": "roles/iam.serviceAccountUser"
                        },
                        "meta": {},
                        "tainted": false
                    },
                    "deposed": [],
                    "provider": "provider.google"
                },
                "google_project_iam_member.service-account.5": {
                    "type": "google_project_iam_member",
                    "depends_on": [
                        "google_service_account.vault-server"
                    ],
                    "primary": {
                        "id": "kube-kafka-labo/roles/viewer/serviceAccount:vault-server@kube-kafka-labo.iam.gserviceaccount.com",
                        "attributes": {
                            "etag": "BwV4VHG2yMw=",
                            "id": "kube-kafka-labo/roles/viewer/serviceAccount:vault-server@kube-kafka-labo.iam.gserviceaccount.com",
                            "member": "serviceAccount:vault-server@kube-kafka-labo.iam.gserviceaccount.com",
                            "role": "roles/viewer"
                        },
                        "meta": {},
                        "tainted": false
                    },
                    "deposed": [],
                    "provider": "provider.google"
                },
                "google_project_service.service.0": {
                    "type": "google_project_service",
                    "depends_on": [],
                    "primary": {
                        "id": "kube-kafka-labo/cloudkms.googleapis.com",
                        "attributes": {
                            "disable_on_destroy": "false",
                            "id": "kube-kafka-labo/cloudkms.googleapis.com",
                            "project": "kube-kafka-labo",
                            "service": "cloudkms.googleapis.com"
                        },
                        "meta": {},
                        "tainted": false
                    },
                    "deposed": [],
                    "provider": "provider.google"
                },
                "google_project_service.service.1": {
                    "type": "google_project_service",
                    "depends_on": [],
                    "primary": {
                        "id": "kube-kafka-labo/cloudresourcemanager.googleapis.com",
                        "attributes": {
                            "disable_on_destroy": "false",
                            "id": "kube-kafka-labo/cloudresourcemanager.googleapis.com",
                            "project": "kube-kafka-labo",
                            "service": "cloudresourcemanager.googleapis.com"
                        },
                        "meta": {},
                        "tainted": false
                    },
                    "deposed": [],
                    "provider": "provider.google"
                },
                "google_project_service.service.2": {
                    "type": "google_project_service",
                    "depends_on": [],
                    "primary": {
                        "id": "kube-kafka-labo/container.googleapis.com",
                        "attributes": {
                            "disable_on_destroy": "false",
                            "id": "kube-kafka-labo/container.googleapis.com",
                            "project": "kube-kafka-labo",
                            "service": "container.googleapis.com"
                        },
                        "meta": {},
                        "tainted": false
                    },
                    "deposed": [],
                    "provider": "provider.google"
                },
                "google_project_service.service.3": {
                    "type": "google_project_service",
                    "depends_on": [],
                    "primary": {
                        "id": "kube-kafka-labo/iam.googleapis.com",
                        "attributes": {
                            "disable_on_destroy": "false",
                            "id": "kube-kafka-labo/iam.googleapis.com",
                            "project": "kube-kafka-labo",
                            "service": "iam.googleapis.com"
                        },
                        "meta": {},
                        "tainted": false
                    },
                    "deposed": [],
                    "provider": "provider.google"
                },
                "google_service_account.vault-server": {
                    "type": "google_service_account",
                    "depends_on": [],
                    "primary": {
                        "id": "projects/kube-kafka-labo/serviceAccounts/vault-server@kube-kafka-labo.iam.gserviceaccount.com",
                        "attributes": {
                            "account_id": "vault-server",
                            "display_name": "Vault Server",
                            "email": "vault-server@kube-kafka-labo.iam.gserviceaccount.com",
                            "id": "projects/kube-kafka-labo/serviceAccounts/vault-server@kube-kafka-labo.iam.gserviceaccount.com",
                            "name": "projects/kube-kafka-labo/serviceAccounts/vault-server@kube-kafka-labo.iam.gserviceaccount.com",
                            "project": "kube-kafka-labo",
                            "unique_id": "110823128078168980611"
                        },
                        "meta": {},
                        "tainted": false
                    },
                    "deposed": [],
                    "provider": "provider.google"
                },
                "google_service_account_key.vault": {
                    "type": "google_service_account_key",
                    "depends_on": [
                        "google_service_account.vault-server"
                    ],
                    "primary": {
                        "id": "projects/kube-kafka-labo/serviceAccounts/vault-server@kube-kafka-labo.iam.gserviceaccount.com/keys/fc9e91a2638a8e2fd4ed2b6e4498d31f6970939f",
                        "attributes": {
                            "id": "projects/kube-kafka-labo/serviceAccounts/vault-server@kube-kafka-labo.iam.gserviceaccount.com/keys/fc9e91a2638a8e2fd4ed2b6e4498d31f6970939f",
                            "key_algorithm": "KEY_ALG_RSA_2048",
                            "name": "projects/kube-kafka-labo/serviceAccounts/vault-server@kube-kafka-labo.iam.gserviceaccount.com/keys/fc9e91a2638a8e2fd4ed2b6e4498d31f6970939f",
                            "private_key": "ewogICJ0eXBlIjogInNlcnZpY2VfYWNjb3VudCIsCiAgInByb2plY3RfaWQiOiAia3ViZS1rYWZrYS1sYWJvIiwKICAicHJpdmF0ZV9rZXlfaWQiOiAiZmM5ZTkxYTI2MzhhOGUyZmQ0ZWQyYjZlNDQ5OGQzMWY2OTcwOTM5ZiIsCiAgInByaXZhdGVfa2V5IjogIi0tLS0tQkVHSU4gUFJJVkFURSBLRVktLS0tLVxuTUlJRXZRSUJBREFOQmdrcWhraUc5dzBCQVFFRkFBU0NCS2N3Z2dTakFnRUFBb0lCQVFDNzZpR1BMU1hvcnViMlxuRm4yUnd2dDNLbFJBeGhnV05SMm10MjZMcFlpTnoydnF2S3lEazVxMXdHS3JaZDQ3K3RvZ2E4SzZjK25sTVFoblxuSEJvQWtiT3RFbEFXaGN6RWgwcndGNks0ZW0zSHdlbU84enpWSzFCT0lNUnpya0lncmZJeElackkzczRmRytadFxuK09vMzk5enp3TFNzSm1ISTl4bkx6MnMvWDhxYkhtSnE2L3FNSHk4Q3Ryb004cDV4L0JRZEdvdG10NS9EMExVZ1xuNWQ0aCt2VlRvQ3hIajlUTnRJYW1YMEV4K0ZLazM5a3JoSVVncEV4U3lsVFVSeE02QzIzcUthYW9ISVVKMnZmZlxuQlVUTVlvS3VrN29iSFhsVUZ5Skw4V0kxTHdXN2RqdXcvWFFETmJFWTYybzBFdEJaQWlNUzN3MjhHNVRobGcxQVxuSytsMlYzY0hBZ01CQUFFQ2dnRUFHZ202TnJXaDBCa1VKYnMrRVFsOGdLbWIzUkhWMnBYbmt1ZE42UW01M3pTRFxubHBZb0xWOHhpOGVwcEdoTUgvR0ZjZ0tjaSt0dDJIVXYzZUcxOUtnN3hscUlRR2F2MWZlTk9iRjh1YVUxT3YyeVxubUQwNkM2dWh5QUdnVndzcFhJL2R4Rk1NdUpLdTZ2NlpzbGxRVXdzRVViNDlDckdTMFI3ME14cDltTjEwSElRZlxuR2ZXRWZpQVIvcElsdk4wVlVZa2VjcTZ1bjJxQUd4YkNDeDFYaGlkU1VhMmhEOUE5MVJGcVVmeUpQL1ZJVVdoVVxuZmJOOTRhbHdFNldFSldVWWVXbnZXNUNJaWlGekIwN2VlY2dTa2FQbGZGNFhuRjU2aXJOYkNvaFJROGpnK2VLY1xuY09GcXVyL1ZRZ3ZjSkFxcnYzTXpRQjNEQ2I1TVEwWDdmY0JlOUtFWUtRS0JnUUQyaXdhczJhQmRZUE5VT3IwS1xuU2VDOGZacFhOL1kzblRscTYwQ1pNNWZ3ZXducWQvZElqM0VVLzVYUmF2U2QvaS95MU1QVzRFY0xNQkg0SS9JbVxudVpkTk9PSHNPODI3UWpHUDlzVVlERDVwc3F2c213aU9LbjhIYVdyV3hsTTRxQ2M1TWNRMHFuYS9MeUppcDJ0SFxuOVlyR3ZBak5peHlLOTY0YVFIYlRnWWtOaFFLQmdRRERIMlJZckdzamJGMjBnRXJGNVZhOW1ESWJYejExb3pLbFxuTDBOOFhrN3ZEZnRNeXZiTXBucERrNWZRZFNscXhaOU1YRGplbUJ6dU9XellUc0crWlVRblRhRUlrOFpzMTRrM1xuMmhWZkZEKy94L1k4cStwd0RHdHVGREFCUFQwbWdNanM2czJ1d0hHVzQ0WUxCUWk5aGsrN3BLU2FQeHcrZ0dHWlxuVGEvU2hpZ0NHd0tCZ1FEaDRmektyMVhEV0VsNHVaeHI2Y1l6VEd6MVRqdVROc1RkbGc4SWpvRzkvaXpXbXZXQVxua0pQTjVtSFFqa3J5Mm1uNTlVQTlCaDF4UGFpcERkNFY1dUtlQ09qTmRQbUlnUnhCeDVsSzhDVGEySzIyU1ZEc1xuV0Rrc2hFUXo1VjlvUUlBM1ljWmZibkwvdFdLdXVxK0xMWWZwajJ3TlRsQm5ib2dnVzBIRGhTSVp0UUtCZ0F3TVxua1RiRWx1MGVFUDlIZU5hVm5mQ2hTRjdXVjhZKzZLNjRwM016bzY0eGI5WkRKbEJtNjEvbTZsWU9GaHVvem5oNVxuclcxWmVWZmdwZThKbGY4NjQ2V0ZycThINlJYcGpXaXNoK3RTSmNtakFIcW9weFo2UGR3VFZRK09oNHNzSXJ3MlxubDdMMTRVM1BDUVQvTDVYOGlFbnZGZGNNbEtMcmJKdDU1NlNaY2prSEFvR0FIUmVkWlNUcXQ2OEJKQjljOUYwZlxuOVdYSlNaK2FQYXJGMjdLZXJld1NjVlZSSXVDZFVqY3ptdFRZVyszWjd6VkNkd3p5Tm9xMGZ6NHRvbVhxcVJiZFxuK1kxTmF6RisreU9URjAzUHRNdjNMWUtuWk4ycjhkeHRKKzZKdSttaVRtVUhGWno3bGcxaTBZdnFpeHV0QmNIalxudy9jaUhuZzZraVl4Vjk1aDB5d2p1QXc9XG4tLS0tLUVORCBQUklWQVRFIEtFWS0tLS0tXG4iLAogICJjbGllbnRfZW1haWwiOiAidmF1bHQtc2VydmVyQGt1YmUta2Fma2EtbGFiby5pYW0uZ3NlcnZpY2VhY2NvdW50LmNvbSIsCiAgImNsaWVudF9pZCI6ICIxMTA4MjMxMjgwNzgxNjg5ODA2MTEiLAogICJhdXRoX3VyaSI6ICJodHRwczovL2FjY291bnRzLmdvb2dsZS5jb20vby9vYXV0aDIvYXV0aCIsCiAgInRva2VuX3VyaSI6ICJodHRwczovL29hdXRoMi5nb29nbGVhcGlzLmNvbS90b2tlbiIsCiAgImF1dGhfcHJvdmlkZXJfeDUwOV9jZXJ0X3VybCI6ICJodHRwczovL3d3dy5nb29nbGVhcGlzLmNvbS9vYXV0aDIvdjEvY2VydHMiLAogICJjbGllbnRfeDUwOV9jZXJ0X3VybCI6ICJodHRwczovL3d3dy5nb29nbGVhcGlzLmNvbS9yb2JvdC92MS9tZXRhZGF0YS94NTA5L3ZhdWx0LXNlcnZlciU0MGt1YmUta2Fma2EtbGFiby5pYW0uZ3NlcnZpY2VhY2NvdW50LmNvbSIKfQo=",
                            "private_key_type": "TYPE_GOOGLE_CREDENTIALS_FILE",
                            "public_key": "LS0tLS1CRUdJTiBDRVJUSUZJQ0FURS0tLS0tCk1JSUMrakNDQWVLZ0F3SUJBZ0lJV0VUK2RxNUU3czB3RFFZSktvWklodmNOQVFFRkJRQXdJREVlTUJ3R0ExVUUKQXhNVk1URXdPREl6TVRJNE1EYzRNVFk0T1Rnd05qRXhNQjRYRFRFNE1UQXdNVEV6TkRFeE1Wb1hEVEk0TURreQpPREV6TkRFeE1Wb3dJREVlTUJ3R0ExVUVBeE1WTVRFd09ESXpNVEk0TURjNE1UWTRPVGd3TmpFeE1JSUJJakFOCkJna3Foa2lHOXcwQkFRRUZBQU9DQVE4QU1JSUJDZ0tDQVFFQXUrb2hqeTBsNks3bTloWjlrY0w3ZHlwVVFNWVkKRmpVZHByZHVpNldJamM5cjZyeXNnNU9hdGNCaXEyWGVPL3JhSUd2Q3VuUHA1VEVJWnh3YUFKR3pyUkpRRm9YTQp4SWRLOEJlaXVIcHR4OEhwanZNODFTdFFUaURFYzY1Q0lLM3lNU0dheU43T0h4dm1iZmpxTi9mYzg4QzByQ1poCnlQY1p5ODlyUDEvS214NWlhdXY2akI4dkFyYTZEUEtlY2Z3VUhScUxacmVmdzlDMUlPWGVJZnIxVTZBc1I0L1UKemJTR3BsOUJNZmhTcE4vWks0U0ZJS1JNVXNwVTFFY1RPZ3R0NmltbXFCeUZDZHIzM3dWRXpHS0NycE82R3gxNQpWQmNpUy9GaU5TOEZ1M1k3c1AxMEF6V3hHT3RxTkJMUVdRSWpFdDhOdkJ1VTRaWU5RQ3ZwZGxkM0J3SURBUUFCCm96Z3dOakFNQmdOVkhSTUJBZjhFQWpBQU1BNEdBMVVkRHdFQi93UUVBd0lIZ0RBV0JnTlZIU1VCQWY4RUREQUsKQmdnckJnRUZCUWNEQWpBTkJna3Foa2lHOXcwQkFRVUZBQU9DQVFFQWNrYnJ1cDRJNnBiU1hUR3c2NzR2aTBRWgozeTFYdGRtRmluTlppanIxM2dEQTlpUkFJZ3oyOHVhcW5ObTFjYTdacWIxOXMzVk5kOHFzbGx5NTR4akdVNzR5CnZWV1NQaDVDU2ZpS3Zia2hiMjBDWmNqb2IvWlpTUGo3Nk1zSjYvUGs4K3FzdnM1V25RNTdlcWVZVDJzTkRZNnYKWVVpL2lmY2FxZnhTTmFCdlgrc2laZWZGODJKeFQyQi9vdzlJem5xUTUzMldZLzlKZnVNQTNiSGhHa2lWSUd1WApIeVFaNkFGWW1HbWpwUVNJT25WdWcwZlp3SkZITklBbFZ6dDMwZllwVC9kbURRbzFMWUZzMWZUWTdteFQ0bDBwCmZMcDUxU2dNVTlkSnVWUitqR2l2OEpub250QWdNZFZBdkZBRkxPQlhNclpuR3o2VzY4TG9ZNDJpNkJyaHRBPT0KLS0tLS1FTkQgQ0VSVElGSUNBVEUtLS0tLQo=",
                            "public_key_type": "TYPE_X509_PEM_FILE",
                            "service_account_id": "projects/kube-kafka-labo/serviceAccounts/vault-server@kube-kafka-labo.iam.gserviceaccount.com",
                            "valid_after": "2018-10-01T13:41:11Z",
                            "valid_before": "2028-09-28T13:41:11Z"
                        },
                        "meta": {},
                        "tainted": false
                    },
                    "deposed": [],
                    "provider": "provider.google"
                },
                "google_storage_bucket.vault-server": {
                    "type": "google_storage_bucket",
                    "depends_on": [
                        "google_project_service.service"
                    ],
                    "primary": {
                        "id": "kube-kafka-labo-vault",
                        "attributes": {
                            "cors.#": "0",
                            "encryption.#": "0",
                            "force_destroy": "true",
                            "id": "kube-kafka-labo-vault",
                            "labels.%": "0",
                            "lifecycle_rule.#": "1",
                            "lifecycle_rule.0.action.#": "1",
                            "lifecycle_rule.0.action.4029382586.storage_class": "",
                            "lifecycle_rule.0.action.4029382586.type": "Delete",
                            "lifecycle_rule.0.condition.#": "1",
                            "lifecycle_rule.0.condition.4247275504.age": "0",
                            "lifecycle_rule.0.condition.4247275504.created_before": "",
                            "lifecycle_rule.0.condition.4247275504.is_live": "false",
                            "lifecycle_rule.0.condition.4247275504.matches_storage_class.#": "0",
                            "lifecycle_rule.0.condition.4247275504.num_newer_versions": "3",
                            "location": "EU",
                            "logging.#": "0",
                            "name": "kube-kafka-labo-vault",
                            "project": "kube-kafka-labo",
                            "self_link": "https://www.googleapis.com/storage/v1/b/kube-kafka-labo-vault",
                            "storage_class": "MULTI_REGIONAL",
                            "url": "gs://kube-kafka-labo-vault",
                            "versioning.#": "1",
                            "versioning.0.enabled": "true"
                        },
                        "meta": {},
                        "tainted": false
                    },
                    "deposed": [],
                    "provider": "provider.google"
                },
                "google_storage_bucket_iam_member.vault-server.0": {
                    "type": "google_storage_bucket_iam_member",
                    "depends_on": [
                        "google_service_account.vault-server",
                        "google_storage_bucket.vault-server"
                    ],
                    "primary": {
                        "id": "kube-kafka-labo-vault/roles/storage.legacyBucketReader/serviceAccount:vault-server@kube-kafka-labo.iam.gserviceaccount.com",
                        "attributes": {
                            "bucket": "kube-kafka-labo-vault",
                            "etag": "CAM=",
                            "id": "kube-kafka-labo-vault/roles/storage.legacyBucketReader/serviceAccount:vault-server@kube-kafka-labo.iam.gserviceaccount.com",
                            "member": "serviceAccount:vault-server@kube-kafka-labo.iam.gserviceaccount.com",
                            "role": "roles/storage.legacyBucketReader"
                        },
                        "meta": {},
                        "tainted": false
                    },
                    "deposed": [],
                    "provider": "provider.google"
                },
                "google_storage_bucket_iam_member.vault-server.1": {
                    "type": "google_storage_bucket_iam_member",
                    "depends_on": [
                        "google_service_account.vault-server",
                        "google_storage_bucket.vault-server"
                    ],
                    "primary": {
                        "id": "kube-kafka-labo-vault/roles/storage.objectAdmin/serviceAccount:vault-server@kube-kafka-labo.iam.gserviceaccount.com",
                        "attributes": {
                            "bucket": "kube-kafka-labo-vault",
                            "etag": "CAM=",
                            "id": "kube-kafka-labo-vault/roles/storage.objectAdmin/serviceAccount:vault-server@kube-kafka-labo.iam.gserviceaccount.com",
                            "member": "serviceAccount:vault-server@kube-kafka-labo.iam.gserviceaccount.com",
                            "role": "roles/storage.objectAdmin"
                        },
                        "meta": {},
                        "tainted": false
                    },
                    "deposed": [],
                    "provider": "provider.google"
                },
                "kubernetes_config_map.vault": {
                    "type": "kubernetes_config_map",
                    "depends_on": [
                        "google_compute_address.vault",
                        "google_container_cluster.gcp_kubernetes",
                        "google_kms_crypto_key.vault-server-init",
                        "google_storage_bucket.vault-server"
                    ],
                    "primary": {
                        "id": "kube-security/vault",
                        "attributes": {
                            "data.%": "4",
                            "data.gcs_bucket_name": "kube-kafka-labo-vault",
                            "data.kms_key_id": "projects/kube-kafka-labo/locations/europe-west1/keyRings/vault-server/cryptoKeys/vault-init",
                            "data.load_balancer_address": "35.241.130.246",
                            "data.project_id": "kube-kafka-labo",
                            "id": "kube-security/vault",
                            "metadata.#": "1",
                            "metadata.0.annotations.%": "0",
                            "metadata.0.generate_name": "",
                            "metadata.0.generation": "0",
                            "metadata.0.labels.%": "0",
                            "metadata.0.name": "vault",
                            "metadata.0.namespace": "kube-security",
                            "metadata.0.resource_version": "28506",
                            "metadata.0.self_link": "/api/v1/namespaces/kube-security/configmaps/vault",
                            "metadata.0.uid": "bacca3a2-d145-11e8-97b6-42010a840095"
                        },
                        "meta": {},
                        "tainted": false
                    },
                    "deposed": [],
                    "provider": "provider.kubernetes"
                },
                "kubernetes_namespace.kube-kafka": {
                    "type": "kubernetes_namespace",
                    "depends_on": [],
                    "primary": {
                        "id": "kube-kafka",
                        "attributes": {
                            "id": "kube-kafka",
                            "metadata.#": "1",
                            "metadata.0.annotations.%": "0",
                            "metadata.0.generate_name": "",
                            "metadata.0.generation": "0",
                            "metadata.0.labels.%": "0",
                            "metadata.0.name": "kube-kafka",
                            "metadata.0.resource_version": "26685",
                            "metadata.0.self_link": "/api/v1/namespaces/kube-kafka",
                            "metadata.0.uid": "0af2b144-d142-11e8-96e0-42010a8400a0"
                        },
                        "meta": {},
                        "tainted": false
                    },
                    "deposed": [],
                    "provider": "provider.kubernetes"
                },
                "kubernetes_namespace.kube-security": {
                    "type": "kubernetes_namespace",
                    "depends_on": [],
                    "primary": {
                        "id": "kube-security",
                        "attributes": {
                            "id": "kube-security",
                            "metadata.#": "1",
                            "metadata.0.annotations.%": "0",
                            "metadata.0.generate_name": "",
                            "metadata.0.generation": "0",
                            "metadata.0.labels.%": "0",
                            "metadata.0.name": "kube-security",
                            "metadata.0.resource_version": "26683",
                            "metadata.0.self_link": "/api/v1/namespaces/kube-security",
                            "metadata.0.uid": "0af11da3-d142-11e8-96e0-42010a8400a0"
                        },
                        "meta": {},
                        "tainted": false
                    },
                    "deposed": [],
                    "provider": "provider.kubernetes"
                },
                "kubernetes_secret.ca": {
                    "type": "kubernetes_secret",
                    "depends_on": [
                        "google_container_cluster.gcp_kubernetes",
                        "tls_self_signed_cert.vault-ca"
                    ],
                    "primary": {
                        "id": "kube-kafka/ca",
                        "attributes": {
                            "data.%": "1",
                            "data.ca.pem": "-----BEGIN CERTIFICATE-----\nMIIFMTCCAxmgAwIBAgIRAPSm5CpQbad4MfP8NM2jUK4wDQYJKoZIhvcNAQELBQAw\nMjEYMBYGA1UEChMPSGFzaGlDb3JwIFZhdWx0MRYwFAYDVQQDEw1jbHVzdGVyLmxv\nY2FsMB4XDTE4MTAxNjE0MjIxNloXDTE5MTAxNjE0MjIxNlowMjEYMBYGA1UEChMP\nSGFzaGlDb3JwIFZhdWx0MRYwFAYDVQQDEw1jbHVzdGVyLmxvY2FsMIICIjANBgkq\nhkiG9w0BAQEFAAOCAg8AMIICCgKCAgEAv9iDnuSctdsnp7mOUm0cj68p+u90rKVJ\n82DVJtJYtroMS2xjvQ8te5/NZM0H3YFSB/lnMkn+6BVbbWxku1Hov8vD7SQsBakw\nO7ncZf77vfBowGlxfN3YYwC5aDHyf7aPmZnq1KLyYcdz/KGcPf7OKdfSEPCDylcJ\nXwBpKJ2te3HpFuKIj7tIVa+UNlj/o3x04GTcPTPHiRKZg0N92x8R4fwsPhCC81Yt\niLMvaqCJ1zSl3nSa3JJTL8j9iwO3z46ES8wVpua32Ieb2A2mVh9OssOF+Re4Xoas\n2r+5dfdCmwJnk+V3uIYdzTg4Wz0Rh8E3CwZgJtXQMM2j+pf5bkoZLCGHbCv70ElC\nVZEnSWwmxJVazLD7Mu9GjkDNoqjy6/uMJGyvKyoRGB1SwGyi86zeKZTa8s23XYSO\nM0qgVEnRAf13PV1QhpDwexS1aYuf/BvD6sHzRGTD95HlWhZcfcmioQF4vMhbhQt/\n78ME6a53foZ/Ci1MgBEvv1QSiGMr+iUlclAyWfPWQFUlGLVTGL8qR//+m5Dmi9oy\nIXeE2PQG8HERl5mNnh7FDw5GjwzXG8P5qK8eSJ5DxL2JBJIl2nfaXmD0LXkOaB99\nftLvyO6OYb0L1l4hCR3OzIj5Uw+/KKzbxkyl6Nf0B76wADtg/bhmwqCVxO5FEGCZ\nnFZ0/DOWNrsCAwEAAaNCMEAwDgYDVR0PAQH/BAQDAgKkMA8GA1UdEwEB/wQFMAMB\nAf8wHQYDVR0OBBYEFKU0jLOIq/QZ16lp0YWkWxGztCNbMA0GCSqGSIb3DQEBCwUA\nA4ICAQCUIwfmuidulbsLfIeD9IPZfBd517gGYBjXmiBY3w1g3RyYQNqd50S1ROqk\nOZcXBQt7tONA0lo5eUS6+4SAOV7zh+oBJ44JeLC5s/bcAoLpVm5yqiRUFJxJlD+Q\nVnOwCixtz1xUb8QlPmROUV4c7ZpIcq5EzyZvl7XwQfv1D7lNdf/wokP7IDaKeF7S\nZppSgmZ4JG5kd2Aglbl2Hidlp6zXdQo3HctORW575RVizWfMtuRgsK08F68iPbhJ\nmMpm9nxpDUorjEHehvwFAuTmv1iVTHTAx7DZMw7ZngZzpH8oSaid1FJYHSQHAYY1\nA5ViIpJCZTRHp3nAd5XfgOypLH5JYvBVpMCcGye5kfAJU+MEIUgErf7GFwR73KhU\nzymPb7oTj1GNGKU2+FF/n5tijdAp0/B5zXj6ZlrmhVSMqhfy9gqGjf7GJ8qNX78i\ngMsCCRdc0iJtWf4eUBbDKN3uiiG03zWmut0+TyzfK4I+D5O+/8RMB/8VRvP/mrC7\n4NdqUDuwZuGto75nqlfYbldqfsEyWMxI6lKJZapdUnZIjB0sn5zH01caWj5x3Pum\nBJn4CvcNgpc1BqHsDcfGxcySDiz1IswVxtE2rMudA+VhcF3N9ytZAYeZcSmWSOx9\nzCxw/J3ytXfGFmeP+xn9gzbSi2vBV543+DdQzsWw1AKgqVe/bw==\n-----END CERTIFICATE-----\n",
                            "id": "kube-kafka/ca",
                            "metadata.#": "1",
                            "metadata.0.annotations.%": "0",
                            "metadata.0.generate_name": "",
                            "metadata.0.generation": "0",
                            "metadata.0.labels.%": "0",
                            "metadata.0.name": "ca",
                            "metadata.0.namespace": "kube-kafka",
                            "metadata.0.resource_version": "1848487",
                            "metadata.0.self_link": "/api/v1/namespaces/kube-kafka/secrets/ca",
                            "metadata.0.uid": "bdf93186-d943-11e8-a321-42010a8400a0",
                            "type": "Opaque"
                        },
                        "meta": {},
                        "tainted": false
                    },
                    "deposed": [],
                    "provider": "provider.kubernetes"
                },
                "kubernetes_secret.kafka-cp-kafka-keystores": {
                    "type": "kubernetes_secret",
                    "depends_on": [
                        "data.local_file.vault-ca-truststore",
                        "google_container_cluster.gcp_kubernetes"
                    ],
                    "primary": {
                        "id": "kube-kafka/kafka-cp-kafka-keystores",
                        "attributes": {
                            "data.%": "2",
                            "data.kafka-cp-kafka-truststore.jks": "����\u0000\u0000\u0000\u0002\u0000\u0000\u0000\u0001\u0000\u0000\u0000\u0002\u0000\u0006caroot\u0000\u0000\u0001f}A�\u0000\u0005X.509\u0000\u0000\u000550�\u000510�\u0003\u0019�\u0003\u0002\u0001\u0002\u0002\u0011\u0000���*Pm�x1��4ͣP�0\r\u0006\t*�H��\r\u0001\u0001\u000b\u0005\u0000021\u00180\u0016\u0006\u0003U\u0004\n\u0013\u000fHashiCorp Vault1\u00160\u0014\u0006\u0003U\u0004\u0003\u0013\rcluster.local0\u001e\u0017\r181016142216Z\u0017\r191016142216Z021\u00180\u0016\u0006\u0003U\u0004\n\u0013\u000fHashiCorp Vault1\u00160\u0014\u0006\u0003U\u0004\u0003\u0013\rcluster.local0�\u0002\"0\r\u0006\t*�H��\r\u0001\u0001\u0001\u0005\u0000\u0003�\u0002\u000f\u00000�\u0002\n\u0002�\u0002\u0001\u0000�؃�䜵�'���Rm\u001c��)��t��I�`�\u0026�X��\u000cKlc�\u000f-{��d�\u0007݁R\u0007�g2I��\u0015[mld�Q�����$,\u0005�0;��e����h�iq|��c\u0000�h1������Ԣ�a�s���=��)��\u0010���W\t_\u0000i(��{q�\u0016∏�HU��6X��|t�d�=3ǉ\u0012��C}�\u001f\u0011��,\u003e\u0010��V-��/j���4��t�ܒS/���\u0003�ώ�K�\u0015���؇��\r�V\u001fN�Å�\u0017�^��ڿ�u�B�\u0002g��w��\u001d�88[=\u0011��7\u000b\u0006`\u0026��0ͣ���nJ\u0019,!�l+��IBU�'Il\u0026ĕZ̰�2�F�@͢�����$l�+*\u0011\u0018\u001dR�l����)���ͷ]��3J�TI�\u0001�w=]P���{\u0014�i���\u001b����Dd����Z\u0016\\}ɢ�\u0001x��[�\u000b��\u0004��w~�\n-L�\u0011/�T\u0012�c+�%%rP2Y��@U%\u0018�S\u0018�*G�������2!w���\u0006�q\u0011����\u001e�\u000f\u000eF�\u000c�\u001b����\u001eH�CĽ�\u0004�%�w�^`�-y\u000eh\u001f}~�����a�\u000b�^!\t\u001d�̈�S\u000f�(���L����\u0007��\u0000;`��f ���E\u0010`��Vt�3�6�\u0002\u0003\u0001\u0000\u0001�B0@0\u000e\u0006\u0003U\u001d\u000f\u0001\u0001�\u0004\u0004\u0003\u0002\u0002�0\u000f\u0006\u0003U\u001d\u0013\u0001\u0001�\u0004\u00050\u0003\u0001\u0001�0\u001d\u0006\u0003U\u001d\u000e\u0004\u0016\u0004\u0014�4�����\u0019שiх�[\u0011��#[0\r\u0006\t*�H��\r\u0001\u0001\u000b\u0005\u0000\u0003�\u0002\u0001\u0000�#\u0007��'n��\u000b|�����|\u0017y׸\u0006`\u0018ך X�\r`�\u001c�@ڝ�D�D��9�\u0017\u0005\u000b{��@�Z9yD����9^���\u0001'�\tx�����\u0002��Vnr�$T\u0014�I�?�Vs�\n,m�\\To�%\u003edNQ^\u001c��Hr�D�\u0026o���A��\u000f�Mu���C� 6�x^�f�R�fx$ndw` ��v\u001e'e���u\n7\u001d�NEn{�\u0015b�g̶�`��\u003c\u0017�\"=�I��f�|i\rJ+�Aކ�\u0005\u0002���X�Lt�ǰ�3\u000eٞ\u0006s�(I���RX\u001d$\u0007\u0001�5\u0003�b\"�Be4G�y�w�߀��,~Ib�U���\u001b'���\tS�\u0004!H\u0004���\u0017\u0004{ܨT�)�o�\u0013�Q�\u0018�6�Q��b��)��y�x�fZ��T��\u0017��\n����'ʍ_�\"��\u0002\t\u0017\\�\"mY�\u001eP\u0016�(���!��5���\u003eO,�+�\u003e\u000f����L\u0007�\u0015F�������jP;�f᭣�g�W�nWj~�2X�H�R�e�]RvH�\u001d,����W\u001aZ\u003eq���\u0004��\n�\r��5\u0006��\r���̒\u000e,�\"�\u0015��6�˝\u0003�ap]��+Y\u0001��q)�H�}�,p����w�\u0016g��\u0019��6ҋk�W�7�7P�Ű�\u0002��W�o�\u001b��T\u001e���d=N\u001fL:���\u000c\u0015",
                            "data.kafka-cp-kafka-truststore.password": "password",
                            "id": "kube-kafka/kafka-cp-kafka-keystores",
                            "metadata.#": "1",
                            "metadata.0.annotations.%": "0",
                            "metadata.0.generate_name": "",
                            "metadata.0.generation": "0",
                            "metadata.0.labels.%": "0",
                            "metadata.0.name": "kafka-cp-kafka-keystores",
                            "metadata.0.namespace": "kube-kafka",
                            "metadata.0.resource_version": "1848436",
                            "metadata.0.self_link": "/api/v1/namespaces/kube-kafka/secrets/kafka-cp-kafka-keystores",
                            "metadata.0.uid": "60ef2a6c-d2a9-11e8-a321-42010a8400a0",
                            "type": "Opaque"
                        },
                        "meta": {},
                        "tainted": false
                    },
                    "deposed": [],
                    "provider": "provider.kubernetes"
                },
                "kubernetes_secret.vault-ca": {
                    "type": "kubernetes_secret",
                    "depends_on": [
                        "google_container_cluster.gcp_kubernetes",
                        "tls_self_signed_cert.vault-ca"
                    ],
                    "primary": {
                        "id": "kube-security/vault-ca",
                        "attributes": {
                            "data.%": "1",
                            "data.vault-ca.pem": "-----BEGIN CERTIFICATE-----\nMIIFMTCCAxmgAwIBAgIRAPSm5CpQbad4MfP8NM2jUK4wDQYJKoZIhvcNAQELBQAw\nMjEYMBYGA1UEChMPSGFzaGlDb3JwIFZhdWx0MRYwFAYDVQQDEw1jbHVzdGVyLmxv\nY2FsMB4XDTE4MTAxNjE0MjIxNloXDTE5MTAxNjE0MjIxNlowMjEYMBYGA1UEChMP\nSGFzaGlDb3JwIFZhdWx0MRYwFAYDVQQDEw1jbHVzdGVyLmxvY2FsMIICIjANBgkq\nhkiG9w0BAQEFAAOCAg8AMIICCgKCAgEAv9iDnuSctdsnp7mOUm0cj68p+u90rKVJ\n82DVJtJYtroMS2xjvQ8te5/NZM0H3YFSB/lnMkn+6BVbbWxku1Hov8vD7SQsBakw\nO7ncZf77vfBowGlxfN3YYwC5aDHyf7aPmZnq1KLyYcdz/KGcPf7OKdfSEPCDylcJ\nXwBpKJ2te3HpFuKIj7tIVa+UNlj/o3x04GTcPTPHiRKZg0N92x8R4fwsPhCC81Yt\niLMvaqCJ1zSl3nSa3JJTL8j9iwO3z46ES8wVpua32Ieb2A2mVh9OssOF+Re4Xoas\n2r+5dfdCmwJnk+V3uIYdzTg4Wz0Rh8E3CwZgJtXQMM2j+pf5bkoZLCGHbCv70ElC\nVZEnSWwmxJVazLD7Mu9GjkDNoqjy6/uMJGyvKyoRGB1SwGyi86zeKZTa8s23XYSO\nM0qgVEnRAf13PV1QhpDwexS1aYuf/BvD6sHzRGTD95HlWhZcfcmioQF4vMhbhQt/\n78ME6a53foZ/Ci1MgBEvv1QSiGMr+iUlclAyWfPWQFUlGLVTGL8qR//+m5Dmi9oy\nIXeE2PQG8HERl5mNnh7FDw5GjwzXG8P5qK8eSJ5DxL2JBJIl2nfaXmD0LXkOaB99\nftLvyO6OYb0L1l4hCR3OzIj5Uw+/KKzbxkyl6Nf0B76wADtg/bhmwqCVxO5FEGCZ\nnFZ0/DOWNrsCAwEAAaNCMEAwDgYDVR0PAQH/BAQDAgKkMA8GA1UdEwEB/wQFMAMB\nAf8wHQYDVR0OBBYEFKU0jLOIq/QZ16lp0YWkWxGztCNbMA0GCSqGSIb3DQEBCwUA\nA4ICAQCUIwfmuidulbsLfIeD9IPZfBd517gGYBjXmiBY3w1g3RyYQNqd50S1ROqk\nOZcXBQt7tONA0lo5eUS6+4SAOV7zh+oBJ44JeLC5s/bcAoLpVm5yqiRUFJxJlD+Q\nVnOwCixtz1xUb8QlPmROUV4c7ZpIcq5EzyZvl7XwQfv1D7lNdf/wokP7IDaKeF7S\nZppSgmZ4JG5kd2Aglbl2Hidlp6zXdQo3HctORW575RVizWfMtuRgsK08F68iPbhJ\nmMpm9nxpDUorjEHehvwFAuTmv1iVTHTAx7DZMw7ZngZzpH8oSaid1FJYHSQHAYY1\nA5ViIpJCZTRHp3nAd5XfgOypLH5JYvBVpMCcGye5kfAJU+MEIUgErf7GFwR73KhU\nzymPb7oTj1GNGKU2+FF/n5tijdAp0/B5zXj6ZlrmhVSMqhfy9gqGjf7GJ8qNX78i\ngMsCCRdc0iJtWf4eUBbDKN3uiiG03zWmut0+TyzfK4I+D5O+/8RMB/8VRvP/mrC7\n4NdqUDuwZuGto75nqlfYbldqfsEyWMxI6lKJZapdUnZIjB0sn5zH01caWj5x3Pum\nBJn4CvcNgpc1BqHsDcfGxcySDiz1IswVxtE2rMudA+VhcF3N9ytZAYeZcSmWSOx9\nzCxw/J3ytXfGFmeP+xn9gzbSi2vBV543+DdQzsWw1AKgqVe/bw==\n-----END CERTIFICATE-----\n",
                            "id": "kube-security/vault-ca",
                            "metadata.#": "1",
                            "metadata.0.annotations.%": "0",
                            "metadata.0.generate_name": "",
                            "metadata.0.generation": "0",
                            "metadata.0.labels.%": "0",
                            "metadata.0.name": "vault-ca",
                            "metadata.0.namespace": "kube-security",
                            "metadata.0.resource_version": "34354",
                            "metadata.0.self_link": "/api/v1/namespaces/kube-security/secrets/vault-ca",
                            "metadata.0.uid": "41fb676f-d14e-11e8-a321-42010a8400a0",
                            "type": "Opaque"
                        },
                        "meta": {},
                        "tainted": false
                    },
                    "deposed": [],
                    "provider": "provider.kubernetes"
                },
                "kubernetes_secret.vault-tls": {
                    "type": "kubernetes_secret",
                    "depends_on": [
                        "google_container_cluster.gcp_kubernetes",
                        "tls_locally_signed_cert.vault",
                        "tls_private_key.vault",
                        "tls_self_signed_cert.vault-ca"
                    ],
                    "primary": {
                        "id": "kube-security/vault-tls",
                        "attributes": {
                            "data.%": "2",
                            "data.vault.crt": "-----BEGIN CERTIFICATE-----\nMIIErDCCApSgAwIBAgIRALVONYlFR1laA7pTkOrWIqYwDQYJKoZIhvcNAQELBQAw\nMjEYMBYGA1UEChMPSGFzaGlDb3JwIFZhdWx0MRYwFAYDVQQDEw1jbHVzdGVyLmxv\nY2FsMB4XDTE4MTAxNjE0MjIxNloXDTE5MTAxNjE0MjIxNlowMDEYMBYGA1UEChMP\nSGFzaGlDb3JwIFZhdWx0MRQwEgYDVQQDEwt2YXVsdC5sb2NhbDCCASIwDQYJKoZI\nhvcNAQEBBQADggEPADCCAQoCggEBAMGNprA9+h6mtfbC/mlb+EjTqqEcjzzy78Ew\n0QjlBA9ith76+86YTWznbcyvfYmUqy1A/CRV/TVrRYqYivG3mk7NeMDLPz4zzig6\nPvvVs4nPZstbGpN0qLN6D1O9TEaKKiKDf2LB00Iu0nU1iQR2KnamqzQsjsqqIMo8\ntEEJ/lJA7pxWsJjKmXFjxmtSY1Fts+J/VC8djOiIt477VfZZHAbD9J5MT6L4AzB5\nNo9qxCCVVkNXLZ9rginGMsJf22By7sOS+wWInjWZRBGERdKIjSoXuxowJHeV3295\ndk0PZ8PukPr56jnmtBnU2CZuBRHeVKh7A7wBIunFZN8a/Rnn7Q8CAwEAAaOBvjCB\nuzAOBgNVHQ8BAf8EBAMCAqQwHQYDVR0lBBYwFAYIKwYBBQUHAwIGCCsGAQUFBwMB\nMAwGA1UdEwEB/wQCMAAwHwYDVR0jBBgwFoAUpTSMs4ir9BnXqWnRhaRbEbO0I1sw\nWwYDVR0RBFQwUoIFdmF1bHSCC3ZhdWx0LmxvY2FsgiV2YXVsdC5rdWJlLXNlY3Vy\naXR5LnN2Yy5jbHVzdGVyLmxvY2Fsgglsb2NhbGhvc3SHBH8AAAGHBCPxgvYwDQYJ\nKoZIhvcNAQELBQADggIBAKcQIXezwFYXJ245zSln/OlyOqFhB6vgxW6ylRG3+qFH\ncBfD1zPFms2M/t5KQOGapzQYwwLug970aNpI1mzQJqiSwLesFaPFjQHaw6Qt/emP\niib5o4YM9w8nd/EnXhowoi/6jrxjezqInuGY8tzBg+sybOsV+xANzR8VNsEaidN7\nc8M5w0B1wBHdGGAtkeeX3iOljfpAKjwiRQwjTsoi30ocVzZGKN7mDpAgmfouW9vd\nzlesLNLFiVR5muxeB4rTp1YZSn1XslUTsuAmgqtDSoiJEJE0u8eOmZEL1tst6T5h\nCi0Zpf1zgZGk0ybGtFXNSXihJaO2BZbOXehT1QBsbE3YU0ebooFpDZ1LwYZprC8z\nIVGyMGCPx1/27p4XvfWI6Dc9PyjA8ZzbgxKAd6ajIzsEycfTL9XlkhwrDbCLpmbT\nK+JFisEMZZxSXA78o9lON/YLJg7QJON8FC+WQsQw2rvMD5jhDQkKG14nncVzA/rA\nuoJqNyCA/+vKGg63GF8swWL8s74O440E2TT+hRwf+XkPczvawzSyJnOSFRgwqszl\nipfANpVptdheFocRvFL0INTSs6eG/f8wjjqbTmxSAci6h3Nc7uFhtfP9jXRQeIum\n314dYipiKoezfsKSucjbXwKeDhJyAmT1e3irIHKGlZEscoN2QAvqtgcPenm7FSQH\n-----END CERTIFICATE-----\n\n-----BEGIN CERTIFICATE-----\nMIIFMTCCAxmgAwIBAgIRAPSm5CpQbad4MfP8NM2jUK4wDQYJKoZIhvcNAQELBQAw\nMjEYMBYGA1UEChMPSGFzaGlDb3JwIFZhdWx0MRYwFAYDVQQDEw1jbHVzdGVyLmxv\nY2FsMB4XDTE4MTAxNjE0MjIxNloXDTE5MTAxNjE0MjIxNlowMjEYMBYGA1UEChMP\nSGFzaGlDb3JwIFZhdWx0MRYwFAYDVQQDEw1jbHVzdGVyLmxvY2FsMIICIjANBgkq\nhkiG9w0BAQEFAAOCAg8AMIICCgKCAgEAv9iDnuSctdsnp7mOUm0cj68p+u90rKVJ\n82DVJtJYtroMS2xjvQ8te5/NZM0H3YFSB/lnMkn+6BVbbWxku1Hov8vD7SQsBakw\nO7ncZf77vfBowGlxfN3YYwC5aDHyf7aPmZnq1KLyYcdz/KGcPf7OKdfSEPCDylcJ\nXwBpKJ2te3HpFuKIj7tIVa+UNlj/o3x04GTcPTPHiRKZg0N92x8R4fwsPhCC81Yt\niLMvaqCJ1zSl3nSa3JJTL8j9iwO3z46ES8wVpua32Ieb2A2mVh9OssOF+Re4Xoas\n2r+5dfdCmwJnk+V3uIYdzTg4Wz0Rh8E3CwZgJtXQMM2j+pf5bkoZLCGHbCv70ElC\nVZEnSWwmxJVazLD7Mu9GjkDNoqjy6/uMJGyvKyoRGB1SwGyi86zeKZTa8s23XYSO\nM0qgVEnRAf13PV1QhpDwexS1aYuf/BvD6sHzRGTD95HlWhZcfcmioQF4vMhbhQt/\n78ME6a53foZ/Ci1MgBEvv1QSiGMr+iUlclAyWfPWQFUlGLVTGL8qR//+m5Dmi9oy\nIXeE2PQG8HERl5mNnh7FDw5GjwzXG8P5qK8eSJ5DxL2JBJIl2nfaXmD0LXkOaB99\nftLvyO6OYb0L1l4hCR3OzIj5Uw+/KKzbxkyl6Nf0B76wADtg/bhmwqCVxO5FEGCZ\nnFZ0/DOWNrsCAwEAAaNCMEAwDgYDVR0PAQH/BAQDAgKkMA8GA1UdEwEB/wQFMAMB\nAf8wHQYDVR0OBBYEFKU0jLOIq/QZ16lp0YWkWxGztCNbMA0GCSqGSIb3DQEBCwUA\nA4ICAQCUIwfmuidulbsLfIeD9IPZfBd517gGYBjXmiBY3w1g3RyYQNqd50S1ROqk\nOZcXBQt7tONA0lo5eUS6+4SAOV7zh+oBJ44JeLC5s/bcAoLpVm5yqiRUFJxJlD+Q\nVnOwCixtz1xUb8QlPmROUV4c7ZpIcq5EzyZvl7XwQfv1D7lNdf/wokP7IDaKeF7S\nZppSgmZ4JG5kd2Aglbl2Hidlp6zXdQo3HctORW575RVizWfMtuRgsK08F68iPbhJ\nmMpm9nxpDUorjEHehvwFAuTmv1iVTHTAx7DZMw7ZngZzpH8oSaid1FJYHSQHAYY1\nA5ViIpJCZTRHp3nAd5XfgOypLH5JYvBVpMCcGye5kfAJU+MEIUgErf7GFwR73KhU\nzymPb7oTj1GNGKU2+FF/n5tijdAp0/B5zXj6ZlrmhVSMqhfy9gqGjf7GJ8qNX78i\ngMsCCRdc0iJtWf4eUBbDKN3uiiG03zWmut0+TyzfK4I+D5O+/8RMB/8VRvP/mrC7\n4NdqUDuwZuGto75nqlfYbldqfsEyWMxI6lKJZapdUnZIjB0sn5zH01caWj5x3Pum\nBJn4CvcNgpc1BqHsDcfGxcySDiz1IswVxtE2rMudA+VhcF3N9ytZAYeZcSmWSOx9\nzCxw/J3ytXfGFmeP+xn9gzbSi2vBV543+DdQzsWw1AKgqVe/bw==\n-----END CERTIFICATE-----\n",
                            "data.vault.key": "-----BEGIN RSA PRIVATE KEY-----\nMIIEowIBAAKCAQEAwY2msD36Hqa19sL+aVv4SNOqoRyPPPLvwTDRCOUED2K2Hvr7\nzphNbOdtzK99iZSrLUD8JFX9NWtFipiK8beaTs14wMs/PjPOKDo++9Wzic9my1sa\nk3Sos3oPU71MRooqIoN/YsHTQi7SdTWJBHYqdqarNCyOyqogyjy0QQn+UkDunFaw\nmMqZcWPGa1JjUW2z4n9ULx2M6Ii3jvtV9lkcBsP0nkxPovgDMHk2j2rEIJVWQ1ct\nn2uCKcYywl/bYHLuw5L7BYieNZlEEYRF0oiNKhe7GjAkd5Xfb3l2TQ9nw+6Q+vnq\nOea0GdTYJm4FEd5UqHsDvAEi6cVk3xr9GeftDwIDAQABAoIBAFhgOVAXvHDqZgN6\nHXg2CjQWkb5mr/CAbIClrYyGJUhxJf8XUoqOeCvVsAjZyFRdkZtkJLzilm8hv+r8\no9SipM5+ezhslT/tn6A2mDOc7BFspd8MhiH2DmGExiLSOFWtGHgR2sRZBAEgJ/Bk\ntV9YJSNwDpQQFFLtQ3OULCnWSk17lJKah6fiZn09Wwi60twG/ddB3uxjI4lEUJTb\nwm/6Gh8s8hW+F9SOR1MmGs3+GfeqWBDtXSv4WIqLX3xCFL/jOaSI8HAQ1XIqxpCi\nOBKwSgwqji+GXtCdszr8sjQwAvIvS/2XfGKhD1fHABHiXRpkn0QpnnzIT5wb7PQV\n5Yc0J0ECgYEAzelyGZKIu3E6h1DMJE42tqW2Kn5OzGPqDsqBg9CIYFwv2llZCLAs\n+1yep7/+iT57e3OCFIMCT4wxTNmHppcEgFhQ2utgazceSSk2HBaO9Pb7vPbAZsvg\nQMOwHUIqrkcJU5lNybzZPI6T5N4+ULAsiIYrdoVIPbNt8m/Vjp6JlgcCgYEA8KKc\no97aOojfFuCS8f48sB7Ygk0bZ9D3RfbYRjCokzUTL1wvJhMUKOf2f7fn5socLxoc\nolsoT+rZ5wq+QkCwOSy3Wtlvoz6J00kkK0QzqNxkAXlkdmYrglS7PS4NfO8RiT1e\nkUJ0n5vDDmBtcjpTpNe83Kbwouyre3f5EqkA7rkCgYEAiCFApLVingFCf3kkLRBk\nTaYKY9dzQt7/O14X98wijQoFPOZ63SqT4m4eGartnVBolHoN0n+2RF7brQHXE4Sd\nnjhE5CZebSNYa2fKdRFY24x5azj6hDte+5Ij2YQH8YXXHaSpb6jhOY7NKa7gJboD\nBxMkosuEsf3wvym+VvZq4XsCgYA+m2A7tnB6yD+auSUiNu5dODlGdX9K3HBpUJbm\ndCR34Fg0ezx9IHufRPK6OgPo5O6+RoHqr+LmIAk/dmkX3bK7vWmbBnVoOI4tXZs+\ncokqRuTyCT5dG6n4R8lLWp8BwUWDumbPTkX/fMwcAnSXQpueiM7Hbduv1/mprwYr\nl7L5aQKBgCOLDii8k3EAwV28XlU8Q40bT8/r5vPyD43542T5LGX4u4qYaoDOurAW\npiWA9rVTVrbggZenoQJ3bVqxG0IYi14uWufdQSpXFUH8HS+/9t4wn79jL9Yrzr7x\nnHK7gHLSIxGrDWbskte0tdqGKoqzuKZ5W5jSJvNY2Lh+CCkrCjQ/\n-----END RSA PRIVATE KEY-----\n",
                            "id": "kube-security/vault-tls",
                            "metadata.#": "1",
                            "metadata.0.annotations.%": "0",
                            "metadata.0.generate_name": "",
                            "metadata.0.generation": "0",
                            "metadata.0.labels.%": "0",
                            "metadata.0.name": "vault-tls",
                            "metadata.0.namespace": "kube-security",
                            "metadata.0.resource_version": "34356",
                            "metadata.0.self_link": "/api/v1/namespaces/kube-security/secrets/vault-tls",
                            "metadata.0.uid": "41fba71e-d14e-11e8-a321-42010a8400a0",
                            "type": "Opaque"
                        },
                        "meta": {},
                        "tainted": false
                    },
                    "deposed": [],
                    "provider": "provider.kubernetes"
                },
                "tls_cert_request.vault": {
                    "type": "tls_cert_request",
                    "depends_on": [
                        "google_compute_address.vault",
                        "tls_private_key.vault"
                    ],
                    "primary": {
                        "id": "7d0617dd77c0d3bff62d19a9ddaa636b6e2ebe57",
                        "attributes": {
                            "cert_request_pem": "-----BEGIN CERTIFICATE REQUEST-----\nMIIC4zCCAcsCAQAwMDEYMBYGA1UEChMPSGFzaGlDb3JwIFZhdWx0MRQwEgYDVQQD\nEwt2YXVsdC5sb2NhbDCCASIwDQYJKoZIhvcNAQEBBQADggEPADCCAQoCggEBAMGN\nprA9+h6mtfbC/mlb+EjTqqEcjzzy78Ew0QjlBA9ith76+86YTWznbcyvfYmUqy1A\n/CRV/TVrRYqYivG3mk7NeMDLPz4zzig6PvvVs4nPZstbGpN0qLN6D1O9TEaKKiKD\nf2LB00Iu0nU1iQR2KnamqzQsjsqqIMo8tEEJ/lJA7pxWsJjKmXFjxmtSY1Fts+J/\nVC8djOiIt477VfZZHAbD9J5MT6L4AzB5No9qxCCVVkNXLZ9rginGMsJf22By7sOS\n+wWInjWZRBGERdKIjSoXuxowJHeV3295dk0PZ8PukPr56jnmtBnU2CZuBRHeVKh7\nA7wBIunFZN8a/Rnn7Q8CAwEAAaBuMGwGCSqGSIb3DQEJDjFfMF0wWwYDVR0RBFQw\nUoIFdmF1bHSCC3ZhdWx0LmxvY2FsgiV2YXVsdC5rdWJlLXNlY3VyaXR5LnN2Yy5j\nbHVzdGVyLmxvY2Fsgglsb2NhbGhvc3SHBH8AAAGHBCPxgvYwDQYJKoZIhvcNAQEL\nBQADggEBAITHW/cC3YvPr/jF4Nla0QPm0jJiz2i4cMJ6NQIrxMFUfWIQe571yo4G\niZP9S8if5De0wHTGWdH/Z0+eNrtUlzSyoH0ozosRzucBWa6xHLvFHVn2VfCcqaxZ\ntA6dzjPKVbhtjcW8SQ8A3yg7IAXQ6biA3mNHXfCZyt640QbichCiAptGxmPkBYob\nI0OfN2yMNZSr8oDf5t707M64j9JOxDXL84JQBTLYPmXPDJvYnSeBGEmz0dvLEqy8\nqh5NHJQvtfKoQcjzNu/uFfcA+qQoEJDtS1aS7gYrm2JeBw676CYstbBGjMdJ9vNq\ne8FrC+0X57aN/T4OGrJlznenrkoXPGo=\n-----END CERTIFICATE REQUEST-----\n",
                            "dns_names.#": "4",
                            "dns_names.0": "vault",
                            "dns_names.1": "vault.local",
                            "dns_names.2": "vault.kube-security.svc.cluster.local",
                            "dns_names.3": "localhost",
                            "id": "7d0617dd77c0d3bff62d19a9ddaa636b6e2ebe57",
                            "ip_addresses.#": "2",
                            "ip_addresses.0": "127.0.0.1",
                            "ip_addresses.1": "35.241.130.246",
                            "key_algorithm": "RSA",
                            "private_key_pem": "d26b9582b4c9773b9b794f3106970d0939b4206b",
                            "subject.#": "1",
                            "subject.0.common_name": "vault.local",
                            "subject.0.country": "",
                            "subject.0.locality": "",
                            "subject.0.organization": "HashiCorp Vault",
                            "subject.0.organizational_unit": "",
                            "subject.0.postal_code": "",
                            "subject.0.province": "",
                            "subject.0.serial_number": "",
                            "subject.0.street_address.#": "0"
                        },
                        "meta": {},
                        "tainted": false
                    },
                    "deposed": [],
                    "provider": "provider.tls"
                },
                "tls_locally_signed_cert.vault": {
                    "type": "tls_locally_signed_cert",
                    "depends_on": [
                        "tls_cert_request.vault",
                        "tls_private_key.vault-ca",
                        "tls_self_signed_cert.vault-ca"
                    ],
                    "primary": {
                        "id": "240996352235443468905319185599620850342",
                        "attributes": {
                            "allowed_uses.#": "5",
                            "allowed_uses.0": "cert_signing",
                            "allowed_uses.1": "client_auth",
                            "allowed_uses.2": "digital_signature",
                            "allowed_uses.3": "key_encipherment",
                            "allowed_uses.4": "server_auth",
                            "ca_cert_pem": "c0a8154452bebd4bf4f838dc3121f009c5b46ced",
                            "ca_key_algorithm": "RSA",
                            "ca_private_key_pem": "597913129f7289740753a4c9815c8d2668ce7861",
                            "cert_pem": "-----BEGIN CERTIFICATE-----\nMIIErDCCApSgAwIBAgIRALVONYlFR1laA7pTkOrWIqYwDQYJKoZIhvcNAQELBQAw\nMjEYMBYGA1UEChMPSGFzaGlDb3JwIFZhdWx0MRYwFAYDVQQDEw1jbHVzdGVyLmxv\nY2FsMB4XDTE4MTAxNjE0MjIxNloXDTE5MTAxNjE0MjIxNlowMDEYMBYGA1UEChMP\nSGFzaGlDb3JwIFZhdWx0MRQwEgYDVQQDEwt2YXVsdC5sb2NhbDCCASIwDQYJKoZI\nhvcNAQEBBQADggEPADCCAQoCggEBAMGNprA9+h6mtfbC/mlb+EjTqqEcjzzy78Ew\n0QjlBA9ith76+86YTWznbcyvfYmUqy1A/CRV/TVrRYqYivG3mk7NeMDLPz4zzig6\nPvvVs4nPZstbGpN0qLN6D1O9TEaKKiKDf2LB00Iu0nU1iQR2KnamqzQsjsqqIMo8\ntEEJ/lJA7pxWsJjKmXFjxmtSY1Fts+J/VC8djOiIt477VfZZHAbD9J5MT6L4AzB5\nNo9qxCCVVkNXLZ9rginGMsJf22By7sOS+wWInjWZRBGERdKIjSoXuxowJHeV3295\ndk0PZ8PukPr56jnmtBnU2CZuBRHeVKh7A7wBIunFZN8a/Rnn7Q8CAwEAAaOBvjCB\nuzAOBgNVHQ8BAf8EBAMCAqQwHQYDVR0lBBYwFAYIKwYBBQUHAwIGCCsGAQUFBwMB\nMAwGA1UdEwEB/wQCMAAwHwYDVR0jBBgwFoAUpTSMs4ir9BnXqWnRhaRbEbO0I1sw\nWwYDVR0RBFQwUoIFdmF1bHSCC3ZhdWx0LmxvY2FsgiV2YXVsdC5rdWJlLXNlY3Vy\naXR5LnN2Yy5jbHVzdGVyLmxvY2Fsgglsb2NhbGhvc3SHBH8AAAGHBCPxgvYwDQYJ\nKoZIhvcNAQELBQADggIBAKcQIXezwFYXJ245zSln/OlyOqFhB6vgxW6ylRG3+qFH\ncBfD1zPFms2M/t5KQOGapzQYwwLug970aNpI1mzQJqiSwLesFaPFjQHaw6Qt/emP\niib5o4YM9w8nd/EnXhowoi/6jrxjezqInuGY8tzBg+sybOsV+xANzR8VNsEaidN7\nc8M5w0B1wBHdGGAtkeeX3iOljfpAKjwiRQwjTsoi30ocVzZGKN7mDpAgmfouW9vd\nzlesLNLFiVR5muxeB4rTp1YZSn1XslUTsuAmgqtDSoiJEJE0u8eOmZEL1tst6T5h\nCi0Zpf1zgZGk0ybGtFXNSXihJaO2BZbOXehT1QBsbE3YU0ebooFpDZ1LwYZprC8z\nIVGyMGCPx1/27p4XvfWI6Dc9PyjA8ZzbgxKAd6ajIzsEycfTL9XlkhwrDbCLpmbT\nK+JFisEMZZxSXA78o9lON/YLJg7QJON8FC+WQsQw2rvMD5jhDQkKG14nncVzA/rA\nuoJqNyCA/+vKGg63GF8swWL8s74O440E2TT+hRwf+XkPczvawzSyJnOSFRgwqszl\nipfANpVptdheFocRvFL0INTSs6eG/f8wjjqbTmxSAci6h3Nc7uFhtfP9jXRQeIum\n314dYipiKoezfsKSucjbXwKeDhJyAmT1e3irIHKGlZEscoN2QAvqtgcPenm7FSQH\n-----END CERTIFICATE-----\n",
                            "cert_request_pem": "3847acd7cb11b6ad4c8169e4728695c438b35d35",
                            "early_renewal_hours": "0",
                            "id": "240996352235443468905319185599620850342",
                            "validity_end_time": "2019-10-16T16:22:16.723515966+02:00",
                            "validity_period_hours": "8760",
                            "validity_start_time": "2018-10-16T16:22:16.723515966+02:00"
                        },
                        "meta": {},
                        "tainted": false
                    },
                    "deposed": [],
                    "provider": "provider.tls"
                },
                "tls_private_key.vault": {
                    "type": "tls_private_key",
                    "depends_on": [],
                    "primary": {
                        "id": "e0dd5ca5e80f4adaf3007850b17672490983eb84",
                        "attributes": {
                            "algorithm": "RSA",
                            "ecdsa_curve": "P224",
                            "id": "e0dd5ca5e80f4adaf3007850b17672490983eb84",
                            "private_key_pem": "-----BEGIN RSA PRIVATE KEY-----\nMIIEowIBAAKCAQEAwY2msD36Hqa19sL+aVv4SNOqoRyPPPLvwTDRCOUED2K2Hvr7\nzphNbOdtzK99iZSrLUD8JFX9NWtFipiK8beaTs14wMs/PjPOKDo++9Wzic9my1sa\nk3Sos3oPU71MRooqIoN/YsHTQi7SdTWJBHYqdqarNCyOyqogyjy0QQn+UkDunFaw\nmMqZcWPGa1JjUW2z4n9ULx2M6Ii3jvtV9lkcBsP0nkxPovgDMHk2j2rEIJVWQ1ct\nn2uCKcYywl/bYHLuw5L7BYieNZlEEYRF0oiNKhe7GjAkd5Xfb3l2TQ9nw+6Q+vnq\nOea0GdTYJm4FEd5UqHsDvAEi6cVk3xr9GeftDwIDAQABAoIBAFhgOVAXvHDqZgN6\nHXg2CjQWkb5mr/CAbIClrYyGJUhxJf8XUoqOeCvVsAjZyFRdkZtkJLzilm8hv+r8\no9SipM5+ezhslT/tn6A2mDOc7BFspd8MhiH2DmGExiLSOFWtGHgR2sRZBAEgJ/Bk\ntV9YJSNwDpQQFFLtQ3OULCnWSk17lJKah6fiZn09Wwi60twG/ddB3uxjI4lEUJTb\nwm/6Gh8s8hW+F9SOR1MmGs3+GfeqWBDtXSv4WIqLX3xCFL/jOaSI8HAQ1XIqxpCi\nOBKwSgwqji+GXtCdszr8sjQwAvIvS/2XfGKhD1fHABHiXRpkn0QpnnzIT5wb7PQV\n5Yc0J0ECgYEAzelyGZKIu3E6h1DMJE42tqW2Kn5OzGPqDsqBg9CIYFwv2llZCLAs\n+1yep7/+iT57e3OCFIMCT4wxTNmHppcEgFhQ2utgazceSSk2HBaO9Pb7vPbAZsvg\nQMOwHUIqrkcJU5lNybzZPI6T5N4+ULAsiIYrdoVIPbNt8m/Vjp6JlgcCgYEA8KKc\no97aOojfFuCS8f48sB7Ygk0bZ9D3RfbYRjCokzUTL1wvJhMUKOf2f7fn5socLxoc\nolsoT+rZ5wq+QkCwOSy3Wtlvoz6J00kkK0QzqNxkAXlkdmYrglS7PS4NfO8RiT1e\nkUJ0n5vDDmBtcjpTpNe83Kbwouyre3f5EqkA7rkCgYEAiCFApLVingFCf3kkLRBk\nTaYKY9dzQt7/O14X98wijQoFPOZ63SqT4m4eGartnVBolHoN0n+2RF7brQHXE4Sd\nnjhE5CZebSNYa2fKdRFY24x5azj6hDte+5Ij2YQH8YXXHaSpb6jhOY7NKa7gJboD\nBxMkosuEsf3wvym+VvZq4XsCgYA+m2A7tnB6yD+auSUiNu5dODlGdX9K3HBpUJbm\ndCR34Fg0ezx9IHufRPK6OgPo5O6+RoHqr+LmIAk/dmkX3bK7vWmbBnVoOI4tXZs+\ncokqRuTyCT5dG6n4R8lLWp8BwUWDumbPTkX/fMwcAnSXQpueiM7Hbduv1/mprwYr\nl7L5aQKBgCOLDii8k3EAwV28XlU8Q40bT8/r5vPyD43542T5LGX4u4qYaoDOurAW\npiWA9rVTVrbggZenoQJ3bVqxG0IYi14uWufdQSpXFUH8HS+/9t4wn79jL9Yrzr7x\nnHK7gHLSIxGrDWbskte0tdqGKoqzuKZ5W5jSJvNY2Lh+CCkrCjQ/\n-----END RSA PRIVATE KEY-----\n",
                            "public_key_fingerprint_md5": "de:d2:ff:13:11:d0:dc:d1:42:b9:b9:0b:72:f1:a4:0a",
                            "public_key_openssh": "ssh-rsa AAAAB3NzaC1yc2EAAAADAQABAAABAQDBjaawPfoeprX2wv5pW/hI06qhHI888u/BMNEI5QQPYrYe+vvOmE1s523Mr32JlKstQPwkVf01a0WKmIrxt5pOzXjAyz8+M84oOj771bOJz2bLWxqTdKizeg9TvUxGiioig39iwdNCLtJ1NYkEdip2pqs0LI7KqiDKPLRBCf5SQO6cVrCYyplxY8ZrUmNRbbPif1QvHYzoiLeO+1X2WRwGw/SeTE+i+AMweTaPasQglVZDVy2fa4IpxjLCX9tgcu7DkvsFiJ41mUQRhEXSiI0qF7saMCR3ld9veXZND2fD7pD6+eo55rQZ1NgmbgUR3lSoewO8ASLpxWTfGv0Z5+0P\n",
                            "public_key_pem": "-----BEGIN PUBLIC KEY-----\nMIIBIjANBgkqhkiG9w0BAQEFAAOCAQ8AMIIBCgKCAQEAwY2msD36Hqa19sL+aVv4\nSNOqoRyPPPLvwTDRCOUED2K2Hvr7zphNbOdtzK99iZSrLUD8JFX9NWtFipiK8bea\nTs14wMs/PjPOKDo++9Wzic9my1sak3Sos3oPU71MRooqIoN/YsHTQi7SdTWJBHYq\ndqarNCyOyqogyjy0QQn+UkDunFawmMqZcWPGa1JjUW2z4n9ULx2M6Ii3jvtV9lkc\nBsP0nkxPovgDMHk2j2rEIJVWQ1ctn2uCKcYywl/bYHLuw5L7BYieNZlEEYRF0oiN\nKhe7GjAkd5Xfb3l2TQ9nw+6Q+vnqOea0GdTYJm4FEd5UqHsDvAEi6cVk3xr9Geft\nDwIDAQAB\n-----END PUBLIC KEY-----\n",
                            "rsa_bits": "2048"
                        },
                        "meta": {},
                        "tainted": false
                    },
                    "deposed": [],
                    "provider": "provider.tls"
                },
                "tls_private_key.vault-ca": {
                    "type": "tls_private_key",
                    "depends_on": [],
                    "primary": {
                        "id": "87ab7798524fb05845d70a1bb45c90e47528fd84",
                        "attributes": {
                            "algorithm": "RSA",
                            "ecdsa_curve": "P224",
                            "id": "87ab7798524fb05845d70a1bb45c90e47528fd84",
                            "private_key_pem": "-----BEGIN RSA PRIVATE KEY-----\nMIIJJwIBAAKCAgEAv9iDnuSctdsnp7mOUm0cj68p+u90rKVJ82DVJtJYtroMS2xj\nvQ8te5/NZM0H3YFSB/lnMkn+6BVbbWxku1Hov8vD7SQsBakwO7ncZf77vfBowGlx\nfN3YYwC5aDHyf7aPmZnq1KLyYcdz/KGcPf7OKdfSEPCDylcJXwBpKJ2te3HpFuKI\nj7tIVa+UNlj/o3x04GTcPTPHiRKZg0N92x8R4fwsPhCC81YtiLMvaqCJ1zSl3nSa\n3JJTL8j9iwO3z46ES8wVpua32Ieb2A2mVh9OssOF+Re4Xoas2r+5dfdCmwJnk+V3\nuIYdzTg4Wz0Rh8E3CwZgJtXQMM2j+pf5bkoZLCGHbCv70ElCVZEnSWwmxJVazLD7\nMu9GjkDNoqjy6/uMJGyvKyoRGB1SwGyi86zeKZTa8s23XYSOM0qgVEnRAf13PV1Q\nhpDwexS1aYuf/BvD6sHzRGTD95HlWhZcfcmioQF4vMhbhQt/78ME6a53foZ/Ci1M\ngBEvv1QSiGMr+iUlclAyWfPWQFUlGLVTGL8qR//+m5Dmi9oyIXeE2PQG8HERl5mN\nnh7FDw5GjwzXG8P5qK8eSJ5DxL2JBJIl2nfaXmD0LXkOaB99ftLvyO6OYb0L1l4h\nCR3OzIj5Uw+/KKzbxkyl6Nf0B76wADtg/bhmwqCVxO5FEGCZnFZ0/DOWNrsCAwEA\nAQKCAgAvO1gUW4Z1g3I86gMvKevZOC/mtuOLydnuEI4J08nBmwaB3zqjBkSVZh+E\nTLI+B6OxkOamS+91JiTvSLt4Hs9lwP4IuVoZPrFAUx7/AYrrFXBExvEI4/ltTnVX\nQMzKQqESGQHmvgNcrWVR8lvsK3qIdLkkMILR4yHMgOZi+IcImF/hoX4rnNlPNz4P\nL1Qo5PBFeq96ZfAfQDQJTCmFNB4L/DDMSvZigHoPaMYow0OMd0rK/PxPh7rxTdOW\nUSEE+bp6itFd2Pm0Vpa414t3MpgGjPrD++IJa7DM3l0DvQ9p6Gqlz93s0SAvMUM2\nu09AlAJANZ6gkQ2Dpm1TuezQCXAurwFGHEcqMZSm8WxXIxi0S3EkEB1+3Jp4EyOf\n8KaEguiLePi0bbVTa3xdufLBWXWrlK23U/JkgVN6Pyueg37Ip2zE2n1qcXCSHC3A\ni1lDDvNFemPdAF3si7Vyk0I560YRuMN4JZJcgRMM02aiR+eDqAqjYm8qI8h8i0+U\nGSZDbg5UmLRvthrPVszRev2H2OWu+g8ddpDJr2nYVzrrp8vT3fudbX9q2Cbi76e+\nKv5eNMqjLZKjVKXic73sQprSqEazbyg/cirb0Zpuem5BQM3bkRYXqtiipMuwRGkA\n21wtV9nj2vSgrwJdEkmI5cluaaZLkSNXEskQVN5ORDpf1CAWQQKCAQEA0l674tv9\n/RK1ptkW0f/sH4PKWCQ2naI5765F5XOzgXXpjuZZVeslrtThaAHCXNxZo9l6nx51\nkLuKAKQ9tXDbH7Z5TEFF3xGx89UaoTEuwBys+Hi1EOa+iTlpVbsTwISTByEmFv0O\nKTDic05kSEKJOcoJrFoR7HsKVQ6RLP+m5a5KN+wmXhhrR2EBWFS5fo0GbK2vP0Za\nWGZ3LiKiMXC2G7AHAtt0WBNr9eu7KY9b4OhlqLn927v021+nGrN8QbAnIlb9VAnt\nPgB42hoDq6e3xZAPfl5KXwvohIS/Nt/kUsKaIjCyVbYygiN5F/LcJaW+s0Zwrxsy\n7tq0cm3f5eGrmwKCAQEA6XUtab2eVw6JFSvWrse83eYfH8a9M65w8hLDbdQWAkfi\niAqD0wKAAhDiI4NsTKSlTbkCPRJWl2cov0j/EG2amzg3sePoUqArT9+1seel5UVX\nLZ7OydiLLbwqv3GXQxOZUSB4nCnuML39U7hFe2AjDHns9Jo0mQbC7glqyOnKEHU5\n+bMdqku3S4vTVROGMmvqHAyIJSo1eGkHg8xwgF6rhobX/AT+rLmuCL9j2GtZmHOV\nryWXMser78zt0volbNV6ublvol72+nUrFcdyzdrWeNyALPHT95q3drgNS+7J7a5u\nC2Jis6HN3UNh0O/dhatGeoEIyRHbkry20v5FsLojYQKCAQAFRvMXocUhUBLWeKOl\n6PGXaMruoxnromIprQl71AcwvDB7sTOUgC2V0SlGXqTth2mIPrBgxXbVhp7TnUse\n/hHBHea1Dv4dtmfsYfAlEwLFNvLv2LdSETe+YX5O9D5umeTGTQKTmQ194wgLNHA3\nj9O5a2QKusewUvXTZGYn5tHc+R5LgNUFjz9BryFFgfqVPhxnJYQ75hvmE8vxkFTZ\nQKaQ0z2ZyL+GZhZTOPKc/EelwK6sKN5BYNmnlyKt/MqlKzIQHnaEYSteXsypS/XD\nnJVzk0WQOfVLpRTUHjBdxAgKO296ZBZVKBjkQteKzkDPgPTjsmSpP9lrPHlCVZdE\nQQD5AoIBACwg/iiSsy95i+f4lWgMUWMQcKmtA26VdrwLV+2WvWJI/EUC19A3FMNP\nNa/I09vY83Yxln68zKlp0oX14mDUlvjoM37oua2EoStD+jBavT0NUmFJN4Vn7UcD\n3oC5lAIV3lE7dhDuzBtijlQY7OlZTsa49VV3IKIcaRRdq1W2+38I6aCNfvoFvewF\nzjiyrBcz1tjedY2w4NKV59m99zYMrxeKvaDhwNIddwwoQVNTV2g90Pl+fYoXvCRj\n9ECBEDn2UHBy4OssUDsfkrlXLhhDWW8XHxNf0tVm5W8Hc1v7EyheZGa6fjW+TA+b\nAQ5hiNoPeg8F/Qck3QBrs5NGhR3W0YECggEAY4dFriWUUQAOGYrsuY2oPJ045ef4\nzchmX6yqX4enqyadrYmVQS5y8rGpk1maDOGuV01y8uNat6SHBoT01lVMa9sWxf+4\nqdfQmMqIRKIrYYPHT2qauQBnE+UrB8oFk53ASLbWNfxVkjN0ehVloRP8NyacSTuK\nhc8q9xn2ADd8cbaqB9TulTRnJWgVLwRZVtTMwvZHQOq3q7U2Ad9Akl0xVerYT6EJ\nEBrOfXAqOkrBMsqu2AoF3v6idATOGt3LE2wghKU4QKSrFBCT/ePmY2mIcSWUX3m8\nJyh+Cdv0Y1CgUvk3E/z/aUxj1Q+ty4KNtjQLGvD3BBrqUDe7XXvGDAaYNQ==\n-----END RSA PRIVATE KEY-----\n",
                            "public_key_fingerprint_md5": "f2:30:a6:32:b8:45:89:ca:24:a9:d6:95:4e:29:a9:15",
                            "public_key_openssh": "ssh-rsa AAAAB3NzaC1yc2EAAAADAQABAAACAQC/2IOe5Jy12yenuY5SbRyPryn673SspUnzYNUm0li2ugxLbGO9Dy17n81kzQfdgVIH+WcySf7oFVttbGS7Uei/y8PtJCwFqTA7udxl/vu98GjAaXF83dhjALloMfJ/to+ZmerUovJhx3P8oZw9/s4p19IQ8IPKVwlfAGkona17cekW4oiPu0hVr5Q2WP+jfHTgZNw9M8eJEpmDQ33bHxHh/Cw+EILzVi2Isy9qoInXNKXedJrcklMvyP2LA7fPjoRLzBWm5rfYh5vYDaZWH06yw4X5F7hehqzav7l190KbAmeT5Xe4hh3NODhbPRGHwTcLBmAm1dAwzaP6l/luShksIYdsK/vQSUJVkSdJbCbElVrMsPsy70aOQM2iqPLr+4wkbK8rKhEYHVLAbKLzrN4plNryzbddhI4zSqBUSdEB/Xc9XVCGkPB7FLVpi5/8G8PqwfNEZMP3keVaFlx9yaKhAXi8yFuFC3/vwwTprnd+hn8KLUyAES+/VBKIYyv6JSVyUDJZ89ZAVSUYtVMYvypH//6bkOaL2jIhd4TY9AbwcRGXmY2eHsUPDkaPDNcbw/morx5InkPEvYkEkiXad9peYPQteQ5oH31+0u/I7o5hvQvWXiEJHc7MiPlTD78orNvGTKXo1/QHvrAAO2D9uGbCoJXE7kUQYJmcVnT8M5Y2uw==\n",
                            "public_key_pem": "-----BEGIN PUBLIC KEY-----\nMIICIjANBgkqhkiG9w0BAQEFAAOCAg8AMIICCgKCAgEAv9iDnuSctdsnp7mOUm0c\nj68p+u90rKVJ82DVJtJYtroMS2xjvQ8te5/NZM0H3YFSB/lnMkn+6BVbbWxku1Ho\nv8vD7SQsBakwO7ncZf77vfBowGlxfN3YYwC5aDHyf7aPmZnq1KLyYcdz/KGcPf7O\nKdfSEPCDylcJXwBpKJ2te3HpFuKIj7tIVa+UNlj/o3x04GTcPTPHiRKZg0N92x8R\n4fwsPhCC81YtiLMvaqCJ1zSl3nSa3JJTL8j9iwO3z46ES8wVpua32Ieb2A2mVh9O\nssOF+Re4Xoas2r+5dfdCmwJnk+V3uIYdzTg4Wz0Rh8E3CwZgJtXQMM2j+pf5bkoZ\nLCGHbCv70ElCVZEnSWwmxJVazLD7Mu9GjkDNoqjy6/uMJGyvKyoRGB1SwGyi86ze\nKZTa8s23XYSOM0qgVEnRAf13PV1QhpDwexS1aYuf/BvD6sHzRGTD95HlWhZcfcmi\noQF4vMhbhQt/78ME6a53foZ/Ci1MgBEvv1QSiGMr+iUlclAyWfPWQFUlGLVTGL8q\nR//+m5Dmi9oyIXeE2PQG8HERl5mNnh7FDw5GjwzXG8P5qK8eSJ5DxL2JBJIl2nfa\nXmD0LXkOaB99ftLvyO6OYb0L1l4hCR3OzIj5Uw+/KKzbxkyl6Nf0B76wADtg/bhm\nwqCVxO5FEGCZnFZ0/DOWNrsCAwEAAQ==\n-----END PUBLIC KEY-----\n",
                            "rsa_bits": "4096"
                        },
                        "meta": {},
                        "tainted": false
                    },
                    "deposed": [],
                    "provider": "provider.tls"
                },
                "tls_self_signed_cert.vault-ca": {
                    "type": "tls_self_signed_cert",
                    "depends_on": [
                        "tls_private_key.vault-ca"
                    ],
                    "primary": {
                        "id": "325198179991900077107280849986033766574",
                        "attributes": {
                            "allowed_uses.#": "3",
                            "allowed_uses.0": "cert_signing",
                            "allowed_uses.1": "digital_signature",
                            "allowed_uses.2": "key_encipherment",
                            "cert_pem": "-----BEGIN CERTIFICATE-----\nMIIFMTCCAxmgAwIBAgIRAPSm5CpQbad4MfP8NM2jUK4wDQYJKoZIhvcNAQELBQAw\nMjEYMBYGA1UEChMPSGFzaGlDb3JwIFZhdWx0MRYwFAYDVQQDEw1jbHVzdGVyLmxv\nY2FsMB4XDTE4MTAxNjE0MjIxNloXDTE5MTAxNjE0MjIxNlowMjEYMBYGA1UEChMP\nSGFzaGlDb3JwIFZhdWx0MRYwFAYDVQQDEw1jbHVzdGVyLmxvY2FsMIICIjANBgkq\nhkiG9w0BAQEFAAOCAg8AMIICCgKCAgEAv9iDnuSctdsnp7mOUm0cj68p+u90rKVJ\n82DVJtJYtroMS2xjvQ8te5/NZM0H3YFSB/lnMkn+6BVbbWxku1Hov8vD7SQsBakw\nO7ncZf77vfBowGlxfN3YYwC5aDHyf7aPmZnq1KLyYcdz/KGcPf7OKdfSEPCDylcJ\nXwBpKJ2te3HpFuKIj7tIVa+UNlj/o3x04GTcPTPHiRKZg0N92x8R4fwsPhCC81Yt\niLMvaqCJ1zSl3nSa3JJTL8j9iwO3z46ES8wVpua32Ieb2A2mVh9OssOF+Re4Xoas\n2r+5dfdCmwJnk+V3uIYdzTg4Wz0Rh8E3CwZgJtXQMM2j+pf5bkoZLCGHbCv70ElC\nVZEnSWwmxJVazLD7Mu9GjkDNoqjy6/uMJGyvKyoRGB1SwGyi86zeKZTa8s23XYSO\nM0qgVEnRAf13PV1QhpDwexS1aYuf/BvD6sHzRGTD95HlWhZcfcmioQF4vMhbhQt/\n78ME6a53foZ/Ci1MgBEvv1QSiGMr+iUlclAyWfPWQFUlGLVTGL8qR//+m5Dmi9oy\nIXeE2PQG8HERl5mNnh7FDw5GjwzXG8P5qK8eSJ5DxL2JBJIl2nfaXmD0LXkOaB99\nftLvyO6OYb0L1l4hCR3OzIj5Uw+/KKzbxkyl6Nf0B76wADtg/bhmwqCVxO5FEGCZ\nnFZ0/DOWNrsCAwEAAaNCMEAwDgYDVR0PAQH/BAQDAgKkMA8GA1UdEwEB/wQFMAMB\nAf8wHQYDVR0OBBYEFKU0jLOIq/QZ16lp0YWkWxGztCNbMA0GCSqGSIb3DQEBCwUA\nA4ICAQCUIwfmuidulbsLfIeD9IPZfBd517gGYBjXmiBY3w1g3RyYQNqd50S1ROqk\nOZcXBQt7tONA0lo5eUS6+4SAOV7zh+oBJ44JeLC5s/bcAoLpVm5yqiRUFJxJlD+Q\nVnOwCixtz1xUb8QlPmROUV4c7ZpIcq5EzyZvl7XwQfv1D7lNdf/wokP7IDaKeF7S\nZppSgmZ4JG5kd2Aglbl2Hidlp6zXdQo3HctORW575RVizWfMtuRgsK08F68iPbhJ\nmMpm9nxpDUorjEHehvwFAuTmv1iVTHTAx7DZMw7ZngZzpH8oSaid1FJYHSQHAYY1\nA5ViIpJCZTRHp3nAd5XfgOypLH5JYvBVpMCcGye5kfAJU+MEIUgErf7GFwR73KhU\nzymPb7oTj1GNGKU2+FF/n5tijdAp0/B5zXj6ZlrmhVSMqhfy9gqGjf7GJ8qNX78i\ngMsCCRdc0iJtWf4eUBbDKN3uiiG03zWmut0+TyzfK4I+D5O+/8RMB/8VRvP/mrC7\n4NdqUDuwZuGto75nqlfYbldqfsEyWMxI6lKJZapdUnZIjB0sn5zH01caWj5x3Pum\nBJn4CvcNgpc1BqHsDcfGxcySDiz1IswVxtE2rMudA+VhcF3N9ytZAYeZcSmWSOx9\nzCxw/J3ytXfGFmeP+xn9gzbSi2vBV543+DdQzsWw1AKgqVe/bw==\n-----END CERTIFICATE-----\n",
                            "early_renewal_hours": "0",
                            "id": "325198179991900077107280849986033766574",
                            "is_ca_certificate": "true",
                            "key_algorithm": "RSA",
                            "private_key_pem": "597913129f7289740753a4c9815c8d2668ce7861",
                            "subject.#": "1",
                            "subject.0.common_name": "cluster.local",
                            "subject.0.country": "",
                            "subject.0.locality": "",
                            "subject.0.organization": "HashiCorp Vault",
                            "subject.0.organizational_unit": "",
                            "subject.0.postal_code": "",
                            "subject.0.province": "",
                            "subject.0.serial_number": "",
                            "subject.0.street_address.#": "0",
                            "validity_end_time": "2019-10-16T16:22:16.511184407+02:00",
                            "validity_period_hours": "8760",
                            "validity_start_time": "2018-10-16T16:22:16.511184407+02:00"
                        },
                        "meta": {},
                        "tainted": false
                    },
                    "deposed": [],
                    "provider": "provider.tls"
                }
            },
            "depends_on": []
        }
    ]
}
