{
    "version": 3,
    "terraform_version": "0.11.8",
    "serial": 6,
    "lineage": "9bb09a06-7ee7-3279-3b1e-7ceda18ff006",
    "modules": [
        {
            "path": [
                "root"
            ],
            "outputs": {
                "gcp_cluster_endpoint": {
                    "sensitive": false,
                    "type": "string",
                    "value": "35.205.84.81"
                },
                "gcp_cluster_name": {
                    "sensitive": false,
                    "type": "string",
                    "value": "kafka-labo"
                },
                "gcp_ssh_command": {
                    "sensitive": false,
                    "type": "string",
                    "value": "ssh admin@35.205.84.81"
                }
            },
            "resources": {
                "data.google_container_engine_versions.central1b": {
                    "type": "google_container_engine_versions",
                    "depends_on": [],
                    "primary": {
                        "id": "2018-09-19 13:31:06.620484 +0000 UTC",
                        "attributes": {
                            "default_cluster_version": "1.9.7-gke.6",
                            "id": "2018-09-19 13:31:06.620484 +0000 UTC",
                            "latest_master_version": "1.10.7-gke.1",
                            "latest_node_version": "1.10.7-gke.1",
                            "valid_master_versions.#": "6",
                            "valid_master_versions.0": "1.10.7-gke.1",
                            "valid_master_versions.1": "1.10.6-gke.3",
                            "valid_master_versions.2": "1.10.6-gke.2",
                            "valid_master_versions.3": "1.9.7-gke.6",
                            "valid_master_versions.4": "1.9.7-gke.5",
                            "valid_master_versions.5": "1.9.6-gke.2",
                            "valid_node_versions.#": "34",
                            "valid_node_versions.0": "1.10.7-gke.1",
                            "valid_node_versions.1": "1.10.6-gke.3",
                            "valid_node_versions.10": "1.10.4-gke.0",
                            "valid_node_versions.11": "1.10.2-gke.4",
                            "valid_node_versions.12": "1.10.2-gke.3",
                            "valid_node_versions.13": "1.10.2-gke.1",
                            "valid_node_versions.14": "1.9.7-gke.6",
                            "valid_node_versions.15": "1.9.7-gke.5",
                            "valid_node_versions.16": "1.9.7-gke.4",
                            "valid_node_versions.17": "1.9.7-gke.3",
                            "valid_node_versions.18": "1.9.7-gke.1",
                            "valid_node_versions.19": "1.9.7-gke.0",
                            "valid_node_versions.2": "1.10.6-gke.2",
                            "valid_node_versions.20": "1.9.6-gke.2",
                            "valid_node_versions.21": "1.9.6-gke.1",
                            "valid_node_versions.22": "1.9.3-gke.0",
                            "valid_node_versions.23": "1.8.12-gke.3",
                            "valid_node_versions.24": "1.8.12-gke.2",
                            "valid_node_versions.25": "1.8.12-gke.1",
                            "valid_node_versions.26": "1.8.12-gke.0",
                            "valid_node_versions.27": "1.8.10-gke.2",
                            "valid_node_versions.28": "1.8.10-gke.0",
                            "valid_node_versions.29": "1.8.9-gke.1",
                            "valid_node_versions.3": "1.10.6-gke.1",
                            "valid_node_versions.30": "1.8.8-gke.0",
                            "valid_node_versions.31": "1.7.15-gke.0",
                            "valid_node_versions.32": "1.7.12-gke.2",
                            "valid_node_versions.33": "1.6.13-gke.1",
                            "valid_node_versions.4": "1.10.5-gke.4",
                            "valid_node_versions.5": "1.10.5-gke.3",
                            "valid_node_versions.6": "1.10.5-gke.2",
                            "valid_node_versions.7": "1.10.5-gke.0",
                            "valid_node_versions.8": "1.10.4-gke.3",
                            "valid_node_versions.9": "1.10.4-gke.2",
                            "zone": "us-central1-b"
                        },
                        "meta": {},
                        "tainted": false
                    },
                    "deposed": [],
                    "provider": "provider.google"
                },
                "google_container_cluster.gcp_kubernetes": {
                    "type": "google_container_cluster",
                    "depends_on": [
                        "data.google_container_engine_versions.central1b"
                    ],
                    "primary": {
                        "id": "kafka-labo",
                        "attributes": {
                            "additional_zones.#": "0",
                            "addons_config.#": "1",
                            "addons_config.0.horizontal_pod_autoscaling.#": "0",
                            "addons_config.0.http_load_balancing.#": "0",
                            "addons_config.0.kubernetes_dashboard.#": "0",
                            "addons_config.0.network_policy_config.#": "1",
                            "addons_config.0.network_policy_config.0.disabled": "true",
                            "cluster_ipv4_cidr": "10.40.0.0/14",
                            "description": "",
                            "enable_binary_authorization": "false",
                            "enable_kubernetes_alpha": "false",
                            "enable_legacy_abac": "false",
                            "endpoint": "35.205.84.81",
                            "id": "kafka-labo",
                            "initial_node_count": "3",
                            "instance_group_urls.#": "1",
                            "instance_group_urls.0": "https://www.googleapis.com/compute/v1/projects/kube-kafka-labo/zones/europe-west1-b/instanceGroups/gke-kafka-labo-default-pool-634f9930-grp",
                            "ip_allocation_policy.#": "0",
                            "logging_service": "logging.googleapis.com",
                            "maintenance_policy.#": "0",
                            "master_auth.#": "1",
                            "master_auth.0.client_certificate": "LS0tLS1CRUdJTiBDRVJUSUZJQ0FURS0tLS0tCk1JSUMyakNDQWNLZ0F3SUJBZ0lRU3poRUNlTzFpdDZYNnY5cXpUZ3dlVEFOQmdrcWhraUc5dzBCQVFzRkFEQXYKTVMwd0t3WURWUVFERXlRMVlXUmhOV1V5TUMxa1lqa3hMVFExWm1JdE9XSTFZaTB3TTJWaE56a3pOV0ZpWlRBdwpIaGNOTVRnd09URTVNVE15TXpNNFdoY05Nak13T1RFNE1UTXlNek00V2pBUk1ROHdEUVlEVlFRREV3WmpiR2xsCmJuUXdnZ0VpTUEwR0NTcUdTSWIzRFFFQkFRVUFBNElCRHdBd2dnRUtBb0lCQVFEamhBWEVKaU1vUnh6K3UxL1kKVy8zMUV6MVB6UmZJVUNzMXNCTnd0VnBMWUhPT3NOM3A0UG5iYndUUE8xOWYyMWlBWW9RTHpHUGd5eTVORnExTAoxRzdEaERQaGZXQjdDQ0cyK0o3WkJYb25LaW5Sb0pPbEM0ODVYOGNtR200TVQycHJQNEM0Z3BLUGVaWWZGRlloCjZyejBhQlVwbVdNaGh5YXBvUlN6N0VKREZBSlM4ZmswYW5yTFpoWFJIUElhQ2FKUkUvOG9HRE1JK3JPZTdxZmoKeklKMisyT0ZKWHNsRWsySFBMWjczZ21UcW8zbHoyMzBubzI0QjNXcEY0WjVOeXdoMmxGQ3dDa2dMMUhxME01RApXcnVxemQ3aXl4SGZSNGR3WDgwaFBJdGdDT1dmMko5ZUxSMGpGekpJaUt0VzR3VUlIUTZzNTRyUmFKQ29aZDJyCkFvYVpBZ01CQUFHakVEQU9NQXdHQTFVZEV3RUIvd1FDTUFBd0RRWUpLb1pJaHZjTkFRRUxCUUFEZ2dFQkFLckwKUVk4UjNnVzVGU0V3anJSVlF6UDNkY3RUZXBCR1N2ZjBPc0RISWdGSTkxTmlDY1NoKzVpdTIvM2Y4TXZtUDlUcwoxUG9aa3U1SHZXTHVqamhpdThTakd0TktUSjJpanlFZWFUT3RIcmllQUwxVVQ3eVlhUXFvNkFhR2c1UExSSURZCjhFdW1XNUtMQzQySTVCRjErQVVDVE8wZ3hjTjFjTk4rSmZxUlVHSlJTVnpUVzMzSHBCbjA3YTJ1cVZ6bU9sVHEKZEhLMG43V0doZzdYbEp0bUR6Vk95YkZidHJlV2ltQXdOY0lQQzhVdWhlZlJFNjdYV3U3K3E5cFQyMmZudGptMgphUWRqVXpmUWJFQ0QwOVYxYUpZMUgyVEVhWHdHdlROcDRMbnYrZk9qK1FBNzh3cUI2YzZiMnpwR2ZMVnhoSWt2CjVwRzkzc0NvdUxaQlNMb0l4ak09Ci0tLS0tRU5EIENFUlRJRklDQVRFLS0tLS0K",
                            "master_auth.0.client_certificate_config.#": "0",
                            "master_auth.0.client_key": "LS0tLS1CRUdJTiBSU0EgUFJJVkFURSBLRVktLS0tLQpNSUlFcEFJQkFBS0NBUUVBNDRRRnhDWWpLRWNjL3J0ZjJGdjk5Uk05VDgwWHlGQXJOYkFUY0xWYVMyQnpqckRkCjZlRDUyMjhFenp0Zlg5dFlnR0tFQzh4ajRNc3VUUmF0UzlSdXc0UXo0WDFnZXdnaHR2aWUyUVY2SnlvcDBhQ1QKcFF1UE9WL0hKaHB1REU5cWF6K0F1SUtTajNtV0h4UldJZXE4OUdnVktabGpJWWNtcWFFVXMreENReFFDVXZINQpOR3A2eTJZVjBSenlHZ21pVVJQL0tCZ3pDUHF6bnU2bjQ4eUNkdnRqaFNWN0pSSk5oenkyZTk0Sms2cU41Yzl0CjlKNk51QWQxcVJlR2VUY3NJZHBSUXNBcElDOVI2dERPUTFxN3FzM2U0c3NSMzBlSGNGL05JVHlMWUFqbG45aWYKWGkwZEl4Y3lTSWlyVnVNRkNCME9yT2VLMFdpUXFHWGRxd0tHbVFJREFRQUJBb0lCQUJkSU10amNPRHZPYnlxbwpIUXBFZTZ3QklJU1NqY3o3V3ppZXdKYUhrR3BuUDl3SndHUEhHSHA2bFdqcGYveU1zelZNSDR3ZmlkYitvOG5TCnVNQXFTSDFzZ1d5aFNtYThzY3FLRGFOU3VxbllXRGd4OFBueVFXRlRLa3Q5WithTmwrdktyMDd5V2JJaDlKbFEKbVBIV2xpaUNvQ3ZHSFExWXliMlJGTS9HclE4MUF3dnhvTHJxUG8zcWRLRmtqRHRrTTRzOCtJaFVHZlN0b0tLQgo0a1c0cEpzWWRvUGdQSUFCaWVSRHFSalBxVHlPZWdkQXZpT3M0RHQ3d3huamNqd1hreURUMFM2aytUMFErckprCmRFOXR6ZEgrSmw0Q3RiZHlKN090QnpicG4vZjV3Yzk4R2Y0bUJVaHhaSDhPNjJZM2xYS1NpT0Q5MnRLZUl6SmUKdzN0amh3TUNnWUVBK3JBd1AzR3Q0MEVCWHJXYlBiV0dKNElMVjhlVGZJMVNxRWdXNDRGTC9BT1Z2NVdHSTVIOApzc1hrTU16YnMrZnhIbzBiak9STG44QjNLT1dWRGl4QnFmSkhBUS9BYjRDVnRvRnk3enpoL1FFdys2RFAreHpDCmt5aUhOdG1pbjhpTW5LY1MvL0RONTFseWo3Sy9zV0tOTjVybWFxU0ZHRDRSay9pYmdqSGx5bzhDZ1lFQTZGWWoKbDMvdjBlRlpRdzB2ZFYrRC8xenY5eUEyY3hSdnRhMGhOK09WYVc1V0xUQjNpSlA2M25Ydlp1c0xNRSt2QjZUSgp2SmYzb0RkWll1WE9LUDg2cXV0RTFOa2QvL2tIVFpwZnFGUlJwYS9SSVovaGZHZmRyZUVGYkpSQnNMN3lWd0tDCldIbWt4L01JcXJ5WERKTzk1QmhETTRBOFNHQ21KTVJVRmxhQ1VGY0NnWUVBN0pEWlp2V0s1NXFQaFdXUmN1RmIKRU90YWN1S0dIcEpxZngxUVpDNittcnB6VlJEd1BaN2xQWHNiaEtXOWFuK2xmWFFobklwUGh4aWtHamJVdTBRdQpUd2F2MUtPZHNGdENiTENwMm5PMHV3R2x6TDhMcFdlVmdqTkxyZ29ndWZJU0p6NU80ckhHVE55UERHWGRHYkxyCm1wNlZjK3QvSWNwbzRoOUgrTXZIa3FjQ2dZRUFsSjFzL042d1I3OXUrbzMzbW91emdtZ3ZjeE5lNFBQa2xRQ2UKckFKZXMyY0pwclJHOGMwK2ZvaFB6N1J2bnNLSndranRaajZLL2lnSmZGSmxNaUk0bzlZRVhHWlpZMEFuSk1PbgpocVFRNmZ2eHVTRnMrY2Z5cStPeE5ZZ01FUVBEUGxiemk2YWIrZTZDejd2OG51WHVaSFlFbm0vYm42eDYraSsvClhkNk9VdGNDZ1lCSzErZE9vVWx1Nzk2UWNrWkVuNlg1RUdzUVBVeVcvR1g1dzVyRzNndVI1YzVpc2p3dWFWdmIKeVQvRnExd3F1RlVraWh6WVFLVE0zWnhhblhLWlF6V1VrWHFnTFg2Zkc4V0cwblFqdDJEaXE4eVppYWh0SWNOUQphbS9ucExvWXUyVWFRb3JRdVVPSmZsUU9oZUZTUkdHYmprNzBhZElXdGMxYkUyalpxbktkUXc9PQotLS0tLUVORCBSU0EgUFJJVkFURSBLRVktLS0tLQo=",
                            "master_auth.0.cluster_ca_certificate": "LS0tLS1CRUdJTiBDRVJUSUZJQ0FURS0tLS0tCk1JSURDekNDQWZPZ0F3SUJBZ0lRQm9nTXdFdWcvc3FRWnhINXVUOWc3ekFOQmdrcWhraUc5dzBCQVFzRkFEQXYKTVMwd0t3WURWUVFERXlRMVlXUmhOV1V5TUMxa1lqa3hMVFExWm1JdE9XSTFZaTB3TTJWaE56a3pOV0ZpWlRBdwpIaGNOTVRnd09URTVNVEl5TXpNNFdoY05Nak13T1RFNE1UTXlNek00V2pBdk1TMHdLd1lEVlFRREV5UTFZV1JoCk5XVXlNQzFrWWpreExUUTFabUl0T1dJMVlpMHdNMlZoTnprek5XRmlaVEF3Z2dFaU1BMEdDU3FHU0liM0RRRUIKQVFVQUE0SUJEd0F3Z2dFS0FvSUJBUURyZmxGY0Z3YUNwZVYvd2ZhR3JMZ1E1VG9IQWJSWWNhNzVQTTB2ZkdXdApaanB4NlhaK3ZsZEl1dGdPMzVoU3RLN3ZwMys0UHRTY1NPNDM1VlVrSmEwSU1URjlhYUJmeEE2YW5YSktKZEw5Ckl4TWZZbFRrbWthRWd5UHkzV1NuVjVFbHhjenlsMHlwcDFYWVlJUVJGV3NJTzk5TnZrcXVIOSs4M0hJUS9FWU8KVXhmYXJvek1WcTg0ZTRnWVU3Q0lKbTR2U00yVTVUVDlOMWtTNEVpSnlkTkhKbmZwSk9kQlpETmlmeVFNQUJyeApRYzd6YzNacFE0ODkrak9GYStKMXZBZVBEdjBTbTM3WGdmeWthN3dEZFNvcGVxMzhUNWJRRm9ZWEJrNFJ4bCs2CnhCYS9sZHZBMXBJcHdDNXg5bmJPWERqWmRhaWUrTExobjUyYmJXeXFIM3BkQWdNQkFBR2pJekFoTUE0R0ExVWQKRHdFQi93UUVBd0lDQkRBUEJnTlZIUk1CQWY4RUJUQURBUUgvTUEwR0NTcUdTSWIzRFFFQkN3VUFBNElCQVFBQQpkWldBQm1zOHhQdTdXMmpGQ3BuOUh1YXVDVHlOMXMraEZFRVNaN0pYdG5IOWJCL1RJV0ZjQ2wrU21yOHJxcWlzCmdJcGxmbS9Zd0NtQk4rMGxkZmw1TEZFL0JnNmtxTTdzNGVFL2ZCa0NyQnVkYWJLUG5Yb1IzbmRJTjlib2Y3MTgKTGRLZUFaaUNGeEh6VWZtaVk5aGRQSWc3VzNzTFVqcHF3TmRSTXExd1BMT1BGaDNJQ0dPQ3FwcHdDNHpGZ1c3awptNCtuVEV0Ync1S2dJeitMeGZtYStxVFd4Yjk0ekI4M1Bld1h0REswTGJQbzBtNXQxQkJKYjhqWkxOVWhvWGczClgvcThCS04yWjdOSDRZWlVXdmxicVhDWkVyRUwxOVYvekpiaGFya1FRdWtTNFJWWE54bVdCNnBvcWpLSkYxYUEKNUVHWFdZQm9ubXhlQ1FtekxaRm8KLS0tLS1FTkQgQ0VSVElGSUNBVEUtLS0tLQo=",
                            "master_auth.0.password": "passwordpassword}",
                            "master_auth.0.username": "admin",
                            "master_authorized_networks_config.#": "0",
                            "master_ipv4_cidr_block": "",
                            "master_version": "1.10.7-gke.1",
                            "monitoring_service": "monitoring.googleapis.com",
                            "name": "kafka-labo",
                            "network": "projects/kube-kafka-labo/global/networks/default",
                            "network_policy.#": "1",
                            "network_policy.0.enabled": "false",
                            "network_policy.0.provider": "PROVIDER_UNSPECIFIED",
                            "node_config.#": "1",
                            "node_config.0.disk_size_gb": "10",
                            "node_config.0.disk_type": "pd-standard",
                            "node_config.0.guest_accelerator.#": "0",
                            "node_config.0.image_type": "COS",
                            "node_config.0.labels.%": "1",
                            "node_config.0.labels.this-is-for": "kafka-cluster",
                            "node_config.0.local_ssd_count": "2",
                            "node_config.0.machine_type": "n1-standard-1",
                            "node_config.0.metadata.%": "0",
                            "node_config.0.min_cpu_platform": "",
                            "node_config.0.oauth_scopes.#": "4",
                            "node_config.0.oauth_scopes.1277378754": "https://www.googleapis.com/auth/monitoring",
                            "node_config.0.oauth_scopes.1632638332": "https://www.googleapis.com/auth/devstorage.read_only",
                            "node_config.0.oauth_scopes.172152165": "https://www.googleapis.com/auth/logging.write",
                            "node_config.0.oauth_scopes.299962681": "https://www.googleapis.com/auth/compute",
                            "node_config.0.preemptible": "false",
                            "node_config.0.service_account": "default",
                            "node_config.0.tags.#": "2",
                            "node_config.0.tags.0": "kafka",
                            "node_config.0.tags.1": "labo",
                            "node_config.0.taint.#": "0",
                            "node_config.0.workload_metadata_config.#": "0",
                            "node_pool.#": "1",
                            "node_pool.0.autoscaling.#": "0",
                            "node_pool.0.initial_node_count": "3",
                            "node_pool.0.instance_group_urls.#": "1",
                            "node_pool.0.instance_group_urls.0": "https://www.googleapis.com/compute/v1/projects/kube-kafka-labo/zones/europe-west1-b/instanceGroupManagers/gke-kafka-labo-default-pool-634f9930-grp",
                            "node_pool.0.management.#": "1",
                            "node_pool.0.management.0.auto_repair": "false",
                            "node_pool.0.management.0.auto_upgrade": "false",
                            "node_pool.0.max_pods_per_node": "0",
                            "node_pool.0.name": "default-pool",
                            "node_pool.0.name_prefix": "",
                            "node_pool.0.node_config.#": "1",
                            "node_pool.0.node_config.0.disk_size_gb": "10",
                            "node_pool.0.node_config.0.disk_type": "pd-standard",
                            "node_pool.0.node_config.0.guest_accelerator.#": "0",
                            "node_pool.0.node_config.0.image_type": "COS",
                            "node_pool.0.node_config.0.labels.%": "1",
                            "node_pool.0.node_config.0.labels.this-is-for": "kafka-cluster",
                            "node_pool.0.node_config.0.local_ssd_count": "2",
                            "node_pool.0.node_config.0.machine_type": "n1-standard-1",
                            "node_pool.0.node_config.0.metadata.%": "0",
                            "node_pool.0.node_config.0.min_cpu_platform": "",
                            "node_pool.0.node_config.0.oauth_scopes.#": "4",
                            "node_pool.0.node_config.0.oauth_scopes.1277378754": "https://www.googleapis.com/auth/monitoring",
                            "node_pool.0.node_config.0.oauth_scopes.1632638332": "https://www.googleapis.com/auth/devstorage.read_only",
                            "node_pool.0.node_config.0.oauth_scopes.172152165": "https://www.googleapis.com/auth/logging.write",
                            "node_pool.0.node_config.0.oauth_scopes.299962681": "https://www.googleapis.com/auth/compute",
                            "node_pool.0.node_config.0.preemptible": "false",
                            "node_pool.0.node_config.0.service_account": "default",
                            "node_pool.0.node_config.0.tags.#": "2",
                            "node_pool.0.node_config.0.tags.0": "kafka",
                            "node_pool.0.node_config.0.tags.1": "labo",
                            "node_pool.0.node_config.0.taint.#": "0",
                            "node_pool.0.node_config.0.workload_metadata_config.#": "0",
                            "node_pool.0.node_count": "3",
                            "node_pool.0.version": "1.10.7-gke.1",
                            "node_version": "1.10.7-gke.1",
                            "pod_security_policy_config.#": "0",
                            "private_cluster": "false",
                            "project": "kube-kafka-labo",
                            "resource_labels.%": "0",
                            "subnetwork": "projects/kube-kafka-labo/regions/europe-west1/subnetworks/default",
                            "zone": "europe-west1-b"
                        },
                        "meta": {
                            "e2bfb730-ecaa-11e6-8f88-34363bc7c4c0": {
                                "create": 1800000000000,
                                "delete": 1800000000000,
                                "update": 600000000000
                            },
                            "schema_version": "1"
                        },
                        "tainted": false
                    },
                    "deposed": [],
                    "provider": "provider.google"
                }
            },
            "depends_on": []
        }
    ]
}
