{
    "version": 3,
    "terraform_version": "0.11.8",
    "serial": 4,
    "lineage": "9bb09a06-7ee7-3279-3b1e-7ceda18ff006",
    "modules": [
        {
            "path": [
                "root"
            ],
            "outputs": {
                "gcp_cluster_endpoint": {
                    "sensitive": false,
                    "type": "string",
                    "value": "35.187.127.28"
                },
                "gcp_cluster_name": {
                    "sensitive": false,
                    "type": "string",
                    "value": "kafka-labo"
                },
                "gcp_ssh_command": {
                    "sensitive": false,
                    "type": "string",
                    "value": "ssh admin@35.187.127.28"
                }
            },
            "resources": {
                "google_container_cluster.gcp_kubernetes": {
                    "type": "google_container_cluster",
                    "depends_on": [],
                    "primary": {
                        "id": "kafka-labo",
                        "attributes": {
                            "additional_zones.#": "0",
                            "addons_config.#": "1",
                            "addons_config.0.horizontal_pod_autoscaling.#": "0",
                            "addons_config.0.http_load_balancing.#": "0",
                            "addons_config.0.kubernetes_dashboard.#": "0",
                            "addons_config.0.network_policy_config.#": "1",
                            "addons_config.0.network_policy_config.0.disabled": "true",
                            "cluster_ipv4_cidr": "10.40.0.0/14",
                            "description": "",
                            "enable_binary_authorization": "false",
                            "enable_kubernetes_alpha": "false",
                            "enable_legacy_abac": "false",
                            "endpoint": "35.187.127.28",
                            "id": "kafka-labo",
                            "initial_node_count": "3",
                            "instance_group_urls.#": "1",
                            "instance_group_urls.0": "https://www.googleapis.com/compute/v1/projects/kube-kafka-labo/zones/europe-west1-b/instanceGroups/gke-kafka-labo-default-pool-c433f143-grp",
                            "ip_allocation_policy.#": "0",
                            "logging_service": "logging.googleapis.com",
                            "maintenance_policy.#": "0",
                            "master_auth.#": "1",
                            "master_auth.0.client_certificate": "LS0tLS1CRUdJTiBDRVJUSUZJQ0FURS0tLS0tCk1JSUMyakNDQWNLZ0F3SUJBZ0lRWDhXTTdIOXp6bjZTZ1ZqaURqR2F3akFOQmdrcWhraUc5dzBCQVFzRkFEQXYKTVMwd0t3WURWUVFERXlRM01EUXlOamhrTVMxbE5XVmlMVFF3WW1RdFltUmpOQzFoWmpkbE56VTBObU14WWpZdwpIaGNOTVRnd09URTRNakExT0RVeFdoY05Nak13T1RFM01qQTFPRFV4V2pBUk1ROHdEUVlEVlFRREV3WmpiR2xsCmJuUXdnZ0VpTUEwR0NTcUdTSWIzRFFFQkFRVUFBNElCRHdBd2dnRUtBb0lCQVFDbGFqMmIvWWN1VHRJczZsK1MKQ1BxbUE3K2RhOTlqRENtdEwrRjRoM3BlelJVQjhoZHBybHhVZkVYZ0E3SzM0N0Rmb3h4dFpIbjlJdFZWZ2VmNApuV3hxazZuYWNscGtUTEVwL0REUC9TdVRmcmNYblE4NTV2WlMvbkVtbHBTZnp2QSt3bEg3aU5zeWxINGc3ZnJoClZvaWQ3dzlBZEx3L2IwL1U4NjViN2lBcTMrVmN4dVVZVkp4bXhYbVBKbmlzbGlieXdYQVpFczFJLzRldC9jbXIKNzE0emZndmM2RHA5WkNYeW1TdUl5R2laZ01POUMxQU5SL2JoZWl3NHdRMXJPL1Y5dXhrL0NhcFN4amoyalMycQo1UTh5Z2VFd3FMOEJ3S2tUeVNrK1ZhOU16NU5KSnVvUlhKMFNXRnZ5QzI3U1FueEJ1STFzS2ZObkp2OHc4ekhrCm9YdXRBZ01CQUFHakVEQU9NQXdHQTFVZEV3RUIvd1FDTUFBd0RRWUpLb1pJaHZjTkFRRUxCUUFEZ2dFQkFHczQKdWptT1MybHRHejJEVXlJVEhuZWZXU3VETUgwRjRIVlAreGlwSnRlaXljSUQ3RXM3Nm5QQUxvdE42MGt2L1gxWgpDdnkzUUxuREcrMExxQnZsaGtvYlFXWVUzQmFGSXh3U0RuMkZjbHNMMCttZDlXNU94TUZZUVk2OXc5VkZhZVdtCjZqTFh4UWVzbnFlVXJUY1IwblhoZHMrd1pBNnNoMGhheGFVU1lnbjQwWmROU1Y1ZlBKeGJDa2w1TldQTXZBekIKMHNjNXVac21TbnZCS29PY2p2cjZjakU1MTJKOXdZbzVURVBXUS9yYW9ydDZCQUxSK2pkNjk0L2YxcS9TNGc4RgpvbjUrc1BXYVg0clp6blFDbERsMktsQVpsVHFBU09IQlppenZLYzNYaXlhRXdaR2FNakVuaG9jdXE2eDZnUWZLCnBOMGpFdFc3YzZPMGZaWDFlVzQ9Ci0tLS0tRU5EIENFUlRJRklDQVRFLS0tLS0K",
                            "master_auth.0.client_certificate_config.#": "0",
                            "master_auth.0.client_key": "LS0tLS1CRUdJTiBSU0EgUFJJVkFURSBLRVktLS0tLQpNSUlFcEFJQkFBS0NBUUVBcFdvOW0vMkhMazdTTE9wZmtnajZwZ08vbld2Zll3d3ByUy9oZUlkNlhzMFZBZklYCmFhNWNWSHhGNEFPeXQrT3czNk1jYldSNS9TTFZWWUhuK0oxc2FwT3AybkphWkV5eEtmd3d6LzByazM2M0Y1MFAKT2ViMlV2NXhKcGFVbjg3d1BzSlIrNGpiTXBSK0lPMzY0VmFJbmU4UFFIUzhQMjlQMVBPdVcrNGdLdC9sWE1ibApHRlNjWnNWNWp5WjRySlltOHNGd0dSTE5TUCtIcmYzSnErOWVNMzRMM09nNmZXUWw4cGtyaU1ob21ZRER2UXRRCkRVZjI0WG9zT01FTmF6djFmYnNaUHdtcVVzWTQ5bzB0cXVVUE1vSGhNS2kvQWNDcEU4a3BQbFd2VE0rVFNTYnEKRVZ5ZEVsaGI4Z3R1MGtKOFFiaU5iQ256WnliL01QTXg1S0Y3clFJREFRQUJBb0lCQUFZOVE2V21vbnEwcm1qVApUbGVMenlpRDY2NWNhMGlwSk1sTGpRMm16bzdVM1gzOVM3VEl4dUxJN1RuTjZlZlZ4czRvc09IUGNHcUQ3ZGdUCjFsUWlXL3lKSlZjQUNUalBTNzl4cThXc253QXBQMjY4bGQ1eFA4bFJuNkw4K3c0c0dCUEY4S0cwUDlCZ21ZRlUKZUtvWFFYL3pqSGU1NzMvVkN3WFZTelpjZlFvZzZGWVhXaVFEaU5Dd2Z1b0NRSUNvWFlZbXk4bXNORzhWL05rRQpqeng0RVNzRU9pT2oybUNYbkhaRHl3YWtlakJIVEQ4U0QxbzNHenUyWk9CSzJLU2Q1akdXOFlVTnZKRUVzNDNuClVXdG05YVFqRysxNFVWRXc4eFUvbVRNSTNqMkZ5SUlhL1IvQVBxalJqdXh3clBoOHNkVDNsTkh1blZUallkZjIKMmg2MkRtRUNnWUVBMDd4cEZpaWNoM3ZBUnQ5MFNEREFvbm16S2NaNXlTK1F3SXVFMzdya1RuTzV2SFRiajJWMgp4TjBZcndyZmVJSzVHcnJJLzljRWgzZkdsVzZQYmN4SHljY2pXeUUvODVqb3YxUUZZa1dZaXRsSVF0bnpjamtnCmhrYWhPNU50MEp3T0NUelE5dFpYZ2VZS2dacUkzNGNSZW1Ld28zZkdpem5JcU9sb0lMN3VCTU1DZ1lFQXgvN1kKWmpNUkRxNW4wL3IzaFlRSGFoMTV4ckEzYzVwc3Rxc0dqclBPMDhkK0x4d0pqMHNXUjU4QXhGRTVOdGg5ZFB2TwpmVlhudlA5ODJUUkVsT2dDeXRXSy9sTGpPcFZINEJpMG1qdlY3N3JvYTczVUZFcDJSUFNsTUlCd2I5ZEhJTmZICmlCS3liRUQrV0hwWS9WeHF3cndXcERTbmF5RGVEZHJ3d1FtRHRzOENnWUVBckJ4Qzc1Z2paSjNiTmNEOXJKQzAKaFYyWG5TV1FhVkVZd09xb0g1U3pjSEh4VUpkTXdjc2dOL1hnMHFocjduR1VOWDRQVktkYkx5TFZjVEpsdEVLUgpPQnQvU2R4Rk42WGJ5MnBvMWZEc2hqRUk1QTUyTFNyeW5UTmNiQ2p5NHRkM01Wc1dJUThxSXBUemhWWXdYRUpXCm1yME9DRktjT1IvSFZFWW1OamY5RWpFQ2dZQTJIdkhpbmpra2R1L2ovb3RURjBxR1hkbWhlZmhYa1ZlUUN6SW8KRmVLSGp2bkh0OWVpYmxobUkxSXF6aXdrZW10ZzUrK1dIVlFyNGh1Z0Q3UHJjK21saUNvbjdyaE5GeTZ2SnlCZwppSWE1YkNRUFcveHpUVDg2STlZOEROWGdmaXBpYWVJMklaRWxHR1Y3L2dmczhFQjMyRHhzVFU5cy95VDRMT0p2CjZxbzVJd0tCZ1FDV3plMlljQUk5eWRaTnBTMWkxMFk0Ym1TK0lCNEJvZlBQQUMxNmIxN2M1RDJUS09kd1FYdVUKN2g4V2Yzc1pTQWVGY2RCbVNZbk51RlN3SWlsZCtFVm5oeEhJWFdUMm5VSmZNTW92WGNNbThGYThFK1NPckR2VgprSzk2RXkxcE82Ry96MWZZdklzczlhL1pZZXA4THlQZXVnRHlPK3BLL0Z3VWJxY2pTZzY1dnc9PQotLS0tLUVORCBSU0EgUFJJVkFURSBLRVktLS0tLQo=",
                            "master_auth.0.cluster_ca_certificate": "LS0tLS1CRUdJTiBDRVJUSUZJQ0FURS0tLS0tCk1JSURDekNDQWZPZ0F3SUJBZ0lRWmtBSUdZVGZpVmJQUFN0Y3UwdktWakFOQmdrcWhraUc5dzBCQVFzRkFEQXYKTVMwd0t3WURWUVFERXlRM01EUXlOamhrTVMxbE5XVmlMVFF3WW1RdFltUmpOQzFoWmpkbE56VTBObU14WWpZdwpIaGNOTVRnd09URTRNVGsxT0RVd1doY05Nak13T1RFM01qQTFPRFV3V2pBdk1TMHdLd1lEVlFRREV5UTNNRFF5Ck5qaGtNUzFsTldWaUxUUXdZbVF0WW1Sak5DMWhaamRsTnpVME5tTXhZall3Z2dFaU1BMEdDU3FHU0liM0RRRUIKQVFVQUE0SUJEd0F3Z2dFS0FvSUJBUURSRloxUmZvNW16RGlHcUJBWFphU2NmRGwveUtRcDkwY0J6OXNUTWx2ZgpwWElzUzlGaUtOZjRGb3R3RXNnTHp0ekxLcXQ0Vys5RVBBdzh2NGltUjkzaUo2T01KbWZhR2psa1RuYlF5L2JvCm1ra2VZS0p2NFd4SUVQUHdoUkNjaVdxeDQrUXR1Tm4veFRMVHY2a3hGZ2JZMXdYSlVYVU9KdU0xbE5kTzdCSHQKNHZEMlY4RE0rSzlUREhwZW96cmxhZmJnS00xRVNFOXNNUXFUSUJEZXNCQ1NWblBPdWQ1WnkxcUJ2Wi9JTkVmNwpMNmdrdWMzRUdUMGk1RDVVWHNNc0lWc0VKTHNIeHhGS3k5TGx1dFMvUEg3dDFaRU05ZWRyNVZ2KzVVbElJUWJECjlkdVViL3R4bm5qQzg2Q1NGaGd5anZNVFJhVEM4ZE85MXFvVVowSzlaN21OQWdNQkFBR2pJekFoTUE0R0ExVWQKRHdFQi93UUVBd0lDQkRBUEJnTlZIUk1CQWY4RUJUQURBUUgvTUEwR0NTcUdTSWIzRFFFQkN3VUFBNElCQVFBTApxblZyc2tyMEdOeEo3NlBzdTVrS2ZwZ1hINlkwRm9jNEZFVGppOURIYlArWjFicGJxeE1rSjBvTFc5RGVIQXBsCkx0RmZ0ZXpQNmJHTGlXbFMrREpXOGlGVy9oVnRUL0FyQlRTRkVXTG1ZeUdyUFdsYXJKT0hENS9WcDVUQytFdzMKcHFrbFNaaDdDVzdCV1ZGTWhwWCtpSG5YNXphK3pVVkZ5ZVpwMDE3VFlZb0pJWU54N1JTYUgzU0dzb3hxN0RxRgpCajQ2dklmaVhPSXlUZGh1QTdqV0ZJamo3VVpqVFROTlpwUm9WWXZrUTI0TlovWGlLa3JQTEt0WnpsdFk0cHJ4CmpYeG5QbkpBS3QvY09oSGNlMjBiV0hVOUxRb09OMDg4Z09CRkpjcXc2aWtJMXM0RHlJZFhqNnVqVG5JVUFtUEsKM2piWXBrZFU5MzNLTXJ1Y2c4eXcKLS0tLS1FTkQgQ0VSVElGSUNBVEUtLS0tLQo=",
                            "master_auth.0.password": "passwordpassword}",
                            "master_auth.0.username": "admin",
                            "master_authorized_networks_config.#": "0",
                            "master_ipv4_cidr_block": "",
                            "master_version": "1.9.7-gke.6",
                            "monitoring_service": "monitoring.googleapis.com",
                            "name": "kafka-labo",
                            "network": "projects/kube-kafka-labo/global/networks/default",
                            "network_policy.#": "1",
                            "network_policy.0.enabled": "false",
                            "network_policy.0.provider": "PROVIDER_UNSPECIFIED",
                            "node_config.#": "1",
                            "node_config.0.disk_size_gb": "10",
                            "node_config.0.disk_type": "pd-standard",
                            "node_config.0.guest_accelerator.#": "0",
                            "node_config.0.image_type": "COS",
                            "node_config.0.labels.%": "1",
                            "node_config.0.labels.this-is-for": "kafka-cluster",
                            "node_config.0.local_ssd_count": "0",
                            "node_config.0.machine_type": "n1-standard-1",
                            "node_config.0.metadata.%": "0",
                            "node_config.0.min_cpu_platform": "",
                            "node_config.0.oauth_scopes.#": "4",
                            "node_config.0.oauth_scopes.1277378754": "https://www.googleapis.com/auth/monitoring",
                            "node_config.0.oauth_scopes.1632638332": "https://www.googleapis.com/auth/devstorage.read_only",
                            "node_config.0.oauth_scopes.172152165": "https://www.googleapis.com/auth/logging.write",
                            "node_config.0.oauth_scopes.299962681": "https://www.googleapis.com/auth/compute",
                            "node_config.0.preemptible": "false",
                            "node_config.0.service_account": "default",
                            "node_config.0.tags.#": "2",
                            "node_config.0.tags.0": "kafka",
                            "node_config.0.tags.1": "labo",
                            "node_config.0.taint.#": "0",
                            "node_config.0.workload_metadata_config.#": "0",
                            "node_pool.#": "1",
                            "node_pool.0.autoscaling.#": "0",
                            "node_pool.0.initial_node_count": "3",
                            "node_pool.0.instance_group_urls.#": "1",
                            "node_pool.0.instance_group_urls.0": "https://www.googleapis.com/compute/v1/projects/kube-kafka-labo/zones/europe-west1-b/instanceGroupManagers/gke-kafka-labo-default-pool-c433f143-grp",
                            "node_pool.0.management.#": "1",
                            "node_pool.0.management.0.auto_repair": "false",
                            "node_pool.0.management.0.auto_upgrade": "false",
                            "node_pool.0.name": "default-pool",
                            "node_pool.0.name_prefix": "",
                            "node_pool.0.node_config.#": "1",
                            "node_pool.0.node_config.0.disk_size_gb": "10",
                            "node_pool.0.node_config.0.disk_type": "pd-standard",
                            "node_pool.0.node_config.0.guest_accelerator.#": "0",
                            "node_pool.0.node_config.0.image_type": "COS",
                            "node_pool.0.node_config.0.labels.%": "1",
                            "node_pool.0.node_config.0.labels.this-is-for": "kafka-cluster",
                            "node_pool.0.node_config.0.local_ssd_count": "0",
                            "node_pool.0.node_config.0.machine_type": "n1-standard-1",
                            "node_pool.0.node_config.0.metadata.%": "0",
                            "node_pool.0.node_config.0.min_cpu_platform": "",
                            "node_pool.0.node_config.0.oauth_scopes.#": "4",
                            "node_pool.0.node_config.0.oauth_scopes.1277378754": "https://www.googleapis.com/auth/monitoring",
                            "node_pool.0.node_config.0.oauth_scopes.1632638332": "https://www.googleapis.com/auth/devstorage.read_only",
                            "node_pool.0.node_config.0.oauth_scopes.172152165": "https://www.googleapis.com/auth/logging.write",
                            "node_pool.0.node_config.0.oauth_scopes.299962681": "https://www.googleapis.com/auth/compute",
                            "node_pool.0.node_config.0.preemptible": "false",
                            "node_pool.0.node_config.0.service_account": "default",
                            "node_pool.0.node_config.0.tags.#": "2",
                            "node_pool.0.node_config.0.tags.0": "kafka",
                            "node_pool.0.node_config.0.tags.1": "labo",
                            "node_pool.0.node_config.0.taint.#": "0",
                            "node_pool.0.node_config.0.workload_metadata_config.#": "0",
                            "node_pool.0.node_count": "3",
                            "node_pool.0.version": "1.9.7-gke.6",
                            "node_version": "1.9.7-gke.6",
                            "pod_security_policy_config.#": "0",
                            "private_cluster": "false",
                            "project": "kube-kafka-labo",
                            "resource_labels.%": "0",
                            "subnetwork": "projects/kube-kafka-labo/regions/europe-west1/subnetworks/default",
                            "zone": "europe-west1-b"
                        },
                        "meta": {
                            "e2bfb730-ecaa-11e6-8f88-34363bc7c4c0": {
                                "create": 1800000000000,
                                "delete": 1800000000000,
                                "update": 600000000000
                            },
                            "schema_version": "1"
                        },
                        "tainted": false
                    },
                    "deposed": [],
                    "provider": "provider.google"
                }
            },
            "depends_on": []
        }
    ]
}
